// !$*UTF8*$!
{
	archiveVersion = 1;
	classes = {
	};
	objectVersion = 46;
	objects = {

/* Begin PBXAggregateTarget section */
		"Sio::SioPackageTests::ProductTarget" /* SioPackageTests */ = {
			isa = PBXAggregateTarget;
			buildConfigurationList = OBJ_259 /* Build configuration list for PBXAggregateTarget "SioPackageTests" */;
			buildPhases = (
			);
			dependencies = (
				OBJ_262 /* PBXTargetDependency */,
				OBJ_263 /* PBXTargetDependency */,
				OBJ_265 /* PBXTargetDependency */,
				OBJ_267 /* PBXTargetDependency */,
			);
			name = SioPackageTests;
			productName = SioPackageTests;
		};
/* End PBXAggregateTarget section */

/* Begin PBXBuildFile section */
		OBJ_140 /* Array+SIO.swift in Sources */ = {isa = PBXBuildFile; fileRef = OBJ_9 /* Array+SIO.swift */; };
		OBJ_141 /* Collection+Chunks.swift in Sources */ = {isa = PBXBuildFile; fileRef = OBJ_10 /* Collection+Chunks.swift */; };
		OBJ_142 /* Compose.swift in Sources */ = {isa = PBXBuildFile; fileRef = OBJ_11 /* Compose.swift */; };
		OBJ_143 /* Curry.swift in Sources */ = {isa = PBXBuildFile; fileRef = OBJ_12 /* Curry.swift */; };
		OBJ_144 /* Either+Alt.swift in Sources */ = {isa = PBXBuildFile; fileRef = OBJ_13 /* Either+Alt.swift */; };
		OBJ_145 /* Either+Applicative.swift in Sources */ = {isa = PBXBuildFile; fileRef = OBJ_14 /* Either+Applicative.swift */; };
		OBJ_146 /* Either+Codable.swift in Sources */ = {isa = PBXBuildFile; fileRef = OBJ_15 /* Either+Codable.swift */; };
		OBJ_147 /* Either+Error.swift in Sources */ = {isa = PBXBuildFile; fileRef = OBJ_16 /* Either+Error.swift */; };
		OBJ_148 /* Either+Monad.swift in Sources */ = {isa = PBXBuildFile; fileRef = OBJ_17 /* Either+Monad.swift */; };
		OBJ_149 /* Either+Optional.swift in Sources */ = {isa = PBXBuildFile; fileRef = OBJ_18 /* Either+Optional.swift */; };
		OBJ_150 /* Either+Traversable.swift in Sources */ = {isa = PBXBuildFile; fileRef = OBJ_19 /* Either+Traversable.swift */; };
		OBJ_151 /* Either+Zip.swift in Sources */ = {isa = PBXBuildFile; fileRef = OBJ_20 /* Either+Zip.swift */; };
		OBJ_152 /* Either.swift in Sources */ = {isa = PBXBuildFile; fileRef = OBJ_21 /* Either.swift */; };
		OBJ_153 /* Iso.swift in Sources */ = {isa = PBXBuildFile; fileRef = OBJ_22 /* Iso.swift */; };
		OBJ_154 /* LocalURL.swift in Sources */ = {isa = PBXBuildFile; fileRef = OBJ_23 /* LocalURL.swift */; };
		OBJ_155 /* NoSyncValue.swift in Sources */ = {isa = PBXBuildFile; fileRef = OBJ_24 /* NoSyncValue.swift */; };
		OBJ_156 /* Operators.swift in Sources */ = {isa = PBXBuildFile; fileRef = OBJ_25 /* Operators.swift */; };
		OBJ_157 /* PrecedenceGroups.swift in Sources */ = {isa = PBXBuildFile; fileRef = OBJ_26 /* PrecedenceGroups.swift */; };
		OBJ_158 /* Prelude.swift in Sources */ = {isa = PBXBuildFile; fileRef = OBJ_27 /* Prelude.swift */; };
		OBJ_159 /* Ref.swift in Sources */ = {isa = PBXBuildFile; fileRef = OBJ_28 /* Ref.swift */; };
		OBJ_160 /* Remove.swift in Sources */ = {isa = PBXBuildFile; fileRef = OBJ_29 /* Remove.swift */; };
		OBJ_161 /* SIO+Adapt.swift in Sources */ = {isa = PBXBuildFile; fileRef = OBJ_30 /* SIO+Adapt.swift */; };
		OBJ_162 /* SIO+Alt.swift in Sources */ = {isa = PBXBuildFile; fileRef = OBJ_31 /* SIO+Alt.swift */; };
		OBJ_163 /* SIO+Applicative.swift in Sources */ = {isa = PBXBuildFile; fileRef = OBJ_32 /* SIO+Applicative.swift */; };
		OBJ_164 /* SIO+BiFunctor.swift in Sources */ = {isa = PBXBuildFile; fileRef = OBJ_33 /* SIO+BiFunctor.swift */; };
		OBJ_165 /* SIO+BiMonad.swift in Sources */ = {isa = PBXBuildFile; fileRef = OBJ_34 /* SIO+BiMonad.swift */; };
		OBJ_166 /* SIO+Bracket.swift in Sources */ = {isa = PBXBuildFile; fileRef = OBJ_35 /* SIO+Bracket.swift */; };
		OBJ_167 /* SIO+Contravariant.swift in Sources */ = {isa = PBXBuildFile; fileRef = OBJ_36 /* SIO+Contravariant.swift */; };
		OBJ_168 /* SIO+Creation.swift in Sources */ = {isa = PBXBuildFile; fileRef = OBJ_37 /* SIO+Creation.swift */; };
		OBJ_169 /* SIO+Delay.swift in Sources */ = {isa = PBXBuildFile; fileRef = OBJ_38 /* SIO+Delay.swift */; };
		OBJ_170 /* SIO+Effects.swift in Sources */ = {isa = PBXBuildFile; fileRef = OBJ_39 /* SIO+Effects.swift */; };
		OBJ_171 /* SIO+Either.swift in Sources */ = {isa = PBXBuildFile; fileRef = OBJ_40 /* SIO+Either.swift */; };
		OBJ_172 /* SIO+Error.swift in Sources */ = {isa = PBXBuildFile; fileRef = OBJ_41 /* SIO+Error.swift */; };
		OBJ_173 /* SIO+Events.swift in Sources */ = {isa = PBXBuildFile; fileRef = OBJ_42 /* SIO+Events.swift */; };
		OBJ_174 /* SIO+Flip.swift in Sources */ = {isa = PBXBuildFile; fileRef = OBJ_43 /* SIO+Flip.swift */; };
		OBJ_175 /* SIO+Fold.swift in Sources */ = {isa = PBXBuildFile; fileRef = OBJ_44 /* SIO+Fold.swift */; };
		OBJ_176 /* SIO+Functor.swift in Sources */ = {isa = PBXBuildFile; fileRef = OBJ_45 /* SIO+Functor.swift */; };
		OBJ_177 /* SIO+Monad.swift in Sources */ = {isa = PBXBuildFile; fileRef = OBJ_46 /* SIO+Monad.swift */; };
		OBJ_178 /* SIO+Optional.swift in Sources */ = {isa = PBXBuildFile; fileRef = OBJ_47 /* SIO+Optional.swift */; };
		OBJ_179 /* SIO+Profunctor.swift in Sources */ = {isa = PBXBuildFile; fileRef = OBJ_48 /* SIO+Profunctor.swift */; };
		OBJ_180 /* SIO+Race.swift in Sources */ = {isa = PBXBuildFile; fileRef = OBJ_49 /* SIO+Race.swift */; };
		OBJ_181 /* SIO+Ref.swift in Sources */ = {isa = PBXBuildFile; fileRef = OBJ_50 /* SIO+Ref.swift */; };
		OBJ_182 /* SIO+Requirements.swift in Sources */ = {isa = PBXBuildFile; fileRef = OBJ_51 /* SIO+Requirements.swift */; };
		OBJ_183 /* SIO+Result.swift in Sources */ = {isa = PBXBuildFile; fileRef = OBJ_52 /* SIO+Result.swift */; };
		OBJ_184 /* SIO+Retry.swift in Sources */ = {isa = PBXBuildFile; fileRef = OBJ_53 /* SIO+Retry.swift */; };
		OBJ_185 /* SIO+Run.swift in Sources */ = {isa = PBXBuildFile; fileRef = OBJ_54 /* SIO+Run.swift */; };
		OBJ_186 /* SIO+Schedule.swift in Sources */ = {isa = PBXBuildFile; fileRef = OBJ_55 /* SIO+Schedule.swift */; };
		OBJ_187 /* SIO+Tap.swift in Sources */ = {isa = PBXBuildFile; fileRef = OBJ_56 /* SIO+Tap.swift */; };
		OBJ_188 /* SIO+Timeout.swift in Sources */ = {isa = PBXBuildFile; fileRef = OBJ_57 /* SIO+Timeout.swift */; };
		OBJ_189 /* SIO+Typealias.swift in Sources */ = {isa = PBXBuildFile; fileRef = OBJ_58 /* SIO+Typealias.swift */; };
		OBJ_190 /* SIO+Zip.swift in Sources */ = {isa = PBXBuildFile; fileRef = OBJ_59 /* SIO+Zip.swift */; };
		OBJ_191 /* SIO.swift in Sources */ = {isa = PBXBuildFile; fileRef = OBJ_60 /* SIO.swift */; };
		OBJ_192 /* SIOError.swift in Sources */ = {isa = PBXBuildFile; fileRef = OBJ_61 /* SIOError.swift */; };
		OBJ_193 /* SyncValue.swift in Sources */ = {isa = PBXBuildFile; fileRef = OBJ_62 /* SyncValue.swift */; };
		OBJ_200 /* Codec+Base64.swift in Sources */ = {isa = PBXBuildFile; fileRef = OBJ_64 /* Codec+Base64.swift */; };
		OBJ_201 /* Codec+Data.swift in Sources */ = {isa = PBXBuildFile; fileRef = OBJ_65 /* Codec+Data.swift */; };
		OBJ_202 /* Codec+Int.swift in Sources */ = {isa = PBXBuildFile; fileRef = OBJ_66 /* Codec+Int.swift */; };
		OBJ_203 /* Codec+Iso.swift in Sources */ = {isa = PBXBuildFile; fileRef = OBJ_67 /* Codec+Iso.swift */; };
		OBJ_204 /* Codec+JSON.swift in Sources */ = {isa = PBXBuildFile; fileRef = OBJ_68 /* Codec+JSON.swift */; };
		OBJ_205 /* Codec.swift in Sources */ = {isa = PBXBuildFile; fileRef = OBJ_69 /* Codec.swift */; };
		OBJ_206 /* SIO+Codec.swift in Sources */ = {isa = PBXBuildFile; fileRef = OBJ_70 /* SIO+Codec.swift */; };
		OBJ_208 /* Sio.framework in Frameworks */ = {isa = PBXBuildFile; fileRef = "Sio::Sio::Product" /* Sio.framework */; };
		OBJ_215 /* SIOCodecBase64Tests.swift in Sources */ = {isa = PBXBuildFile; fileRef = OBJ_94 /* SIOCodecBase64Tests.swift */; };
		OBJ_216 /* SIOCodecUTF8Tests.swift in Sources */ = {isa = PBXBuildFile; fileRef = OBJ_95 /* SIOCodecUTF8Tests.swift */; };
		OBJ_217 /* SioCodecIntTests.swift in Sources */ = {isa = PBXBuildFile; fileRef = OBJ_96 /* SioCodecIntTests.swift */; };
		OBJ_218 /* SioCodecJSONTests.swift in Sources */ = {isa = PBXBuildFile; fileRef = OBJ_97 /* SioCodecJSONTests.swift */; };
		OBJ_219 /* SioCodecSIOTests.swift in Sources */ = {isa = PBXBuildFile; fileRef = OBJ_98 /* SioCodecSIOTests.swift */; };
		OBJ_220 /* SioCodecTests.swift in Sources */ = {isa = PBXBuildFile; fileRef = OBJ_99 /* SioCodecTests.swift */; };
		OBJ_222 /* SioCodec.framework in Frameworks */ = {isa = PBXBuildFile; fileRef = "Sio::SioCodec::Product" /* SioCodec.framework */; };
		OBJ_223 /* Sio.framework in Frameworks */ = {isa = PBXBuildFile; fileRef = "Sio::Sio::Product" /* Sio.framework */; };
		OBJ_231 /* AnyRandomNumberGenerator.swift in Sources */ = {isa = PBXBuildFile; fileRef = OBJ_72 /* AnyRandomNumberGenerator.swift */; };
		OBJ_232 /* LCRNG.swift in Sources */ = {isa = PBXBuildFile; fileRef = OBJ_73 /* LCRNG.swift */; };
		OBJ_233 /* SIO+Console.swift in Sources */ = {isa = PBXBuildFile; fileRef = OBJ_74 /* SIO+Console.swift */; };
		OBJ_234 /* SIO+Date.swift in Sources */ = {isa = PBXBuildFile; fileRef = OBJ_75 /* SIO+Date.swift */; };
		OBJ_235 /* SIO+FS.swift in Sources */ = {isa = PBXBuildFile; fileRef = OBJ_76 /* SIO+FS.swift */; };
		OBJ_236 /* SIO+Random.swift in Sources */ = {isa = PBXBuildFile; fileRef = OBJ_77 /* SIO+Random.swift */; };
		OBJ_238 /* Sio.framework in Frameworks */ = {isa = PBXBuildFile; fileRef = "Sio::Sio::Product" /* Sio.framework */; };
		OBJ_245 /* SioEffectsTests.swift in Sources */ = {isa = PBXBuildFile; fileRef = OBJ_101 /* SioEffectsTests.swift */; };
		OBJ_246 /* SioRandomTests.swift in Sources */ = {isa = PBXBuildFile; fileRef = OBJ_102 /* SioRandomTests.swift */; };
		OBJ_248 /* SioEffects.framework in Frameworks */ = {isa = PBXBuildFile; fileRef = "Sio::SioEffects::Product" /* SioEffects.framework */; };
		OBJ_249 /* Sio.framework in Frameworks */ = {isa = PBXBuildFile; fileRef = "Sio::Sio::Product" /* Sio.framework */; };
		OBJ_257 /* Package.swift in Sources */ = {isa = PBXBuildFile; fileRef = OBJ_6 /* Package.swift */; };
		OBJ_272 /* Applicative.swift in Sources */ = {isa = PBXBuildFile; fileRef = OBJ_104 /* Applicative.swift */; };
		OBJ_273 /* Arrays.swift in Sources */ = {isa = PBXBuildFile; fileRef = OBJ_105 /* Arrays.swift */; };
		OBJ_274 /* BracketTests.swift in Sources */ = {isa = PBXBuildFile; fileRef = OBJ_106 /* BracketTests.swift */; };
		OBJ_275 /* CancellationTests.swift in Sources */ = {isa = PBXBuildFile; fileRef = OBJ_107 /* CancellationTests.swift */; };
		OBJ_276 /* Chunked.swift in Sources */ = {isa = PBXBuildFile; fileRef = OBJ_108 /* Chunked.swift */; };
		OBJ_277 /* ConcurrencyTests.swift in Sources */ = {isa = PBXBuildFile; fileRef = OBJ_109 /* ConcurrencyTests.swift */; };
		OBJ_278 /* Delay.swift in Sources */ = {isa = PBXBuildFile; fileRef = OBJ_110 /* Delay.swift */; };
		OBJ_279 /* Functor.swift in Sources */ = {isa = PBXBuildFile; fileRef = OBJ_111 /* Functor.swift */; };
		OBJ_280 /* LocalURLTests.swift in Sources */ = {isa = PBXBuildFile; fileRef = OBJ_112 /* LocalURLTests.swift */; };
		OBJ_281 /* Monad.swift in Sources */ = {isa = PBXBuildFile; fileRef = OBJ_113 /* Monad.swift */; };
		OBJ_282 /* RaceTests.swift in Sources */ = {isa = PBXBuildFile; fileRef = OBJ_114 /* RaceTests.swift */; };
		OBJ_283 /* Retry.swift in Sources */ = {isa = PBXBuildFile; fileRef = OBJ_115 /* Retry.swift */; };
		OBJ_284 /* SIOTests.swift in Sources */ = {isa = PBXBuildFile; fileRef = OBJ_116 /* SIOTests.swift */; };
		OBJ_285 /* TimeoutTests.swift in Sources */ = {isa = PBXBuildFile; fileRef = OBJ_117 /* TimeoutTests.swift */; };
		OBJ_287 /* SioValueStore.framework in Frameworks */ = {isa = PBXBuildFile; fileRef = "Sio::SioValueStore::Product" /* SioValueStore.framework */; };
		OBJ_288 /* SioCodec.framework in Frameworks */ = {isa = PBXBuildFile; fileRef = "Sio::SioCodec::Product" /* SioCodec.framework */; };
		OBJ_289 /* Sio.framework in Frameworks */ = {isa = PBXBuildFile; fileRef = "Sio::Sio::Product" /* Sio.framework */; };
		OBJ_298 /* ValueStore+Array.swift in Sources */ = {isa = PBXBuildFile; fileRef = OBJ_79 /* ValueStore+Array.swift */; };
		OBJ_299 /* ValueStore+Codec.swift in Sources */ = {isa = PBXBuildFile; fileRef = OBJ_80 /* ValueStore+Codec.swift */; };
		OBJ_300 /* ValueStore+Creation.swift in Sources */ = {isa = PBXBuildFile; fileRef = OBJ_81 /* ValueStore+Creation.swift */; };
		OBJ_301 /* ValueStore+Error.swift in Sources */ = {isa = PBXBuildFile; fileRef = OBJ_82 /* ValueStore+Error.swift */; };
		OBJ_302 /* ValueStore+Iso.swift in Sources */ = {isa = PBXBuildFile; fileRef = OBJ_83 /* ValueStore+Iso.swift */; };
		OBJ_303 /* ValueStore+Optional.swift in Sources */ = {isa = PBXBuildFile; fileRef = OBJ_84 /* ValueStore+Optional.swift */; };
		OBJ_304 /* ValueStore+Profunctor.swift in Sources */ = {isa = PBXBuildFile; fileRef = OBJ_85 /* ValueStore+Profunctor.swift */; };
		OBJ_305 /* ValueStore+Typealias.swift in Sources */ = {isa = PBXBuildFile; fileRef = OBJ_86 /* ValueStore+Typealias.swift */; };
		OBJ_306 /* ValueStore+UserDefaults.swift in Sources */ = {isa = PBXBuildFile; fileRef = OBJ_87 /* ValueStore+UserDefaults.swift */; };
		OBJ_307 /* ValueStore+Utils.swift in Sources */ = {isa = PBXBuildFile; fileRef = OBJ_88 /* ValueStore+Utils.swift */; };
		OBJ_308 /* ValueStore+Zip.swift in Sources */ = {isa = PBXBuildFile; fileRef = OBJ_89 /* ValueStore+Zip.swift */; };
		OBJ_309 /* ValueStore.swift in Sources */ = {isa = PBXBuildFile; fileRef = OBJ_90 /* ValueStore.swift */; };
		OBJ_310 /* ValueStoreError.swift in Sources */ = {isa = PBXBuildFile; fileRef = OBJ_91 /* ValueStoreError.swift */; };
		OBJ_312 /* SioCodec.framework in Frameworks */ = {isa = PBXBuildFile; fileRef = "Sio::SioCodec::Product" /* SioCodec.framework */; };
		OBJ_313 /* Sio.framework in Frameworks */ = {isa = PBXBuildFile; fileRef = "Sio::Sio::Product" /* Sio.framework */; };
		OBJ_320 /* SioValueStoreJSONTests.swift in Sources */ = {isa = PBXBuildFile; fileRef = OBJ_119 /* SioValueStoreJSONTests.swift */; };
		OBJ_321 /* SioValueStoreTests.swift in Sources */ = {isa = PBXBuildFile; fileRef = OBJ_120 /* SioValueStoreTests.swift */; };
		OBJ_323 /* SioValueStore.framework in Frameworks */ = {isa = PBXBuildFile; fileRef = "Sio::SioValueStore::Product" /* SioValueStore.framework */; };
		OBJ_324 /* SioCodec.framework in Frameworks */ = {isa = PBXBuildFile; fileRef = "Sio::SioCodec::Product" /* SioCodec.framework */; };
		OBJ_325 /* Sio.framework in Frameworks */ = {isa = PBXBuildFile; fileRef = "Sio::Sio::Product" /* Sio.framework */; };
/* End PBXBuildFile section */

/* Begin PBXContainerItemProxy section */
		AC673369238FECB500B8ABAB /* PBXContainerItemProxy */ = {
			isa = PBXContainerItemProxy;
			containerPortal = OBJ_1 /* Project object */;
			proxyType = 1;
			remoteGlobalIDString = "Sio::Sio";
			remoteInfo = Sio;
		};
		AC67336A238FECB500B8ABAB /* PBXContainerItemProxy */ = {
			isa = PBXContainerItemProxy;
			containerPortal = OBJ_1 /* Project object */;
			proxyType = 1;
			remoteGlobalIDString = "Sio::SioCodec";
			remoteInfo = SioCodec;
		};
		AC67336B238FECB500B8ABAB /* PBXContainerItemProxy */ = {
			isa = PBXContainerItemProxy;
			containerPortal = OBJ_1 /* Project object */;
			proxyType = 1;
			remoteGlobalIDString = "Sio::Sio";
			remoteInfo = Sio;
		};
		AC67336C238FECB500B8ABAB /* PBXContainerItemProxy */ = {
			isa = PBXContainerItemProxy;
			containerPortal = OBJ_1 /* Project object */;
			proxyType = 1;
			remoteGlobalIDString = "Sio::Sio";
			remoteInfo = Sio;
		};
		AC67336D238FECB600B8ABAB /* PBXContainerItemProxy */ = {
			isa = PBXContainerItemProxy;
			containerPortal = OBJ_1 /* Project object */;
			proxyType = 1;
			remoteGlobalIDString = "Sio::SioValueStore";
			remoteInfo = SioValueStore;
		};
		AC67336E238FECB600B8ABAB /* PBXContainerItemProxy */ = {
			isa = PBXContainerItemProxy;
			containerPortal = OBJ_1 /* Project object */;
			proxyType = 1;
			remoteGlobalIDString = "Sio::SioCodec";
			remoteInfo = SioCodec;
		};
		AC67336F238FECB600B8ABAB /* PBXContainerItemProxy */ = {
			isa = PBXContainerItemProxy;
			containerPortal = OBJ_1 /* Project object */;
			proxyType = 1;
			remoteGlobalIDString = "Sio::Sio";
			remoteInfo = Sio;
		};
		AC673370238FECB600B8ABAB /* PBXContainerItemProxy */ = {
			isa = PBXContainerItemProxy;
			containerPortal = OBJ_1 /* Project object */;
			proxyType = 1;
			remoteGlobalIDString = "Sio::SioCodec";
			remoteInfo = SioCodec;
		};
		AC673371238FECB600B8ABAB /* PBXContainerItemProxy */ = {
			isa = PBXContainerItemProxy;
			containerPortal = OBJ_1 /* Project object */;
			proxyType = 1;
			remoteGlobalIDString = "Sio::Sio";
			remoteInfo = Sio;
		};
		AC673372238FECB600B8ABAB /* PBXContainerItemProxy */ = {
			isa = PBXContainerItemProxy;
			containerPortal = OBJ_1 /* Project object */;
			proxyType = 1;
			remoteGlobalIDString = "Sio::SioValueStore";
			remoteInfo = SioValueStore;
		};
		AC673373238FECB600B8ABAB /* PBXContainerItemProxy */ = {
			isa = PBXContainerItemProxy;
			containerPortal = OBJ_1 /* Project object */;
			proxyType = 1;
			remoteGlobalIDString = "Sio::SioCodec";
			remoteInfo = SioCodec;
		};
		AC673374238FECB600B8ABAB /* PBXContainerItemProxy */ = {
			isa = PBXContainerItemProxy;
			containerPortal = OBJ_1 /* Project object */;
			proxyType = 1;
			remoteGlobalIDString = "Sio::Sio";
			remoteInfo = Sio;
		};
		AC673375238FECB600B8ABAB /* PBXContainerItemProxy */ = {
			isa = PBXContainerItemProxy;
			containerPortal = OBJ_1 /* Project object */;
			proxyType = 1;
			remoteGlobalIDString = "Sio::SioEffects";
			remoteInfo = SioEffects;
		};
		AC673376238FECB600B8ABAB /* PBXContainerItemProxy */ = {
			isa = PBXContainerItemProxy;
			containerPortal = OBJ_1 /* Project object */;
			proxyType = 1;
			remoteGlobalIDString = "Sio::Sio";
			remoteInfo = Sio;
		};
		AC673377238FECB600B8ABAB /* PBXContainerItemProxy */ = {
			isa = PBXContainerItemProxy;
			containerPortal = OBJ_1 /* Project object */;
			proxyType = 1;
			remoteGlobalIDString = "Sio::SioEffectsTests";
			remoteInfo = SioEffectsTests;
		};
		AC673378238FECB600B8ABAB /* PBXContainerItemProxy */ = {
			isa = PBXContainerItemProxy;
			containerPortal = OBJ_1 /* Project object */;
			proxyType = 1;
			remoteGlobalIDString = "Sio::SioTests";
			remoteInfo = SioTests;
		};
		AC673379238FECB600B8ABAB /* PBXContainerItemProxy */ = {
			isa = PBXContainerItemProxy;
			containerPortal = OBJ_1 /* Project object */;
			proxyType = 1;
			remoteGlobalIDString = "Sio::SioValueStoreTests";
			remoteInfo = SioValueStoreTests;
		};
		AC67337A238FECB600B8ABAB /* PBXContainerItemProxy */ = {
			isa = PBXContainerItemProxy;
			containerPortal = OBJ_1 /* Project object */;
			proxyType = 1;
			remoteGlobalIDString = "Sio::SioCodecTests";
			remoteInfo = SioCodecTests;
		};
/* End PBXContainerItemProxy section */

/* Begin PBXFileReference section */
		OBJ_10 /* Collection+Chunks.swift */ = {isa = PBXFileReference; lastKnownFileType = sourcecode.swift; path = "Collection+Chunks.swift"; sourceTree = "<group>"; };
		OBJ_101 /* SioEffectsTests.swift */ = {isa = PBXFileReference; lastKnownFileType = sourcecode.swift; path = SioEffectsTests.swift; sourceTree = "<group>"; };
		OBJ_102 /* SioRandomTests.swift */ = {isa = PBXFileReference; lastKnownFileType = sourcecode.swift; path = SioRandomTests.swift; sourceTree = "<group>"; };
		OBJ_104 /* Applicative.swift */ = {isa = PBXFileReference; lastKnownFileType = sourcecode.swift; path = Applicative.swift; sourceTree = "<group>"; };
		OBJ_105 /* Arrays.swift */ = {isa = PBXFileReference; lastKnownFileType = sourcecode.swift; path = Arrays.swift; sourceTree = "<group>"; };
		OBJ_106 /* BracketTests.swift */ = {isa = PBXFileReference; lastKnownFileType = sourcecode.swift; path = BracketTests.swift; sourceTree = "<group>"; };
		OBJ_107 /* CancellationTests.swift */ = {isa = PBXFileReference; lastKnownFileType = sourcecode.swift; path = CancellationTests.swift; sourceTree = "<group>"; };
		OBJ_108 /* Chunked.swift */ = {isa = PBXFileReference; lastKnownFileType = sourcecode.swift; path = Chunked.swift; sourceTree = "<group>"; };
		OBJ_109 /* ConcurrencyTests.swift */ = {isa = PBXFileReference; lastKnownFileType = sourcecode.swift; path = ConcurrencyTests.swift; sourceTree = "<group>"; };
		OBJ_11 /* Compose.swift */ = {isa = PBXFileReference; lastKnownFileType = sourcecode.swift; path = Compose.swift; sourceTree = "<group>"; };
		OBJ_110 /* Delay.swift */ = {isa = PBXFileReference; lastKnownFileType = sourcecode.swift; path = Delay.swift; sourceTree = "<group>"; };
		OBJ_111 /* Functor.swift */ = {isa = PBXFileReference; lastKnownFileType = sourcecode.swift; path = Functor.swift; sourceTree = "<group>"; };
		OBJ_112 /* LocalURLTests.swift */ = {isa = PBXFileReference; lastKnownFileType = sourcecode.swift; path = LocalURLTests.swift; sourceTree = "<group>"; };
		OBJ_113 /* Monad.swift */ = {isa = PBXFileReference; lastKnownFileType = sourcecode.swift; path = Monad.swift; sourceTree = "<group>"; };
		OBJ_114 /* RaceTests.swift */ = {isa = PBXFileReference; lastKnownFileType = sourcecode.swift; path = RaceTests.swift; sourceTree = "<group>"; };
		OBJ_115 /* Retry.swift */ = {isa = PBXFileReference; lastKnownFileType = sourcecode.swift; path = Retry.swift; sourceTree = "<group>"; };
		OBJ_116 /* SIOTests.swift */ = {isa = PBXFileReference; lastKnownFileType = sourcecode.swift; path = SIOTests.swift; sourceTree = "<group>"; };
		OBJ_117 /* TimeoutTests.swift */ = {isa = PBXFileReference; lastKnownFileType = sourcecode.swift; path = TimeoutTests.swift; sourceTree = "<group>"; };
		OBJ_119 /* SioValueStoreJSONTests.swift */ = {isa = PBXFileReference; lastKnownFileType = sourcecode.swift; path = SioValueStoreJSONTests.swift; sourceTree = "<group>"; };
		OBJ_12 /* Curry.swift */ = {isa = PBXFileReference; lastKnownFileType = sourcecode.swift; path = Curry.swift; sourceTree = "<group>"; };
		OBJ_120 /* SioValueStoreTests.swift */ = {isa = PBXFileReference; lastKnownFileType = sourcecode.swift; path = SioValueStoreTests.swift; sourceTree = "<group>"; };
		OBJ_13 /* Either+Alt.swift */ = {isa = PBXFileReference; lastKnownFileType = sourcecode.swift; path = "Either+Alt.swift"; sourceTree = "<group>"; };
		OBJ_130 /* Sio.xcworkspace */ = {isa = PBXFileReference; lastKnownFileType = wrapper.workspace; path = Sio.xcworkspace; sourceTree = SOURCE_ROOT; };
		OBJ_131 /* Configs */ = {isa = PBXFileReference; lastKnownFileType = folder; path = Configs; sourceTree = SOURCE_ROOT; };
		OBJ_132 /* LICENSE */ = {isa = PBXFileReference; lastKnownFileType = text; path = LICENSE; sourceTree = "<group>"; };
		OBJ_133 /* sio.podspec */ = {isa = PBXFileReference; lastKnownFileType = text; path = sio.podspec; sourceTree = "<group>"; };
		OBJ_134 /* README.md */ = {isa = PBXFileReference; lastKnownFileType = net.daringfireball.markdown; path = README.md; sourceTree = "<group>"; };
		OBJ_14 /* Either+Applicative.swift */ = {isa = PBXFileReference; lastKnownFileType = sourcecode.swift; path = "Either+Applicative.swift"; sourceTree = "<group>"; };
		OBJ_15 /* Either+Codable.swift */ = {isa = PBXFileReference; lastKnownFileType = sourcecode.swift; path = "Either+Codable.swift"; sourceTree = "<group>"; };
		OBJ_16 /* Either+Error.swift */ = {isa = PBXFileReference; lastKnownFileType = sourcecode.swift; path = "Either+Error.swift"; sourceTree = "<group>"; };
		OBJ_17 /* Either+Monad.swift */ = {isa = PBXFileReference; lastKnownFileType = sourcecode.swift; path = "Either+Monad.swift"; sourceTree = "<group>"; };
		OBJ_18 /* Either+Optional.swift */ = {isa = PBXFileReference; lastKnownFileType = sourcecode.swift; path = "Either+Optional.swift"; sourceTree = "<group>"; };
		OBJ_19 /* Either+Traversable.swift */ = {isa = PBXFileReference; lastKnownFileType = sourcecode.swift; path = "Either+Traversable.swift"; sourceTree = "<group>"; };
		OBJ_20 /* Either+Zip.swift */ = {isa = PBXFileReference; lastKnownFileType = sourcecode.swift; path = "Either+Zip.swift"; sourceTree = "<group>"; };
		OBJ_21 /* Either.swift */ = {isa = PBXFileReference; lastKnownFileType = sourcecode.swift; path = Either.swift; sourceTree = "<group>"; };
		OBJ_22 /* Iso.swift */ = {isa = PBXFileReference; lastKnownFileType = sourcecode.swift; path = Iso.swift; sourceTree = "<group>"; };
		OBJ_23 /* LocalURL.swift */ = {isa = PBXFileReference; lastKnownFileType = sourcecode.swift; path = LocalURL.swift; sourceTree = "<group>"; };
		OBJ_24 /* NoSyncValue.swift */ = {isa = PBXFileReference; lastKnownFileType = sourcecode.swift; path = NoSyncValue.swift; sourceTree = "<group>"; };
		OBJ_25 /* Operators.swift */ = {isa = PBXFileReference; lastKnownFileType = sourcecode.swift; path = Operators.swift; sourceTree = "<group>"; };
		OBJ_26 /* PrecedenceGroups.swift */ = {isa = PBXFileReference; lastKnownFileType = sourcecode.swift; path = PrecedenceGroups.swift; sourceTree = "<group>"; };
		OBJ_27 /* Prelude.swift */ = {isa = PBXFileReference; lastKnownFileType = sourcecode.swift; path = Prelude.swift; sourceTree = "<group>"; };
		OBJ_28 /* Ref.swift */ = {isa = PBXFileReference; lastKnownFileType = sourcecode.swift; path = Ref.swift; sourceTree = "<group>"; };
		OBJ_29 /* Remove.swift */ = {isa = PBXFileReference; lastKnownFileType = sourcecode.swift; path = Remove.swift; sourceTree = "<group>"; };
		OBJ_30 /* SIO+Adapt.swift */ = {isa = PBXFileReference; lastKnownFileType = sourcecode.swift; path = "SIO+Adapt.swift"; sourceTree = "<group>"; };
		OBJ_31 /* SIO+Alt.swift */ = {isa = PBXFileReference; lastKnownFileType = sourcecode.swift; path = "SIO+Alt.swift"; sourceTree = "<group>"; };
		OBJ_32 /* SIO+Applicative.swift */ = {isa = PBXFileReference; lastKnownFileType = sourcecode.swift; path = "SIO+Applicative.swift"; sourceTree = "<group>"; };
		OBJ_33 /* SIO+BiFunctor.swift */ = {isa = PBXFileReference; lastKnownFileType = sourcecode.swift; path = "SIO+BiFunctor.swift"; sourceTree = "<group>"; };
		OBJ_34 /* SIO+BiMonad.swift */ = {isa = PBXFileReference; lastKnownFileType = sourcecode.swift; path = "SIO+BiMonad.swift"; sourceTree = "<group>"; };
		OBJ_35 /* SIO+Bracket.swift */ = {isa = PBXFileReference; lastKnownFileType = sourcecode.swift; path = "SIO+Bracket.swift"; sourceTree = "<group>"; };
		OBJ_36 /* SIO+Contravariant.swift */ = {isa = PBXFileReference; lastKnownFileType = sourcecode.swift; path = "SIO+Contravariant.swift"; sourceTree = "<group>"; };
		OBJ_37 /* SIO+Creation.swift */ = {isa = PBXFileReference; lastKnownFileType = sourcecode.swift; path = "SIO+Creation.swift"; sourceTree = "<group>"; };
		OBJ_38 /* SIO+Delay.swift */ = {isa = PBXFileReference; lastKnownFileType = sourcecode.swift; path = "SIO+Delay.swift"; sourceTree = "<group>"; };
		OBJ_39 /* SIO+Effects.swift */ = {isa = PBXFileReference; lastKnownFileType = sourcecode.swift; path = "SIO+Effects.swift"; sourceTree = "<group>"; };
		OBJ_40 /* SIO+Either.swift */ = {isa = PBXFileReference; lastKnownFileType = sourcecode.swift; path = "SIO+Either.swift"; sourceTree = "<group>"; };
		OBJ_41 /* SIO+Error.swift */ = {isa = PBXFileReference; lastKnownFileType = sourcecode.swift; path = "SIO+Error.swift"; sourceTree = "<group>"; };
		OBJ_42 /* SIO+Events.swift */ = {isa = PBXFileReference; lastKnownFileType = sourcecode.swift; path = "SIO+Events.swift"; sourceTree = "<group>"; };
		OBJ_43 /* SIO+Flip.swift */ = {isa = PBXFileReference; lastKnownFileType = sourcecode.swift; path = "SIO+Flip.swift"; sourceTree = "<group>"; };
		OBJ_44 /* SIO+Fold.swift */ = {isa = PBXFileReference; lastKnownFileType = sourcecode.swift; path = "SIO+Fold.swift"; sourceTree = "<group>"; };
		OBJ_45 /* SIO+Functor.swift */ = {isa = PBXFileReference; lastKnownFileType = sourcecode.swift; path = "SIO+Functor.swift"; sourceTree = "<group>"; };
		OBJ_46 /* SIO+Monad.swift */ = {isa = PBXFileReference; lastKnownFileType = sourcecode.swift; path = "SIO+Monad.swift"; sourceTree = "<group>"; };
		OBJ_47 /* SIO+Optional.swift */ = {isa = PBXFileReference; lastKnownFileType = sourcecode.swift; path = "SIO+Optional.swift"; sourceTree = "<group>"; };
		OBJ_48 /* SIO+Profunctor.swift */ = {isa = PBXFileReference; lastKnownFileType = sourcecode.swift; path = "SIO+Profunctor.swift"; sourceTree = "<group>"; };
		OBJ_49 /* SIO+Race.swift */ = {isa = PBXFileReference; lastKnownFileType = sourcecode.swift; path = "SIO+Race.swift"; sourceTree = "<group>"; };
		OBJ_50 /* SIO+Ref.swift */ = {isa = PBXFileReference; lastKnownFileType = sourcecode.swift; path = "SIO+Ref.swift"; sourceTree = "<group>"; };
		OBJ_51 /* SIO+Requirements.swift */ = {isa = PBXFileReference; lastKnownFileType = sourcecode.swift; path = "SIO+Requirements.swift"; sourceTree = "<group>"; };
		OBJ_52 /* SIO+Result.swift */ = {isa = PBXFileReference; lastKnownFileType = sourcecode.swift; path = "SIO+Result.swift"; sourceTree = "<group>"; };
		OBJ_53 /* SIO+Retry.swift */ = {isa = PBXFileReference; lastKnownFileType = sourcecode.swift; path = "SIO+Retry.swift"; sourceTree = "<group>"; };
		OBJ_54 /* SIO+Run.swift */ = {isa = PBXFileReference; lastKnownFileType = sourcecode.swift; path = "SIO+Run.swift"; sourceTree = "<group>"; };
		OBJ_55 /* SIO+Schedule.swift */ = {isa = PBXFileReference; lastKnownFileType = sourcecode.swift; path = "SIO+Schedule.swift"; sourceTree = "<group>"; };
		OBJ_56 /* SIO+Tap.swift */ = {isa = PBXFileReference; lastKnownFileType = sourcecode.swift; path = "SIO+Tap.swift"; sourceTree = "<group>"; };
		OBJ_57 /* SIO+Timeout.swift */ = {isa = PBXFileReference; lastKnownFileType = sourcecode.swift; path = "SIO+Timeout.swift"; sourceTree = "<group>"; };
		OBJ_58 /* SIO+Typealias.swift */ = {isa = PBXFileReference; lastKnownFileType = sourcecode.swift; path = "SIO+Typealias.swift"; sourceTree = "<group>"; };
		OBJ_59 /* SIO+Zip.swift */ = {isa = PBXFileReference; lastKnownFileType = sourcecode.swift; path = "SIO+Zip.swift"; sourceTree = "<group>"; };
		OBJ_6 /* Package.swift */ = {isa = PBXFileReference; explicitFileType = sourcecode.swift; path = Package.swift; sourceTree = "<group>"; };
		OBJ_60 /* SIO.swift */ = {isa = PBXFileReference; lastKnownFileType = sourcecode.swift; path = SIO.swift; sourceTree = "<group>"; };
		OBJ_61 /* SIOError.swift */ = {isa = PBXFileReference; lastKnownFileType = sourcecode.swift; path = SIOError.swift; sourceTree = "<group>"; };
		OBJ_62 /* SyncValue.swift */ = {isa = PBXFileReference; lastKnownFileType = sourcecode.swift; path = SyncValue.swift; sourceTree = "<group>"; };
		OBJ_64 /* Codec+Base64.swift */ = {isa = PBXFileReference; lastKnownFileType = sourcecode.swift; path = "Codec+Base64.swift"; sourceTree = "<group>"; };
		OBJ_65 /* Codec+Data.swift */ = {isa = PBXFileReference; lastKnownFileType = sourcecode.swift; path = "Codec+Data.swift"; sourceTree = "<group>"; };
		OBJ_66 /* Codec+Int.swift */ = {isa = PBXFileReference; lastKnownFileType = sourcecode.swift; path = "Codec+Int.swift"; sourceTree = "<group>"; };
		OBJ_67 /* Codec+Iso.swift */ = {isa = PBXFileReference; lastKnownFileType = sourcecode.swift; path = "Codec+Iso.swift"; sourceTree = "<group>"; };
		OBJ_68 /* Codec+JSON.swift */ = {isa = PBXFileReference; lastKnownFileType = sourcecode.swift; path = "Codec+JSON.swift"; sourceTree = "<group>"; };
		OBJ_69 /* Codec.swift */ = {isa = PBXFileReference; lastKnownFileType = sourcecode.swift; path = Codec.swift; sourceTree = "<group>"; };
		OBJ_70 /* SIO+Codec.swift */ = {isa = PBXFileReference; lastKnownFileType = sourcecode.swift; path = "SIO+Codec.swift"; sourceTree = "<group>"; };
		OBJ_72 /* AnyRandomNumberGenerator.swift */ = {isa = PBXFileReference; lastKnownFileType = sourcecode.swift; path = AnyRandomNumberGenerator.swift; sourceTree = "<group>"; };
		OBJ_73 /* LCRNG.swift */ = {isa = PBXFileReference; lastKnownFileType = sourcecode.swift; path = LCRNG.swift; sourceTree = "<group>"; };
		OBJ_74 /* SIO+Console.swift */ = {isa = PBXFileReference; lastKnownFileType = sourcecode.swift; path = "SIO+Console.swift"; sourceTree = "<group>"; };
		OBJ_75 /* SIO+Date.swift */ = {isa = PBXFileReference; lastKnownFileType = sourcecode.swift; path = "SIO+Date.swift"; sourceTree = "<group>"; };
		OBJ_76 /* SIO+FS.swift */ = {isa = PBXFileReference; lastKnownFileType = sourcecode.swift; path = "SIO+FS.swift"; sourceTree = "<group>"; };
		OBJ_77 /* SIO+Random.swift */ = {isa = PBXFileReference; lastKnownFileType = sourcecode.swift; path = "SIO+Random.swift"; sourceTree = "<group>"; };
		OBJ_79 /* ValueStore+Array.swift */ = {isa = PBXFileReference; lastKnownFileType = sourcecode.swift; path = "ValueStore+Array.swift"; sourceTree = "<group>"; };
		OBJ_80 /* ValueStore+Codec.swift */ = {isa = PBXFileReference; lastKnownFileType = sourcecode.swift; path = "ValueStore+Codec.swift"; sourceTree = "<group>"; };
		OBJ_81 /* ValueStore+Creation.swift */ = {isa = PBXFileReference; lastKnownFileType = sourcecode.swift; path = "ValueStore+Creation.swift"; sourceTree = "<group>"; };
		OBJ_82 /* ValueStore+Error.swift */ = {isa = PBXFileReference; lastKnownFileType = sourcecode.swift; path = "ValueStore+Error.swift"; sourceTree = "<group>"; };
		OBJ_83 /* ValueStore+Iso.swift */ = {isa = PBXFileReference; lastKnownFileType = sourcecode.swift; path = "ValueStore+Iso.swift"; sourceTree = "<group>"; };
		OBJ_84 /* ValueStore+Optional.swift */ = {isa = PBXFileReference; lastKnownFileType = sourcecode.swift; path = "ValueStore+Optional.swift"; sourceTree = "<group>"; };
		OBJ_85 /* ValueStore+Profunctor.swift */ = {isa = PBXFileReference; lastKnownFileType = sourcecode.swift; path = "ValueStore+Profunctor.swift"; sourceTree = "<group>"; };
		OBJ_86 /* ValueStore+Typealias.swift */ = {isa = PBXFileReference; lastKnownFileType = sourcecode.swift; path = "ValueStore+Typealias.swift"; sourceTree = "<group>"; };
		OBJ_87 /* ValueStore+UserDefaults.swift */ = {isa = PBXFileReference; lastKnownFileType = sourcecode.swift; path = "ValueStore+UserDefaults.swift"; sourceTree = "<group>"; };
		OBJ_88 /* ValueStore+Utils.swift */ = {isa = PBXFileReference; lastKnownFileType = sourcecode.swift; path = "ValueStore+Utils.swift"; sourceTree = "<group>"; };
		OBJ_89 /* ValueStore+Zip.swift */ = {isa = PBXFileReference; lastKnownFileType = sourcecode.swift; path = "ValueStore+Zip.swift"; sourceTree = "<group>"; };
		OBJ_9 /* Array+SIO.swift */ = {isa = PBXFileReference; lastKnownFileType = sourcecode.swift; path = "Array+SIO.swift"; sourceTree = "<group>"; };
		OBJ_90 /* ValueStore.swift */ = {isa = PBXFileReference; lastKnownFileType = sourcecode.swift; path = ValueStore.swift; sourceTree = "<group>"; };
		OBJ_91 /* ValueStoreError.swift */ = {isa = PBXFileReference; lastKnownFileType = sourcecode.swift; path = ValueStoreError.swift; sourceTree = "<group>"; };
		OBJ_94 /* SIOCodecBase64Tests.swift */ = {isa = PBXFileReference; lastKnownFileType = sourcecode.swift; path = SIOCodecBase64Tests.swift; sourceTree = "<group>"; };
		OBJ_95 /* SIOCodecUTF8Tests.swift */ = {isa = PBXFileReference; lastKnownFileType = sourcecode.swift; path = SIOCodecUTF8Tests.swift; sourceTree = "<group>"; };
		OBJ_96 /* SioCodecIntTests.swift */ = {isa = PBXFileReference; lastKnownFileType = sourcecode.swift; path = SioCodecIntTests.swift; sourceTree = "<group>"; };
		OBJ_97 /* SioCodecJSONTests.swift */ = {isa = PBXFileReference; lastKnownFileType = sourcecode.swift; path = SioCodecJSONTests.swift; sourceTree = "<group>"; };
		OBJ_98 /* SioCodecSIOTests.swift */ = {isa = PBXFileReference; lastKnownFileType = sourcecode.swift; path = SioCodecSIOTests.swift; sourceTree = "<group>"; };
		OBJ_99 /* SioCodecTests.swift */ = {isa = PBXFileReference; lastKnownFileType = sourcecode.swift; path = SioCodecTests.swift; sourceTree = "<group>"; };
		"Sio::Sio::Product" /* Sio.framework */ = {isa = PBXFileReference; explicitFileType = wrapper.framework; path = Sio.framework; sourceTree = BUILT_PRODUCTS_DIR; };
		"Sio::SioCodec::Product" /* SioCodec.framework */ = {isa = PBXFileReference; explicitFileType = wrapper.framework; path = SioCodec.framework; sourceTree = BUILT_PRODUCTS_DIR; };
		"Sio::SioCodecTests::Product" /* SioCodecTests.xctest */ = {isa = PBXFileReference; lastKnownFileType = file; path = SioCodecTests.xctest; sourceTree = BUILT_PRODUCTS_DIR; };
		"Sio::SioEffects::Product" /* SioEffects.framework */ = {isa = PBXFileReference; explicitFileType = wrapper.framework; path = SioEffects.framework; sourceTree = BUILT_PRODUCTS_DIR; };
		"Sio::SioEffectsTests::Product" /* SioEffectsTests.xctest */ = {isa = PBXFileReference; lastKnownFileType = file; path = SioEffectsTests.xctest; sourceTree = BUILT_PRODUCTS_DIR; };
		"Sio::SioTests::Product" /* SioTests.xctest */ = {isa = PBXFileReference; lastKnownFileType = file; path = SioTests.xctest; sourceTree = BUILT_PRODUCTS_DIR; };
		"Sio::SioValueStore::Product" /* SioValueStore.framework */ = {isa = PBXFileReference; explicitFileType = wrapper.framework; path = SioValueStore.framework; sourceTree = BUILT_PRODUCTS_DIR; };
		"Sio::SioValueStoreTests::Product" /* SioValueStoreTests.xctest */ = {isa = PBXFileReference; lastKnownFileType = file; path = SioValueStoreTests.xctest; sourceTree = BUILT_PRODUCTS_DIR; };
/* End PBXFileReference section */

/* Begin PBXFrameworksBuildPhase section */
		OBJ_194 /* Frameworks */ = {
			isa = PBXFrameworksBuildPhase;
			buildActionMask = 0;
			files = (
			);
			runOnlyForDeploymentPostprocessing = 0;
		};
		OBJ_207 /* Frameworks */ = {
			isa = PBXFrameworksBuildPhase;
			buildActionMask = 0;
			files = (
				OBJ_208 /* Sio.framework in Frameworks */,
			);
			runOnlyForDeploymentPostprocessing = 0;
		};
		OBJ_221 /* Frameworks */ = {
			isa = PBXFrameworksBuildPhase;
			buildActionMask = 0;
			files = (
				OBJ_222 /* SioCodec.framework in Frameworks */,
				OBJ_223 /* Sio.framework in Frameworks */,
			);
			runOnlyForDeploymentPostprocessing = 0;
		};
		OBJ_237 /* Frameworks */ = {
			isa = PBXFrameworksBuildPhase;
			buildActionMask = 0;
			files = (
				OBJ_238 /* Sio.framework in Frameworks */,
			);
			runOnlyForDeploymentPostprocessing = 0;
		};
		OBJ_247 /* Frameworks */ = {
			isa = PBXFrameworksBuildPhase;
			buildActionMask = 0;
			files = (
				OBJ_248 /* SioEffects.framework in Frameworks */,
				OBJ_249 /* Sio.framework in Frameworks */,
			);
			runOnlyForDeploymentPostprocessing = 0;
		};
		OBJ_286 /* Frameworks */ = {
			isa = PBXFrameworksBuildPhase;
			buildActionMask = 0;
			files = (
				OBJ_287 /* SioValueStore.framework in Frameworks */,
				OBJ_288 /* SioCodec.framework in Frameworks */,
				OBJ_289 /* Sio.framework in Frameworks */,
			);
			runOnlyForDeploymentPostprocessing = 0;
		};
		OBJ_311 /* Frameworks */ = {
			isa = PBXFrameworksBuildPhase;
			buildActionMask = 0;
			files = (
				OBJ_312 /* SioCodec.framework in Frameworks */,
				OBJ_313 /* Sio.framework in Frameworks */,
			);
			runOnlyForDeploymentPostprocessing = 0;
		};
		OBJ_322 /* Frameworks */ = {
			isa = PBXFrameworksBuildPhase;
			buildActionMask = 0;
			files = (
				OBJ_323 /* SioValueStore.framework in Frameworks */,
				OBJ_324 /* SioCodec.framework in Frameworks */,
				OBJ_325 /* Sio.framework in Frameworks */,
			);
			runOnlyForDeploymentPostprocessing = 0;
		};
/* End PBXFrameworksBuildPhase section */

/* Begin PBXGroup section */
		OBJ_100 /* SioEffectsTests */ = {
			isa = PBXGroup;
			children = (
				OBJ_101 /* SioEffectsTests.swift */,
				OBJ_102 /* SioRandomTests.swift */,
			);
			name = SioEffectsTests;
			path = Tests/SioEffectsTests;
			sourceTree = SOURCE_ROOT;
		};
		OBJ_103 /* SioTests */ = {
			isa = PBXGroup;
			children = (
				OBJ_104 /* Applicative.swift */,
				OBJ_105 /* Arrays.swift */,
				OBJ_106 /* BracketTests.swift */,
				OBJ_107 /* CancellationTests.swift */,
				OBJ_108 /* Chunked.swift */,
				OBJ_109 /* ConcurrencyTests.swift */,
				OBJ_110 /* Delay.swift */,
				OBJ_111 /* Functor.swift */,
				OBJ_112 /* LocalURLTests.swift */,
				OBJ_113 /* Monad.swift */,
				OBJ_114 /* RaceTests.swift */,
				OBJ_115 /* Retry.swift */,
				OBJ_116 /* SIOTests.swift */,
				OBJ_117 /* TimeoutTests.swift */,
			);
			name = SioTests;
			path = Tests/SioTests;
			sourceTree = SOURCE_ROOT;
		};
		OBJ_118 /* SioValueStoreTests */ = {
			isa = PBXGroup;
			children = (
				OBJ_119 /* SioValueStoreJSONTests.swift */,
				OBJ_120 /* SioValueStoreTests.swift */,
			);
			name = SioValueStoreTests;
			path = Tests/SioValueStoreTests;
			sourceTree = SOURCE_ROOT;
		};
		OBJ_121 /* Products */ = {
			isa = PBXGroup;
			children = (
				"Sio::SioCodecTests::Product" /* SioCodecTests.xctest */,
				"Sio::SioCodec::Product" /* SioCodec.framework */,
				"Sio::SioValueStoreTests::Product" /* SioValueStoreTests.xctest */,
				"Sio::Sio::Product" /* Sio.framework */,
				"Sio::SioEffects::Product" /* SioEffects.framework */,
				"Sio::SioTests::Product" /* SioTests.xctest */,
				"Sio::SioValueStore::Product" /* SioValueStore.framework */,
				"Sio::SioEffectsTests::Product" /* SioEffectsTests.xctest */,
			);
			name = Products;
			sourceTree = BUILT_PRODUCTS_DIR;
		};
		OBJ_5 /*  */ = {
			isa = PBXGroup;
			children = (
				OBJ_6 /* Package.swift */,
				OBJ_7 /* Sources */,
				OBJ_92 /* Tests */,
				OBJ_121 /* Products */,
				OBJ_130 /* Sio.xcworkspace */,
				OBJ_131 /* Configs */,
				OBJ_132 /* LICENSE */,
				OBJ_133 /* sio.podspec */,
				OBJ_134 /* README.md */,
			);
			name = "";
			sourceTree = "<group>";
		};
		OBJ_63 /* SioCodec */ = {
			isa = PBXGroup;
			children = (
				OBJ_64 /* Codec+Base64.swift */,
				OBJ_65 /* Codec+Data.swift */,
				OBJ_66 /* Codec+Int.swift */,
				OBJ_67 /* Codec+Iso.swift */,
				OBJ_68 /* Codec+JSON.swift */,
				OBJ_69 /* Codec.swift */,
				OBJ_70 /* SIO+Codec.swift */,
			);
			name = SioCodec;
			path = Sources/SioCodec;
			sourceTree = SOURCE_ROOT;
		};
		OBJ_7 /* Sources */ = {
			isa = PBXGroup;
			children = (
				OBJ_8 /* Sio */,
				OBJ_63 /* SioCodec */,
				OBJ_71 /* SioEffects */,
				OBJ_78 /* SioValueStore */,
			);
			name = Sources;
			sourceTree = SOURCE_ROOT;
		};
		OBJ_71 /* SioEffects */ = {
			isa = PBXGroup;
			children = (
				OBJ_72 /* AnyRandomNumberGenerator.swift */,
				OBJ_73 /* LCRNG.swift */,
				OBJ_74 /* SIO+Console.swift */,
				OBJ_75 /* SIO+Date.swift */,
				OBJ_76 /* SIO+FS.swift */,
				OBJ_77 /* SIO+Random.swift */,
			);
			name = SioEffects;
			path = Sources/SioEffects;
			sourceTree = SOURCE_ROOT;
		};
		OBJ_78 /* SioValueStore */ = {
			isa = PBXGroup;
			children = (
				OBJ_79 /* ValueStore+Array.swift */,
				OBJ_80 /* ValueStore+Codec.swift */,
				OBJ_81 /* ValueStore+Creation.swift */,
				OBJ_82 /* ValueStore+Error.swift */,
				OBJ_83 /* ValueStore+Iso.swift */,
				OBJ_84 /* ValueStore+Optional.swift */,
				OBJ_85 /* ValueStore+Profunctor.swift */,
				OBJ_86 /* ValueStore+Typealias.swift */,
				OBJ_87 /* ValueStore+UserDefaults.swift */,
				OBJ_88 /* ValueStore+Utils.swift */,
				OBJ_89 /* ValueStore+Zip.swift */,
				OBJ_90 /* ValueStore.swift */,
				OBJ_91 /* ValueStoreError.swift */,
			);
			name = SioValueStore;
			path = Sources/SioValueStore;
			sourceTree = SOURCE_ROOT;
		};
		OBJ_8 /* Sio */ = {
			isa = PBXGroup;
			children = (
				OBJ_9 /* Array+SIO.swift */,
				OBJ_10 /* Collection+Chunks.swift */,
				OBJ_11 /* Compose.swift */,
				OBJ_12 /* Curry.swift */,
				OBJ_13 /* Either+Alt.swift */,
				OBJ_14 /* Either+Applicative.swift */,
				OBJ_15 /* Either+Codable.swift */,
				OBJ_16 /* Either+Error.swift */,
				OBJ_17 /* Either+Monad.swift */,
				OBJ_18 /* Either+Optional.swift */,
				OBJ_19 /* Either+Traversable.swift */,
				OBJ_20 /* Either+Zip.swift */,
				OBJ_21 /* Either.swift */,
				OBJ_22 /* Iso.swift */,
				OBJ_23 /* LocalURL.swift */,
				OBJ_24 /* NoSyncValue.swift */,
				OBJ_25 /* Operators.swift */,
				OBJ_26 /* PrecedenceGroups.swift */,
				OBJ_27 /* Prelude.swift */,
				OBJ_28 /* Ref.swift */,
				OBJ_29 /* Remove.swift */,
				OBJ_30 /* SIO+Adapt.swift */,
				OBJ_31 /* SIO+Alt.swift */,
				OBJ_32 /* SIO+Applicative.swift */,
				OBJ_33 /* SIO+BiFunctor.swift */,
				OBJ_34 /* SIO+BiMonad.swift */,
				OBJ_35 /* SIO+Bracket.swift */,
				OBJ_36 /* SIO+Contravariant.swift */,
				OBJ_37 /* SIO+Creation.swift */,
				OBJ_38 /* SIO+Delay.swift */,
				OBJ_39 /* SIO+Effects.swift */,
				OBJ_40 /* SIO+Either.swift */,
				OBJ_41 /* SIO+Error.swift */,
				OBJ_42 /* SIO+Events.swift */,
				OBJ_43 /* SIO+Flip.swift */,
				OBJ_44 /* SIO+Fold.swift */,
				OBJ_45 /* SIO+Functor.swift */,
				OBJ_46 /* SIO+Monad.swift */,
				OBJ_47 /* SIO+Optional.swift */,
				OBJ_48 /* SIO+Profunctor.swift */,
				OBJ_49 /* SIO+Race.swift */,
				OBJ_50 /* SIO+Ref.swift */,
				OBJ_51 /* SIO+Requirements.swift */,
				OBJ_52 /* SIO+Result.swift */,
				OBJ_53 /* SIO+Retry.swift */,
				OBJ_54 /* SIO+Run.swift */,
				OBJ_55 /* SIO+Schedule.swift */,
				OBJ_56 /* SIO+Tap.swift */,
				OBJ_57 /* SIO+Timeout.swift */,
				OBJ_58 /* SIO+Typealias.swift */,
				OBJ_59 /* SIO+Zip.swift */,
				OBJ_60 /* SIO.swift */,
				OBJ_61 /* SIOError.swift */,
				OBJ_62 /* SyncValue.swift */,
			);
			name = Sio;
			path = Sources/Sio;
			sourceTree = SOURCE_ROOT;
		};
		OBJ_92 /* Tests */ = {
			isa = PBXGroup;
			children = (
				OBJ_93 /* SioCodecTests */,
				OBJ_100 /* SioEffectsTests */,
				OBJ_103 /* SioTests */,
				OBJ_118 /* SioValueStoreTests */,
			);
			name = Tests;
			sourceTree = SOURCE_ROOT;
		};
		OBJ_93 /* SioCodecTests */ = {
			isa = PBXGroup;
			children = (
				OBJ_94 /* SIOCodecBase64Tests.swift */,
				OBJ_95 /* SIOCodecUTF8Tests.swift */,
				OBJ_96 /* SioCodecIntTests.swift */,
				OBJ_97 /* SioCodecJSONTests.swift */,
				OBJ_98 /* SioCodecSIOTests.swift */,
				OBJ_99 /* SioCodecTests.swift */,
			);
			name = SioCodecTests;
			path = Tests/SioCodecTests;
			sourceTree = SOURCE_ROOT;
		};
/* End PBXGroup section */

/* Begin PBXNativeTarget section */
		"Sio::Sio" /* Sio */ = {
			isa = PBXNativeTarget;
			buildConfigurationList = OBJ_136 /* Build configuration list for PBXNativeTarget "Sio" */;
			buildPhases = (
				OBJ_139 /* Sources */,
				OBJ_194 /* Frameworks */,
			);
			buildRules = (
			);
			dependencies = (
			);
			name = Sio;
			productName = Sio;
			productReference = "Sio::Sio::Product" /* Sio.framework */;
			productType = "com.apple.product-type.framework";
		};
		"Sio::SioCodec" /* SioCodec */ = {
			isa = PBXNativeTarget;
			buildConfigurationList = OBJ_196 /* Build configuration list for PBXNativeTarget "SioCodec" */;
			buildPhases = (
				OBJ_199 /* Sources */,
				OBJ_207 /* Frameworks */,
			);
			buildRules = (
			);
			dependencies = (
				OBJ_209 /* PBXTargetDependency */,
			);
			name = SioCodec;
			productName = SioCodec;
			productReference = "Sio::SioCodec::Product" /* SioCodec.framework */;
			productType = "com.apple.product-type.framework";
		};
		"Sio::SioCodecTests" /* SioCodecTests */ = {
			isa = PBXNativeTarget;
			buildConfigurationList = OBJ_211 /* Build configuration list for PBXNativeTarget "SioCodecTests" */;
			buildPhases = (
				OBJ_214 /* Sources */,
				OBJ_221 /* Frameworks */,
			);
			buildRules = (
			);
			dependencies = (
				OBJ_224 /* PBXTargetDependency */,
				OBJ_225 /* PBXTargetDependency */,
			);
			name = SioCodecTests;
			productName = SioCodecTests;
			productReference = "Sio::SioCodecTests::Product" /* SioCodecTests.xctest */;
			productType = "com.apple.product-type.bundle.unit-test";
		};
		"Sio::SioEffects" /* SioEffects */ = {
			isa = PBXNativeTarget;
			buildConfigurationList = OBJ_227 /* Build configuration list for PBXNativeTarget "SioEffects" */;
			buildPhases = (
				OBJ_230 /* Sources */,
				OBJ_237 /* Frameworks */,
			);
			buildRules = (
			);
			dependencies = (
				OBJ_239 /* PBXTargetDependency */,
			);
			name = SioEffects;
			productName = SioEffects;
			productReference = "Sio::SioEffects::Product" /* SioEffects.framework */;
			productType = "com.apple.product-type.framework";
		};
		"Sio::SioEffectsTests" /* SioEffectsTests */ = {
			isa = PBXNativeTarget;
			buildConfigurationList = OBJ_241 /* Build configuration list for PBXNativeTarget "SioEffectsTests" */;
			buildPhases = (
				OBJ_244 /* Sources */,
				OBJ_247 /* Frameworks */,
			);
			buildRules = (
			);
			dependencies = (
				OBJ_250 /* PBXTargetDependency */,
				OBJ_251 /* PBXTargetDependency */,
			);
			name = SioEffectsTests;
			productName = SioEffectsTests;
			productReference = "Sio::SioEffectsTests::Product" /* SioEffectsTests.xctest */;
			productType = "com.apple.product-type.bundle.unit-test";
		};
		"Sio::SioTests" /* SioTests */ = {
			isa = PBXNativeTarget;
			buildConfigurationList = OBJ_268 /* Build configuration list for PBXNativeTarget "SioTests" */;
			buildPhases = (
				OBJ_271 /* Sources */,
				OBJ_286 /* Frameworks */,
			);
			buildRules = (
			);
			dependencies = (
				OBJ_290 /* PBXTargetDependency */,
				OBJ_292 /* PBXTargetDependency */,
				OBJ_293 /* PBXTargetDependency */,
			);
			name = SioTests;
			productName = SioTests;
			productReference = "Sio::SioTests::Product" /* SioTests.xctest */;
			productType = "com.apple.product-type.bundle.unit-test";
		};
		"Sio::SioValueStore" /* SioValueStore */ = {
			isa = PBXNativeTarget;
			buildConfigurationList = OBJ_294 /* Build configuration list for PBXNativeTarget "SioValueStore" */;
			buildPhases = (
				OBJ_297 /* Sources */,
				OBJ_311 /* Frameworks */,
			);
			buildRules = (
			);
			dependencies = (
				OBJ_314 /* PBXTargetDependency */,
				OBJ_315 /* PBXTargetDependency */,
			);
			name = SioValueStore;
			productName = SioValueStore;
			productReference = "Sio::SioValueStore::Product" /* SioValueStore.framework */;
			productType = "com.apple.product-type.framework";
		};
		"Sio::SioValueStoreTests" /* SioValueStoreTests */ = {
			isa = PBXNativeTarget;
			buildConfigurationList = OBJ_316 /* Build configuration list for PBXNativeTarget "SioValueStoreTests" */;
			buildPhases = (
				OBJ_319 /* Sources */,
				OBJ_322 /* Frameworks */,
			);
			buildRules = (
			);
			dependencies = (
				OBJ_326 /* PBXTargetDependency */,
				OBJ_327 /* PBXTargetDependency */,
				OBJ_328 /* PBXTargetDependency */,
			);
			name = SioValueStoreTests;
			productName = SioValueStoreTests;
			productReference = "Sio::SioValueStoreTests::Product" /* SioValueStoreTests.xctest */;
			productType = "com.apple.product-type.bundle.unit-test";
		};
		"Sio::SwiftPMPackageDescription" /* SioPackageDescription */ = {
			isa = PBXNativeTarget;
			buildConfigurationList = OBJ_253 /* Build configuration list for PBXNativeTarget "SioPackageDescription" */;
			buildPhases = (
				OBJ_256 /* Sources */,
			);
			buildRules = (
			);
			dependencies = (
			);
			name = SioPackageDescription;
			productName = SioPackageDescription;
			productType = "com.apple.product-type.framework";
		};
/* End PBXNativeTarget section */

/* Begin PBXProject section */
		OBJ_1 /* Project object */ = {
			isa = PBXProject;
			attributes = {
				LastSwiftMigration = 9999;
				LastUpgradeCheck = 9999;
			};
			buildConfigurationList = OBJ_2 /* Build configuration list for PBXProject "Sio" */;
			compatibilityVersion = "Xcode 3.2";
			developmentRegion = English;
			hasScannedForEncodings = 0;
			knownRegions = (
				English,
				en,
			);
			mainGroup = OBJ_5 /*  */;
			productRefGroup = OBJ_121 /* Products */;
			projectDirPath = "";
			projectRoot = "";
			targets = (
				"Sio::Sio" /* Sio */,
				"Sio::SioCodec" /* SioCodec */,
				"Sio::SioCodecTests" /* SioCodecTests */,
				"Sio::SioEffects" /* SioEffects */,
				"Sio::SioEffectsTests" /* SioEffectsTests */,
				"Sio::SwiftPMPackageDescription" /* SioPackageDescription */,
				"Sio::SioPackageTests::ProductTarget" /* SioPackageTests */,
				"Sio::SioTests" /* SioTests */,
				"Sio::SioValueStore" /* SioValueStore */,
				"Sio::SioValueStoreTests" /* SioValueStoreTests */,
			);
		};
/* End PBXProject section */

/* Begin PBXSourcesBuildPhase section */
		OBJ_139 /* Sources */ = {
			isa = PBXSourcesBuildPhase;
			buildActionMask = 0;
			files = (
				OBJ_140 /* Array+SIO.swift in Sources */,
				OBJ_141 /* Collection+Chunks.swift in Sources */,
				OBJ_142 /* Compose.swift in Sources */,
				OBJ_143 /* Curry.swift in Sources */,
				OBJ_144 /* Either+Alt.swift in Sources */,
				OBJ_145 /* Either+Applicative.swift in Sources */,
				OBJ_146 /* Either+Codable.swift in Sources */,
				OBJ_147 /* Either+Error.swift in Sources */,
				OBJ_148 /* Either+Monad.swift in Sources */,
				OBJ_149 /* Either+Optional.swift in Sources */,
				OBJ_150 /* Either+Traversable.swift in Sources */,
				OBJ_151 /* Either+Zip.swift in Sources */,
				OBJ_152 /* Either.swift in Sources */,
				OBJ_153 /* Iso.swift in Sources */,
				OBJ_154 /* LocalURL.swift in Sources */,
				OBJ_155 /* NoSyncValue.swift in Sources */,
				OBJ_156 /* Operators.swift in Sources */,
				OBJ_157 /* PrecedenceGroups.swift in Sources */,
				OBJ_158 /* Prelude.swift in Sources */,
				OBJ_159 /* Ref.swift in Sources */,
				OBJ_160 /* Remove.swift in Sources */,
				OBJ_161 /* SIO+Adapt.swift in Sources */,
				OBJ_162 /* SIO+Alt.swift in Sources */,
				OBJ_163 /* SIO+Applicative.swift in Sources */,
				OBJ_164 /* SIO+BiFunctor.swift in Sources */,
				OBJ_165 /* SIO+BiMonad.swift in Sources */,
				OBJ_166 /* SIO+Bracket.swift in Sources */,
				OBJ_167 /* SIO+Contravariant.swift in Sources */,
				OBJ_168 /* SIO+Creation.swift in Sources */,
				OBJ_169 /* SIO+Delay.swift in Sources */,
				OBJ_170 /* SIO+Effects.swift in Sources */,
				OBJ_171 /* SIO+Either.swift in Sources */,
				OBJ_172 /* SIO+Error.swift in Sources */,
				OBJ_173 /* SIO+Events.swift in Sources */,
				OBJ_174 /* SIO+Flip.swift in Sources */,
				OBJ_175 /* SIO+Fold.swift in Sources */,
				OBJ_176 /* SIO+Functor.swift in Sources */,
				OBJ_177 /* SIO+Monad.swift in Sources */,
				OBJ_178 /* SIO+Optional.swift in Sources */,
				OBJ_179 /* SIO+Profunctor.swift in Sources */,
				OBJ_180 /* SIO+Race.swift in Sources */,
				OBJ_181 /* SIO+Ref.swift in Sources */,
				OBJ_182 /* SIO+Requirements.swift in Sources */,
				OBJ_183 /* SIO+Result.swift in Sources */,
				OBJ_184 /* SIO+Retry.swift in Sources */,
				OBJ_185 /* SIO+Run.swift in Sources */,
				OBJ_186 /* SIO+Schedule.swift in Sources */,
				OBJ_187 /* SIO+Tap.swift in Sources */,
				OBJ_188 /* SIO+Timeout.swift in Sources */,
				OBJ_189 /* SIO+Typealias.swift in Sources */,
				OBJ_190 /* SIO+Zip.swift in Sources */,
				OBJ_191 /* SIO.swift in Sources */,
				OBJ_192 /* SIOError.swift in Sources */,
				OBJ_193 /* SyncValue.swift in Sources */,
			);
			runOnlyForDeploymentPostprocessing = 0;
		};
		OBJ_199 /* Sources */ = {
			isa = PBXSourcesBuildPhase;
			buildActionMask = 0;
			files = (
				OBJ_200 /* Codec+Base64.swift in Sources */,
				OBJ_201 /* Codec+Data.swift in Sources */,
				OBJ_202 /* Codec+Int.swift in Sources */,
				OBJ_203 /* Codec+Iso.swift in Sources */,
				OBJ_204 /* Codec+JSON.swift in Sources */,
				OBJ_205 /* Codec.swift in Sources */,
				OBJ_206 /* SIO+Codec.swift in Sources */,
			);
			runOnlyForDeploymentPostprocessing = 0;
		};
		OBJ_214 /* Sources */ = {
			isa = PBXSourcesBuildPhase;
			buildActionMask = 0;
			files = (
				OBJ_215 /* SIOCodecBase64Tests.swift in Sources */,
				OBJ_216 /* SIOCodecUTF8Tests.swift in Sources */,
				OBJ_217 /* SioCodecIntTests.swift in Sources */,
				OBJ_218 /* SioCodecJSONTests.swift in Sources */,
				OBJ_219 /* SioCodecSIOTests.swift in Sources */,
				OBJ_220 /* SioCodecTests.swift in Sources */,
			);
			runOnlyForDeploymentPostprocessing = 0;
		};
		OBJ_230 /* Sources */ = {
			isa = PBXSourcesBuildPhase;
			buildActionMask = 0;
			files = (
				OBJ_231 /* AnyRandomNumberGenerator.swift in Sources */,
				OBJ_232 /* LCRNG.swift in Sources */,
				OBJ_233 /* SIO+Console.swift in Sources */,
				OBJ_234 /* SIO+Date.swift in Sources */,
				OBJ_235 /* SIO+FS.swift in Sources */,
				OBJ_236 /* SIO+Random.swift in Sources */,
			);
			runOnlyForDeploymentPostprocessing = 0;
		};
		OBJ_244 /* Sources */ = {
			isa = PBXSourcesBuildPhase;
			buildActionMask = 0;
			files = (
				OBJ_245 /* SioEffectsTests.swift in Sources */,
				OBJ_246 /* SioRandomTests.swift in Sources */,
			);
			runOnlyForDeploymentPostprocessing = 0;
		};
		OBJ_256 /* Sources */ = {
			isa = PBXSourcesBuildPhase;
			buildActionMask = 0;
			files = (
				OBJ_257 /* Package.swift in Sources */,
			);
			runOnlyForDeploymentPostprocessing = 0;
		};
		OBJ_271 /* Sources */ = {
			isa = PBXSourcesBuildPhase;
			buildActionMask = 0;
			files = (
				OBJ_272 /* Applicative.swift in Sources */,
				OBJ_273 /* Arrays.swift in Sources */,
				OBJ_274 /* BracketTests.swift in Sources */,
				OBJ_275 /* CancellationTests.swift in Sources */,
				OBJ_276 /* Chunked.swift in Sources */,
				OBJ_277 /* ConcurrencyTests.swift in Sources */,
				OBJ_278 /* Delay.swift in Sources */,
				OBJ_279 /* Functor.swift in Sources */,
				OBJ_280 /* LocalURLTests.swift in Sources */,
				OBJ_281 /* Monad.swift in Sources */,
				OBJ_282 /* RaceTests.swift in Sources */,
				OBJ_283 /* Retry.swift in Sources */,
				OBJ_284 /* SIOTests.swift in Sources */,
				OBJ_285 /* TimeoutTests.swift in Sources */,
			);
			runOnlyForDeploymentPostprocessing = 0;
		};
		OBJ_297 /* Sources */ = {
			isa = PBXSourcesBuildPhase;
			buildActionMask = 0;
			files = (
				OBJ_298 /* ValueStore+Array.swift in Sources */,
				OBJ_299 /* ValueStore+Codec.swift in Sources */,
				OBJ_300 /* ValueStore+Creation.swift in Sources */,
				OBJ_301 /* ValueStore+Error.swift in Sources */,
				OBJ_302 /* ValueStore+Iso.swift in Sources */,
				OBJ_303 /* ValueStore+Optional.swift in Sources */,
				OBJ_304 /* ValueStore+Profunctor.swift in Sources */,
				OBJ_305 /* ValueStore+Typealias.swift in Sources */,
				OBJ_306 /* ValueStore+UserDefaults.swift in Sources */,
				OBJ_307 /* ValueStore+Utils.swift in Sources */,
				OBJ_308 /* ValueStore+Zip.swift in Sources */,
				OBJ_309 /* ValueStore.swift in Sources */,
				OBJ_310 /* ValueStoreError.swift in Sources */,
			);
			runOnlyForDeploymentPostprocessing = 0;
		};
		OBJ_319 /* Sources */ = {
			isa = PBXSourcesBuildPhase;
			buildActionMask = 0;
			files = (
				OBJ_320 /* SioValueStoreJSONTests.swift in Sources */,
				OBJ_321 /* SioValueStoreTests.swift in Sources */,
			);
			runOnlyForDeploymentPostprocessing = 0;
		};
/* End PBXSourcesBuildPhase section */

/* Begin PBXTargetDependency section */
		OBJ_209 /* PBXTargetDependency */ = {
			isa = PBXTargetDependency;
			target = "Sio::Sio" /* Sio */;
			targetProxy = AC673369238FECB500B8ABAB /* PBXContainerItemProxy */;
		};
		OBJ_224 /* PBXTargetDependency */ = {
			isa = PBXTargetDependency;
			target = "Sio::SioCodec" /* SioCodec */;
			targetProxy = AC673370238FECB600B8ABAB /* PBXContainerItemProxy */;
		};
		OBJ_225 /* PBXTargetDependency */ = {
			isa = PBXTargetDependency;
			target = "Sio::Sio" /* Sio */;
			targetProxy = AC673371238FECB600B8ABAB /* PBXContainerItemProxy */;
		};
		OBJ_239 /* PBXTargetDependency */ = {
			isa = PBXTargetDependency;
			target = "Sio::Sio" /* Sio */;
			targetProxy = AC67336C238FECB500B8ABAB /* PBXContainerItemProxy */;
		};
		OBJ_250 /* PBXTargetDependency */ = {
			isa = PBXTargetDependency;
			target = "Sio::SioEffects" /* SioEffects */;
			targetProxy = AC673375238FECB600B8ABAB /* PBXContainerItemProxy */;
		};
		OBJ_251 /* PBXTargetDependency */ = {
			isa = PBXTargetDependency;
			target = "Sio::Sio" /* Sio */;
			targetProxy = AC673376238FECB600B8ABAB /* PBXContainerItemProxy */;
		};
		OBJ_262 /* PBXTargetDependency */ = {
			isa = PBXTargetDependency;
			target = "Sio::SioEffectsTests" /* SioEffectsTests */;
			targetProxy = AC673377238FECB600B8ABAB /* PBXContainerItemProxy */;
		};
		OBJ_263 /* PBXTargetDependency */ = {
			isa = PBXTargetDependency;
			target = "Sio::SioTests" /* SioTests */;
			targetProxy = AC673378238FECB600B8ABAB /* PBXContainerItemProxy */;
		};
		OBJ_265 /* PBXTargetDependency */ = {
			isa = PBXTargetDependency;
			target = "Sio::SioValueStoreTests" /* SioValueStoreTests */;
			targetProxy = AC673379238FECB600B8ABAB /* PBXContainerItemProxy */;
		};
		OBJ_267 /* PBXTargetDependency */ = {
			isa = PBXTargetDependency;
			target = "Sio::SioCodecTests" /* SioCodecTests */;
			targetProxy = AC67337A238FECB600B8ABAB /* PBXContainerItemProxy */;
		};
		OBJ_290 /* PBXTargetDependency */ = {
			isa = PBXTargetDependency;
			target = "Sio::SioValueStore" /* SioValueStore */;
			targetProxy = AC673372238FECB600B8ABAB /* PBXContainerItemProxy */;
		};
		OBJ_292 /* PBXTargetDependency */ = {
			isa = PBXTargetDependency;
			target = "Sio::SioCodec" /* SioCodec */;
			targetProxy = AC673373238FECB600B8ABAB /* PBXContainerItemProxy */;
		};
		OBJ_293 /* PBXTargetDependency */ = {
			isa = PBXTargetDependency;
			target = "Sio::Sio" /* Sio */;
			targetProxy = AC673374238FECB600B8ABAB /* PBXContainerItemProxy */;
		};
		OBJ_314 /* PBXTargetDependency */ = {
			isa = PBXTargetDependency;
			target = "Sio::SioCodec" /* SioCodec */;
			targetProxy = AC67336A238FECB500B8ABAB /* PBXContainerItemProxy */;
		};
		OBJ_315 /* PBXTargetDependency */ = {
			isa = PBXTargetDependency;
			target = "Sio::Sio" /* Sio */;
			targetProxy = AC67336B238FECB500B8ABAB /* PBXContainerItemProxy */;
		};
		OBJ_326 /* PBXTargetDependency */ = {
			isa = PBXTargetDependency;
			target = "Sio::SioValueStore" /* SioValueStore */;
			targetProxy = AC67336D238FECB600B8ABAB /* PBXContainerItemProxy */;
		};
		OBJ_327 /* PBXTargetDependency */ = {
			isa = PBXTargetDependency;
			target = "Sio::SioCodec" /* SioCodec */;
			targetProxy = AC67336E238FECB600B8ABAB /* PBXContainerItemProxy */;
		};
		OBJ_328 /* PBXTargetDependency */ = {
			isa = PBXTargetDependency;
			target = "Sio::Sio" /* Sio */;
			targetProxy = AC67336F238FECB600B8ABAB /* PBXContainerItemProxy */;
		};
/* End PBXTargetDependency section */

/* Begin XCBuildConfiguration section */
		OBJ_137 /* Debug */ = {
			isa = XCBuildConfiguration;
			buildSettings = {
				ENABLE_TESTABILITY = YES;
				FRAMEWORK_SEARCH_PATHS = (
					"$(inherited)",
					"$(PLATFORM_DIR)/Developer/Library/Frameworks",
				);
				HEADER_SEARCH_PATHS = "$(inherited)";
				INFOPLIST_FILE = Sio.xcodeproj/Sio_Info.plist;
				IPHONEOS_DEPLOYMENT_TARGET = 10.0;
				LD_RUNPATH_SEARCH_PATHS = "$(inherited) $(TOOLCHAIN_DIR)/usr/lib/swift/macosx";
				MACOSX_DEPLOYMENT_TARGET = 10.11;
				MARKETING_VERSION = 0.1;
				OTHER_CFLAGS = "$(inherited)";
				OTHER_LDFLAGS = "$(inherited)";
				OTHER_SWIFT_FLAGS = "$(inherited)";
				PRODUCT_BUNDLE_IDENTIFIER = Sio;
				PRODUCT_MODULE_NAME = "$(TARGET_NAME:c99extidentifier)";
				PRODUCT_NAME = "$(TARGET_NAME:c99extidentifier)";
				SKIP_INSTALL = YES;
				SWIFT_ACTIVE_COMPILATION_CONDITIONS = "$(inherited)";
				SWIFT_VERSION = 5.0;
				TARGET_NAME = Sio;
				TVOS_DEPLOYMENT_TARGET = 9.0;
				WATCHOS_DEPLOYMENT_TARGET = 2.0;
			};
			name = Debug;
		};
		OBJ_138 /* Release */ = {
			isa = XCBuildConfiguration;
			buildSettings = {
				ENABLE_TESTABILITY = YES;
				FRAMEWORK_SEARCH_PATHS = (
					"$(inherited)",
					"$(PLATFORM_DIR)/Developer/Library/Frameworks",
				);
				HEADER_SEARCH_PATHS = "$(inherited)";
				INFOPLIST_FILE = Sio.xcodeproj/Sio_Info.plist;
				IPHONEOS_DEPLOYMENT_TARGET = 10.0;
				LD_RUNPATH_SEARCH_PATHS = "$(inherited) $(TOOLCHAIN_DIR)/usr/lib/swift/macosx";
				MACOSX_DEPLOYMENT_TARGET = 10.11;
				MARKETING_VERSION = 0.1;
				OTHER_CFLAGS = "$(inherited)";
				OTHER_LDFLAGS = "$(inherited)";
				OTHER_SWIFT_FLAGS = "$(inherited)";
				PRODUCT_BUNDLE_IDENTIFIER = Sio;
				PRODUCT_MODULE_NAME = "$(TARGET_NAME:c99extidentifier)";
				PRODUCT_NAME = "$(TARGET_NAME:c99extidentifier)";
				SKIP_INSTALL = YES;
				SWIFT_ACTIVE_COMPILATION_CONDITIONS = "$(inherited)";
				SWIFT_VERSION = 5.0;
				TARGET_NAME = Sio;
				TVOS_DEPLOYMENT_TARGET = 9.0;
				WATCHOS_DEPLOYMENT_TARGET = 2.0;
			};
			name = Release;
		};
		OBJ_197 /* Debug */ = {
			isa = XCBuildConfiguration;
			buildSettings = {
				ENABLE_TESTABILITY = YES;
				FRAMEWORK_SEARCH_PATHS = (
					"$(inherited)",
					"$(PLATFORM_DIR)/Developer/Library/Frameworks",
				);
				HEADER_SEARCH_PATHS = "$(inherited)";
				INFOPLIST_FILE = Sio.xcodeproj/SioCodec_Info.plist;
				IPHONEOS_DEPLOYMENT_TARGET = 10.0;
				LD_RUNPATH_SEARCH_PATHS = "$(inherited) $(TOOLCHAIN_DIR)/usr/lib/swift/macosx";
				MACOSX_DEPLOYMENT_TARGET = 10.11;
				MARKETING_VERSION = 0.1;
				OTHER_CFLAGS = "$(inherited)";
				OTHER_LDFLAGS = "$(inherited)";
				OTHER_SWIFT_FLAGS = "$(inherited)";
				PRODUCT_BUNDLE_IDENTIFIER = SioCodec;
				PRODUCT_MODULE_NAME = "$(TARGET_NAME:c99extidentifier)";
				PRODUCT_NAME = "$(TARGET_NAME:c99extidentifier)";
				SKIP_INSTALL = YES;
				SWIFT_ACTIVE_COMPILATION_CONDITIONS = "$(inherited)";
				SWIFT_VERSION = 5.0;
				TARGET_NAME = SioCodec;
				TVOS_DEPLOYMENT_TARGET = 9.0;
				WATCHOS_DEPLOYMENT_TARGET = 2.0;
			};
			name = Debug;
		};
		OBJ_198 /* Release */ = {
			isa = XCBuildConfiguration;
			buildSettings = {
				ENABLE_TESTABILITY = YES;
				FRAMEWORK_SEARCH_PATHS = (
					"$(inherited)",
					"$(PLATFORM_DIR)/Developer/Library/Frameworks",
				);
				HEADER_SEARCH_PATHS = "$(inherited)";
				INFOPLIST_FILE = Sio.xcodeproj/SioCodec_Info.plist;
				IPHONEOS_DEPLOYMENT_TARGET = 10.0;
				LD_RUNPATH_SEARCH_PATHS = "$(inherited) $(TOOLCHAIN_DIR)/usr/lib/swift/macosx";
				MACOSX_DEPLOYMENT_TARGET = 10.11;
				MARKETING_VERSION = 0.1;
				OTHER_CFLAGS = "$(inherited)";
				OTHER_LDFLAGS = "$(inherited)";
				OTHER_SWIFT_FLAGS = "$(inherited)";
				PRODUCT_BUNDLE_IDENTIFIER = SioCodec;
				PRODUCT_MODULE_NAME = "$(TARGET_NAME:c99extidentifier)";
				PRODUCT_NAME = "$(TARGET_NAME:c99extidentifier)";
				SKIP_INSTALL = YES;
				SWIFT_ACTIVE_COMPILATION_CONDITIONS = "$(inherited)";
				SWIFT_VERSION = 5.0;
				TARGET_NAME = SioCodec;
				TVOS_DEPLOYMENT_TARGET = 9.0;
				WATCHOS_DEPLOYMENT_TARGET = 2.0;
			};
			name = Release;
		};
		OBJ_212 /* Debug */ = {
			isa = XCBuildConfiguration;
			buildSettings = {
				CLANG_ENABLE_MODULES = YES;
				EMBEDDED_CONTENT_CONTAINS_SWIFT = YES;
				FRAMEWORK_SEARCH_PATHS = (
					"$(inherited)",
					"$(PLATFORM_DIR)/Developer/Library/Frameworks",
				);
				HEADER_SEARCH_PATHS = "$(inherited)";
				INFOPLIST_FILE = Sio.xcodeproj/SioCodecTests_Info.plist;
				IPHONEOS_DEPLOYMENT_TARGET = 10.0;
				LD_RUNPATH_SEARCH_PATHS = "$(inherited) @loader_path/../Frameworks @loader_path/Frameworks";
				MACOSX_DEPLOYMENT_TARGET = 10.11;
				OTHER_CFLAGS = "$(inherited)";
				OTHER_LDFLAGS = "$(inherited)";
				OTHER_SWIFT_FLAGS = "$(inherited)";
				SWIFT_ACTIVE_COMPILATION_CONDITIONS = "$(inherited)";
				SWIFT_VERSION = 5.0;
				TARGET_NAME = SioCodecTests;
				TVOS_DEPLOYMENT_TARGET = 9.0;
				WATCHOS_DEPLOYMENT_TARGET = 2.0;
			};
			name = Debug;
		};
		OBJ_213 /* Release */ = {
			isa = XCBuildConfiguration;
			buildSettings = {
				CLANG_ENABLE_MODULES = YES;
				EMBEDDED_CONTENT_CONTAINS_SWIFT = YES;
				FRAMEWORK_SEARCH_PATHS = (
					"$(inherited)",
					"$(PLATFORM_DIR)/Developer/Library/Frameworks",
				);
				HEADER_SEARCH_PATHS = "$(inherited)";
				INFOPLIST_FILE = Sio.xcodeproj/SioCodecTests_Info.plist;
				IPHONEOS_DEPLOYMENT_TARGET = 10.0;
				LD_RUNPATH_SEARCH_PATHS = "$(inherited) @loader_path/../Frameworks @loader_path/Frameworks";
				MACOSX_DEPLOYMENT_TARGET = 10.11;
				OTHER_CFLAGS = "$(inherited)";
				OTHER_LDFLAGS = "$(inherited)";
				OTHER_SWIFT_FLAGS = "$(inherited)";
				SWIFT_ACTIVE_COMPILATION_CONDITIONS = "$(inherited)";
				SWIFT_VERSION = 5.0;
				TARGET_NAME = SioCodecTests;
				TVOS_DEPLOYMENT_TARGET = 9.0;
				WATCHOS_DEPLOYMENT_TARGET = 2.0;
			};
			name = Release;
		};
		OBJ_228 /* Debug */ = {
			isa = XCBuildConfiguration;
			buildSettings = {
				ENABLE_TESTABILITY = YES;
				FRAMEWORK_SEARCH_PATHS = (
					"$(inherited)",
					"$(PLATFORM_DIR)/Developer/Library/Frameworks",
				);
				HEADER_SEARCH_PATHS = "$(inherited)";
				INFOPLIST_FILE = Sio.xcodeproj/SioEffects_Info.plist;
				IPHONEOS_DEPLOYMENT_TARGET = 10.0;
				LD_RUNPATH_SEARCH_PATHS = "$(inherited) $(TOOLCHAIN_DIR)/usr/lib/swift/macosx";
				MACOSX_DEPLOYMENT_TARGET = 10.11;
				MARKETING_VERSION = 0.1;
				OTHER_CFLAGS = "$(inherited)";
				OTHER_LDFLAGS = "$(inherited)";
				OTHER_SWIFT_FLAGS = "$(inherited)";
				PRODUCT_BUNDLE_IDENTIFIER = SioEffects;
				PRODUCT_MODULE_NAME = "$(TARGET_NAME:c99extidentifier)";
				PRODUCT_NAME = "$(TARGET_NAME:c99extidentifier)";
				SKIP_INSTALL = YES;
				SWIFT_ACTIVE_COMPILATION_CONDITIONS = "$(inherited)";
				SWIFT_VERSION = 5.0;
				TARGET_NAME = SioEffects;
				TVOS_DEPLOYMENT_TARGET = 9.0;
				WATCHOS_DEPLOYMENT_TARGET = 2.0;
			};
			name = Debug;
		};
		OBJ_229 /* Release */ = {
			isa = XCBuildConfiguration;
			buildSettings = {
				ENABLE_TESTABILITY = YES;
				FRAMEWORK_SEARCH_PATHS = (
					"$(inherited)",
					"$(PLATFORM_DIR)/Developer/Library/Frameworks",
				);
				HEADER_SEARCH_PATHS = "$(inherited)";
				INFOPLIST_FILE = Sio.xcodeproj/SioEffects_Info.plist;
				IPHONEOS_DEPLOYMENT_TARGET = 10.0;
				LD_RUNPATH_SEARCH_PATHS = "$(inherited) $(TOOLCHAIN_DIR)/usr/lib/swift/macosx";
				MACOSX_DEPLOYMENT_TARGET = 10.11;
				MARKETING_VERSION = 0.1;
				OTHER_CFLAGS = "$(inherited)";
				OTHER_LDFLAGS = "$(inherited)";
				OTHER_SWIFT_FLAGS = "$(inherited)";
				PRODUCT_BUNDLE_IDENTIFIER = SioEffects;
				PRODUCT_MODULE_NAME = "$(TARGET_NAME:c99extidentifier)";
				PRODUCT_NAME = "$(TARGET_NAME:c99extidentifier)";
				SKIP_INSTALL = YES;
				SWIFT_ACTIVE_COMPILATION_CONDITIONS = "$(inherited)";
				SWIFT_VERSION = 5.0;
				TARGET_NAME = SioEffects;
				TVOS_DEPLOYMENT_TARGET = 9.0;
				WATCHOS_DEPLOYMENT_TARGET = 2.0;
			};
			name = Release;
		};
		OBJ_242 /* Debug */ = {
			isa = XCBuildConfiguration;
			buildSettings = {
				CLANG_ENABLE_MODULES = YES;
				EMBEDDED_CONTENT_CONTAINS_SWIFT = YES;
				FRAMEWORK_SEARCH_PATHS = (
					"$(inherited)",
					"$(PLATFORM_DIR)/Developer/Library/Frameworks",
				);
				HEADER_SEARCH_PATHS = "$(inherited)";
				INFOPLIST_FILE = Sio.xcodeproj/SioEffectsTests_Info.plist;
				IPHONEOS_DEPLOYMENT_TARGET = 10.0;
				LD_RUNPATH_SEARCH_PATHS = "$(inherited) @loader_path/../Frameworks @loader_path/Frameworks";
				MACOSX_DEPLOYMENT_TARGET = 10.11;
				OTHER_CFLAGS = "$(inherited)";
				OTHER_LDFLAGS = "$(inherited)";
				OTHER_SWIFT_FLAGS = "$(inherited)";
				SWIFT_ACTIVE_COMPILATION_CONDITIONS = "$(inherited)";
				SWIFT_VERSION = 5.0;
				TARGET_NAME = SioEffectsTests;
				TVOS_DEPLOYMENT_TARGET = 9.0;
				WATCHOS_DEPLOYMENT_TARGET = 2.0;
			};
			name = Debug;
		};
		OBJ_243 /* Release */ = {
			isa = XCBuildConfiguration;
			buildSettings = {
				CLANG_ENABLE_MODULES = YES;
				EMBEDDED_CONTENT_CONTAINS_SWIFT = YES;
				FRAMEWORK_SEARCH_PATHS = (
					"$(inherited)",
					"$(PLATFORM_DIR)/Developer/Library/Frameworks",
				);
				HEADER_SEARCH_PATHS = "$(inherited)";
				INFOPLIST_FILE = Sio.xcodeproj/SioEffectsTests_Info.plist;
				IPHONEOS_DEPLOYMENT_TARGET = 10.0;
				LD_RUNPATH_SEARCH_PATHS = "$(inherited) @loader_path/../Frameworks @loader_path/Frameworks";
				MACOSX_DEPLOYMENT_TARGET = 10.11;
				OTHER_CFLAGS = "$(inherited)";
				OTHER_LDFLAGS = "$(inherited)";
				OTHER_SWIFT_FLAGS = "$(inherited)";
				SWIFT_ACTIVE_COMPILATION_CONDITIONS = "$(inherited)";
				SWIFT_VERSION = 5.0;
				TARGET_NAME = SioEffectsTests;
				TVOS_DEPLOYMENT_TARGET = 9.0;
				WATCHOS_DEPLOYMENT_TARGET = 2.0;
			};
			name = Release;
		};
		OBJ_254 /* Debug */ = {
			isa = XCBuildConfiguration;
			buildSettings = {
				LD = /usr/bin/true;
				OTHER_SWIFT_FLAGS = "-swift-version 5 -I $(TOOLCHAIN_DIR)/usr/lib/swift/pm/4_2 -target x86_64-apple-macosx10.10 -sdk /Applications/Xcode.app/Contents/Developer/Platforms/MacOSX.platform/Developer/SDKs/MacOSX10.14.sdk";
				SWIFT_VERSION = 5.0;
			};
			name = Debug;
		};
		OBJ_255 /* Release */ = {
			isa = XCBuildConfiguration;
			buildSettings = {
				LD = /usr/bin/true;
				OTHER_SWIFT_FLAGS = "-swift-version 5 -I $(TOOLCHAIN_DIR)/usr/lib/swift/pm/4_2 -target x86_64-apple-macosx10.10 -sdk /Applications/Xcode.app/Contents/Developer/Platforms/MacOSX.platform/Developer/SDKs/MacOSX10.14.sdk";
				SWIFT_VERSION = 5.0;
			};
			name = Release;
		};
		OBJ_260 /* Debug */ = {
			isa = XCBuildConfiguration;
			buildSettings = {
			};
			name = Debug;
		};
		OBJ_261 /* Release */ = {
			isa = XCBuildConfiguration;
			buildSettings = {
			};
			name = Release;
		};
		OBJ_269 /* Debug */ = {
			isa = XCBuildConfiguration;
			buildSettings = {
				CLANG_ENABLE_MODULES = YES;
				EMBEDDED_CONTENT_CONTAINS_SWIFT = YES;
				FRAMEWORK_SEARCH_PATHS = (
					"$(inherited)",
					"$(PLATFORM_DIR)/Developer/Library/Frameworks",
				);
				HEADER_SEARCH_PATHS = "$(inherited)";
				INFOPLIST_FILE = Sio.xcodeproj/SioTests_Info.plist;
				IPHONEOS_DEPLOYMENT_TARGET = 10.0;
				LD_RUNPATH_SEARCH_PATHS = "$(inherited) @loader_path/../Frameworks @loader_path/Frameworks";
				MACOSX_DEPLOYMENT_TARGET = 10.11;
				OTHER_CFLAGS = "$(inherited)";
				OTHER_LDFLAGS = "$(inherited)";
				OTHER_SWIFT_FLAGS = "$(inherited)";
				SWIFT_ACTIVE_COMPILATION_CONDITIONS = "$(inherited)";
				SWIFT_VERSION = 5.0;
				TARGET_NAME = SioTests;
				TVOS_DEPLOYMENT_TARGET = 9.0;
				WATCHOS_DEPLOYMENT_TARGET = 2.0;
			};
			name = Debug;
		};
		OBJ_270 /* Release */ = {
			isa = XCBuildConfiguration;
			buildSettings = {
				CLANG_ENABLE_MODULES = YES;
				EMBEDDED_CONTENT_CONTAINS_SWIFT = YES;
				FRAMEWORK_SEARCH_PATHS = (
					"$(inherited)",
					"$(PLATFORM_DIR)/Developer/Library/Frameworks",
				);
				HEADER_SEARCH_PATHS = "$(inherited)";
				INFOPLIST_FILE = Sio.xcodeproj/SioTests_Info.plist;
				IPHONEOS_DEPLOYMENT_TARGET = 10.0;
				LD_RUNPATH_SEARCH_PATHS = "$(inherited) @loader_path/../Frameworks @loader_path/Frameworks";
				MACOSX_DEPLOYMENT_TARGET = 10.11;
				OTHER_CFLAGS = "$(inherited)";
				OTHER_LDFLAGS = "$(inherited)";
				OTHER_SWIFT_FLAGS = "$(inherited)";
				SWIFT_ACTIVE_COMPILATION_CONDITIONS = "$(inherited)";
				SWIFT_VERSION = 5.0;
				TARGET_NAME = SioTests;
				TVOS_DEPLOYMENT_TARGET = 9.0;
				WATCHOS_DEPLOYMENT_TARGET = 2.0;
			};
			name = Release;
		};
		OBJ_295 /* Debug */ = {
			isa = XCBuildConfiguration;
			buildSettings = {
				ENABLE_TESTABILITY = YES;
				FRAMEWORK_SEARCH_PATHS = (
					"$(inherited)",
					"$(PLATFORM_DIR)/Developer/Library/Frameworks",
				);
				HEADER_SEARCH_PATHS = "$(inherited)";
				INFOPLIST_FILE = Sio.xcodeproj/SioValueStore_Info.plist;
				IPHONEOS_DEPLOYMENT_TARGET = 10.0;
				LD_RUNPATH_SEARCH_PATHS = "$(inherited) $(TOOLCHAIN_DIR)/usr/lib/swift/macosx";
				MACOSX_DEPLOYMENT_TARGET = 10.11;
				MARKETING_VERSION = 0.1;
				OTHER_CFLAGS = "$(inherited)";
				OTHER_LDFLAGS = "$(inherited)";
				OTHER_SWIFT_FLAGS = "$(inherited)";
				PRODUCT_BUNDLE_IDENTIFIER = SioValueStore;
				PRODUCT_MODULE_NAME = "$(TARGET_NAME:c99extidentifier)";
				PRODUCT_NAME = "$(TARGET_NAME:c99extidentifier)";
				SKIP_INSTALL = YES;
				SWIFT_ACTIVE_COMPILATION_CONDITIONS = "$(inherited)";
				SWIFT_VERSION = 5.0;
				TARGET_NAME = SioValueStore;
				TVOS_DEPLOYMENT_TARGET = 9.0;
				WATCHOS_DEPLOYMENT_TARGET = 2.0;
			};
			name = Debug;
		};
		OBJ_296 /* Release */ = {
			isa = XCBuildConfiguration;
			buildSettings = {
				ENABLE_TESTABILITY = YES;
				FRAMEWORK_SEARCH_PATHS = (
					"$(inherited)",
					"$(PLATFORM_DIR)/Developer/Library/Frameworks",
				);
				HEADER_SEARCH_PATHS = "$(inherited)";
				INFOPLIST_FILE = Sio.xcodeproj/SioValueStore_Info.plist;
				IPHONEOS_DEPLOYMENT_TARGET = 10.0;
				LD_RUNPATH_SEARCH_PATHS = "$(inherited) $(TOOLCHAIN_DIR)/usr/lib/swift/macosx";
				MACOSX_DEPLOYMENT_TARGET = 10.11;
				MARKETING_VERSION = 0.1;
				OTHER_CFLAGS = "$(inherited)";
				OTHER_LDFLAGS = "$(inherited)";
				OTHER_SWIFT_FLAGS = "$(inherited)";
				PRODUCT_BUNDLE_IDENTIFIER = SioValueStore;
				PRODUCT_MODULE_NAME = "$(TARGET_NAME:c99extidentifier)";
				PRODUCT_NAME = "$(TARGET_NAME:c99extidentifier)";
				SKIP_INSTALL = YES;
				SWIFT_ACTIVE_COMPILATION_CONDITIONS = "$(inherited)";
				SWIFT_VERSION = 5.0;
				TARGET_NAME = SioValueStore;
				TVOS_DEPLOYMENT_TARGET = 9.0;
				WATCHOS_DEPLOYMENT_TARGET = 2.0;
			};
			name = Release;
		};
		OBJ_3 /* Debug */ = {
			isa = XCBuildConfiguration;
			buildSettings = {
				CLANG_ENABLE_OBJC_ARC = YES;
				COMBINE_HIDPI_IMAGES = YES;
				COPY_PHASE_STRIP = NO;
				DEBUG_INFORMATION_FORMAT = dwarf;
				DYLIB_INSTALL_NAME_BASE = "@rpath";
				ENABLE_NS_ASSERTIONS = YES;
				GCC_OPTIMIZATION_LEVEL = 0;
				GCC_PREPROCESSOR_DEFINITIONS = (
					"$(inherited)",
					"SWIFT_PACKAGE=1",
					"DEBUG=1",
				);
				MACOSX_DEPLOYMENT_TARGET = 10.10;
				ONLY_ACTIVE_ARCH = YES;
				OTHER_SWIFT_FLAGS = "-DXcode";
				PRODUCT_NAME = "$(TARGET_NAME)";
				SDKROOT = macosx;
				SUPPORTED_PLATFORMS = "macosx iphoneos iphonesimulator appletvos appletvsimulator watchos watchsimulator";
				SWIFT_ACTIVE_COMPILATION_CONDITIONS = "$(inherited) SWIFT_PACKAGE DEBUG";
				SWIFT_OPTIMIZATION_LEVEL = "-Onone";
				USE_HEADERMAP = NO;
			};
			name = Debug;
		};
		OBJ_317 /* Debug */ = {
			isa = XCBuildConfiguration;
			buildSettings = {
				CLANG_ENABLE_MODULES = YES;
				EMBEDDED_CONTENT_CONTAINS_SWIFT = YES;
				FRAMEWORK_SEARCH_PATHS = (
					"$(inherited)",
					"$(PLATFORM_DIR)/Developer/Library/Frameworks",
				);
				HEADER_SEARCH_PATHS = "$(inherited)";
				INFOPLIST_FILE = Sio.xcodeproj/SioValueStoreTests_Info.plist;
				IPHONEOS_DEPLOYMENT_TARGET = 10.0;
				LD_RUNPATH_SEARCH_PATHS = "$(inherited) @loader_path/../Frameworks @loader_path/Frameworks";
				MACOSX_DEPLOYMENT_TARGET = 10.11;
				OTHER_CFLAGS = "$(inherited)";
				OTHER_LDFLAGS = "$(inherited)";
				OTHER_SWIFT_FLAGS = "$(inherited)";
				SWIFT_ACTIVE_COMPILATION_CONDITIONS = "$(inherited)";
				SWIFT_VERSION = 5.0;
				TARGET_NAME = SioValueStoreTests;
				TVOS_DEPLOYMENT_TARGET = 9.0;
				WATCHOS_DEPLOYMENT_TARGET = 2.0;
			};
			name = Debug;
		};
		OBJ_318 /* Release */ = {
			isa = XCBuildConfiguration;
			buildSettings = {
				CLANG_ENABLE_MODULES = YES;
				EMBEDDED_CONTENT_CONTAINS_SWIFT = YES;
				FRAMEWORK_SEARCH_PATHS = (
					"$(inherited)",
					"$(PLATFORM_DIR)/Developer/Library/Frameworks",
				);
				HEADER_SEARCH_PATHS = "$(inherited)";
				INFOPLIST_FILE = Sio.xcodeproj/SioValueStoreTests_Info.plist;
				IPHONEOS_DEPLOYMENT_TARGET = 10.0;
				LD_RUNPATH_SEARCH_PATHS = "$(inherited) @loader_path/../Frameworks @loader_path/Frameworks";
				MACOSX_DEPLOYMENT_TARGET = 10.11;
				OTHER_CFLAGS = "$(inherited)";
				OTHER_LDFLAGS = "$(inherited)";
				OTHER_SWIFT_FLAGS = "$(inherited)";
				SWIFT_ACTIVE_COMPILATION_CONDITIONS = "$(inherited)";
				SWIFT_VERSION = 5.0;
				TARGET_NAME = SioValueStoreTests;
				TVOS_DEPLOYMENT_TARGET = 9.0;
				WATCHOS_DEPLOYMENT_TARGET = 2.0;
			};
			name = Release;
		};
		OBJ_4 /* Release */ = {
			isa = XCBuildConfiguration;
			buildSettings = {
				CLANG_ENABLE_OBJC_ARC = YES;
				COMBINE_HIDPI_IMAGES = YES;
				COPY_PHASE_STRIP = YES;
				DEBUG_INFORMATION_FORMAT = "dwarf-with-dsym";
				DYLIB_INSTALL_NAME_BASE = "@rpath";
				GCC_OPTIMIZATION_LEVEL = s;
				GCC_PREPROCESSOR_DEFINITIONS = (
					"$(inherited)",
					"SWIFT_PACKAGE=1",
				);
				MACOSX_DEPLOYMENT_TARGET = 10.10;
				OTHER_SWIFT_FLAGS = "-DXcode";
				PRODUCT_NAME = "$(TARGET_NAME)";
				SDKROOT = macosx;
				SUPPORTED_PLATFORMS = "macosx iphoneos iphonesimulator appletvos appletvsimulator watchos watchsimulator";
				SWIFT_ACTIVE_COMPILATION_CONDITIONS = "$(inherited) SWIFT_PACKAGE";
				SWIFT_OPTIMIZATION_LEVEL = "-Owholemodule";
				USE_HEADERMAP = NO;
			};
			name = Release;
		};
/* End XCBuildConfiguration section */

/* Begin XCConfigurationList section */
		OBJ_136 /* Build configuration list for PBXNativeTarget "Sio" */ = {
			isa = XCConfigurationList;
			buildConfigurations = (
				OBJ_137 /* Debug */,
				OBJ_138 /* Release */,
			);
			defaultConfigurationIsVisible = 0;
			defaultConfigurationName = Release;
		};
		OBJ_196 /* Build configuration list for PBXNativeTarget "SioCodec" */ = {
			isa = XCConfigurationList;
			buildConfigurations = (
				OBJ_197 /* Debug */,
				OBJ_198 /* Release */,
			);
			defaultConfigurationIsVisible = 0;
			defaultConfigurationName = Release;
		};
		OBJ_2 /* Build configuration list for PBXProject "Sio" */ = {
			isa = XCConfigurationList;
			buildConfigurations = (
				OBJ_3 /* Debug */,
				OBJ_4 /* Release */,
			);
			defaultConfigurationIsVisible = 0;
			defaultConfigurationName = Release;
		};
		OBJ_211 /* Build configuration list for PBXNativeTarget "SioCodecTests" */ = {
			isa = XCConfigurationList;
			buildConfigurations = (
				OBJ_212 /* Debug */,
				OBJ_213 /* Release */,
			);
			defaultConfigurationIsVisible = 0;
			defaultConfigurationName = Release;
		};
		OBJ_227 /* Build configuration list for PBXNativeTarget "SioEffects" */ = {
			isa = XCConfigurationList;
			buildConfigurations = (
				OBJ_228 /* Debug */,
				OBJ_229 /* Release */,
			);
			defaultConfigurationIsVisible = 0;
			defaultConfigurationName = Release;
		};
		OBJ_241 /* Build configuration list for PBXNativeTarget "SioEffectsTests" */ = {
			isa = XCConfigurationList;
			buildConfigurations = (
				OBJ_242 /* Debug */,
				OBJ_243 /* Release */,
			);
			defaultConfigurationIsVisible = 0;
			defaultConfigurationName = Release;
		};
		OBJ_253 /* Build configuration list for PBXNativeTarget "SioPackageDescription" */ = {
			isa = XCConfigurationList;
			buildConfigurations = (
				OBJ_254 /* Debug */,
				OBJ_255 /* Release */,
			);
			defaultConfigurationIsVisible = 0;
			defaultConfigurationName = Release;
		};
		OBJ_259 /* Build configuration list for PBXAggregateTarget "SioPackageTests" */ = {
			isa = XCConfigurationList;
			buildConfigurations = (
				OBJ_260 /* Debug */,
				OBJ_261 /* Release */,
			);
			defaultConfigurationIsVisible = 0;
			defaultConfigurationName = Release;
		};
		OBJ_268 /* Build configuration list for PBXNativeTarget "SioTests" */ = {
			isa = XCConfigurationList;
			buildConfigurations = (
				OBJ_269 /* Debug */,
				OBJ_270 /* Release */,
			);
			defaultConfigurationIsVisible = 0;
			defaultConfigurationName = Release;
		};
		OBJ_294 /* Build configuration list for PBXNativeTarget "SioValueStore" */ = {
			isa = XCConfigurationList;
			buildConfigurations = (
				OBJ_295 /* Debug */,
				OBJ_296 /* Release */,
			);
			defaultConfigurationIsVisible = 0;
			defaultConfigurationName = Release;
		};
		OBJ_316 /* Build configuration list for PBXNativeTarget "SioValueStoreTests" */ = {
			isa = XCConfigurationList;
			buildConfigurations = (
				OBJ_317 /* Debug */,
				OBJ_318 /* Release */,
			);
			defaultConfigurationIsVisible = 0;
			defaultConfigurationName = Release;
		};
/* End XCConfigurationList section */
	};
	rootObject = OBJ_1 /* Project object */;
}
