// !$*UTF8*$!
{
	archiveVersion = 1;
	classes = {
	};
	objectVersion = 46;
	objects = {

/* Begin PBXAggregateTarget section */
		"Sio::SioPackageTests::ProductTarget" /* SioPackageTests */ = {
			isa = PBXAggregateTarget;
			buildConfigurationList = OBJ_178 /* Build configuration list for PBXAggregateTarget "SioPackageTests" */;
			buildPhases = (
			);
			dependencies = (
				OBJ_181 /* PBXTargetDependency */,
				OBJ_183 /* PBXTargetDependency */,
				OBJ_184 /* PBXTargetDependency */,
			);
			name = SioPackageTests;
			productName = SioPackageTests;
		};
/* End PBXAggregateTarget section */

/* Begin PBXBuildFile section */
		ACCB012E22C264BE008FDA73 /* ValueStore+Typealias.swift in Sources */ = {isa = PBXBuildFile; fileRef = ACCB012D22C264BE008FDA73 /* ValueStore+Typealias.swift */; };
		ACCB013322C26F99008FDA73 /* SIO+Tap.swift in Sources */ = {isa = PBXBuildFile; fileRef = ACCB013222C26F99008FDA73 /* SIO+Tap.swift */; };
		OBJ_100 /* Array+SIO.swift in Sources */ = {isa = PBXBuildFile; fileRef = OBJ_9 /* Array+SIO.swift */; };
		OBJ_101 /* Collection+Chunks.swift in Sources */ = {isa = PBXBuildFile; fileRef = OBJ_10 /* Collection+Chunks.swift */; };
		OBJ_102 /* Compose.swift in Sources */ = {isa = PBXBuildFile; fileRef = OBJ_11 /* Compose.swift */; };
		OBJ_103 /* Curry.swift in Sources */ = {isa = PBXBuildFile; fileRef = OBJ_12 /* Curry.swift */; };
		OBJ_104 /* Either+Alt.swift in Sources */ = {isa = PBXBuildFile; fileRef = OBJ_13 /* Either+Alt.swift */; };
		OBJ_105 /* Either+Applicative.swift in Sources */ = {isa = PBXBuildFile; fileRef = OBJ_14 /* Either+Applicative.swift */; };
		OBJ_106 /* Either+Codable.swift in Sources */ = {isa = PBXBuildFile; fileRef = OBJ_15 /* Either+Codable.swift */; };
		OBJ_107 /* Either+Error.swift in Sources */ = {isa = PBXBuildFile; fileRef = OBJ_16 /* Either+Error.swift */; };
		OBJ_108 /* Either+Monad.swift in Sources */ = {isa = PBXBuildFile; fileRef = OBJ_17 /* Either+Monad.swift */; };
		OBJ_109 /* Either+Traversable.swift in Sources */ = {isa = PBXBuildFile; fileRef = OBJ_18 /* Either+Traversable.swift */; };
		OBJ_110 /* Either+Zip.swift in Sources */ = {isa = PBXBuildFile; fileRef = OBJ_19 /* Either+Zip.swift */; };
		OBJ_111 /* Either.swift in Sources */ = {isa = PBXBuildFile; fileRef = OBJ_20 /* Either.swift */; };
		OBJ_112 /* NoSyncValue.swift in Sources */ = {isa = PBXBuildFile; fileRef = OBJ_21 /* NoSyncValue.swift */; };
		OBJ_113 /* Operators.swift in Sources */ = {isa = PBXBuildFile; fileRef = OBJ_22 /* Operators.swift */; };
		OBJ_114 /* PrecedenceGroups.swift in Sources */ = {isa = PBXBuildFile; fileRef = OBJ_23 /* PrecedenceGroups.swift */; };
		OBJ_115 /* Prelude.swift in Sources */ = {isa = PBXBuildFile; fileRef = OBJ_24 /* Prelude.swift */; };
		OBJ_116 /* Remove.swift in Sources */ = {isa = PBXBuildFile; fileRef = OBJ_25 /* Remove.swift */; };
		OBJ_117 /* SIO+Adapt.swift in Sources */ = {isa = PBXBuildFile; fileRef = OBJ_26 /* SIO+Adapt.swift */; };
		OBJ_118 /* SIO+Alt.swift in Sources */ = {isa = PBXBuildFile; fileRef = OBJ_27 /* SIO+Alt.swift */; };
		OBJ_119 /* SIO+Applicative.swift in Sources */ = {isa = PBXBuildFile; fileRef = OBJ_28 /* SIO+Applicative.swift */; };
		OBJ_120 /* SIO+BiFunctor.swift in Sources */ = {isa = PBXBuildFile; fileRef = OBJ_29 /* SIO+BiFunctor.swift */; };
		OBJ_121 /* SIO+BiMonad.swift in Sources */ = {isa = PBXBuildFile; fileRef = OBJ_30 /* SIO+BiMonad.swift */; };
		OBJ_122 /* SIO+Bracket.swift in Sources */ = {isa = PBXBuildFile; fileRef = OBJ_31 /* SIO+Bracket.swift */; };
		OBJ_123 /* SIO+Contravariant.swift in Sources */ = {isa = PBXBuildFile; fileRef = OBJ_32 /* SIO+Contravariant.swift */; };
		OBJ_124 /* SIO+Creation.swift in Sources */ = {isa = PBXBuildFile; fileRef = OBJ_33 /* SIO+Creation.swift */; };
		OBJ_125 /* SIO+Delay.swift in Sources */ = {isa = PBXBuildFile; fileRef = OBJ_34 /* SIO+Delay.swift */; };
		OBJ_126 /* SIO+Effects.swift in Sources */ = {isa = PBXBuildFile; fileRef = OBJ_35 /* SIO+Effects.swift */; };
		OBJ_127 /* SIO+Either.swift in Sources */ = {isa = PBXBuildFile; fileRef = OBJ_36 /* SIO+Either.swift */; };
		OBJ_128 /* SIO+Error.swift in Sources */ = {isa = PBXBuildFile; fileRef = OBJ_37 /* SIO+Error.swift */; };
		OBJ_129 /* SIO+Flip.swift in Sources */ = {isa = PBXBuildFile; fileRef = OBJ_38 /* SIO+Flip.swift */; };
		OBJ_130 /* SIO+Fold.swift in Sources */ = {isa = PBXBuildFile; fileRef = OBJ_39 /* SIO+Fold.swift */; };
		OBJ_131 /* SIO+Functor.swift in Sources */ = {isa = PBXBuildFile; fileRef = OBJ_40 /* SIO+Functor.swift */; };
		OBJ_132 /* SIO+Monad.swift in Sources */ = {isa = PBXBuildFile; fileRef = OBJ_41 /* SIO+Monad.swift */; };
		OBJ_133 /* SIO+Optional.swift in Sources */ = {isa = PBXBuildFile; fileRef = OBJ_42 /* SIO+Optional.swift */; };
		OBJ_134 /* SIO+Profunctor.swift in Sources */ = {isa = PBXBuildFile; fileRef = OBJ_43 /* SIO+Profunctor.swift */; };
		OBJ_135 /* SIO+Race.swift in Sources */ = {isa = PBXBuildFile; fileRef = OBJ_44 /* SIO+Race.swift */; };
		OBJ_136 /* SIO+Requirements.swift in Sources */ = {isa = PBXBuildFile; fileRef = OBJ_45 /* SIO+Requirements.swift */; };
		OBJ_137 /* SIO+Result.swift in Sources */ = {isa = PBXBuildFile; fileRef = OBJ_46 /* SIO+Result.swift */; };
		OBJ_138 /* SIO+Retry.swift in Sources */ = {isa = PBXBuildFile; fileRef = OBJ_47 /* SIO+Retry.swift */; };
		OBJ_139 /* SIO+Run.swift in Sources */ = {isa = PBXBuildFile; fileRef = OBJ_48 /* SIO+Run.swift */; };
		OBJ_140 /* SIO+Schedule.swift in Sources */ = {isa = PBXBuildFile; fileRef = OBJ_49 /* SIO+Schedule.swift */; };
		OBJ_141 /* SIO+Timeout.swift in Sources */ = {isa = PBXBuildFile; fileRef = OBJ_50 /* SIO+Timeout.swift */; };
		OBJ_142 /* SIO+Typealias.swift in Sources */ = {isa = PBXBuildFile; fileRef = OBJ_51 /* SIO+Typealias.swift */; };
		OBJ_143 /* SIO+Zip.swift in Sources */ = {isa = PBXBuildFile; fileRef = OBJ_52 /* SIO+Zip.swift */; };
		OBJ_144 /* SIO.swift in Sources */ = {isa = PBXBuildFile; fileRef = OBJ_53 /* SIO.swift */; };
		OBJ_145 /* SIOError.swift in Sources */ = {isa = PBXBuildFile; fileRef = OBJ_54 /* SIOError.swift */; };
		OBJ_146 /* SyncValue.swift in Sources */ = {isa = PBXBuildFile; fileRef = OBJ_55 /* SyncValue.swift */; };
		OBJ_153 /* SIO+Console.swift in Sources */ = {isa = PBXBuildFile; fileRef = OBJ_57 /* SIO+Console.swift */; };
		OBJ_154 /* SIO+Date.swift in Sources */ = {isa = PBXBuildFile; fileRef = OBJ_58 /* SIO+Date.swift */; };
		OBJ_155 /* SIO+FS.swift in Sources */ = {isa = PBXBuildFile; fileRef = OBJ_59 /* SIO+FS.swift */; };
		OBJ_156 /* SIO+Random.swift in Sources */ = {isa = PBXBuildFile; fileRef = OBJ_60 /* SIO+Random.swift */; };
		OBJ_158 /* Sio.framework in Frameworks */ = {isa = PBXBuildFile; fileRef = "Sio::Sio::Product" /* Sio.framework */; };
		OBJ_165 /* SioEffectsTests.swift in Sources */ = {isa = PBXBuildFile; fileRef = OBJ_69 /* SioEffectsTests.swift */; };
		OBJ_167 /* SioEffects.framework in Frameworks */ = {isa = PBXBuildFile; fileRef = "Sio::SioEffects::Product" /* SioEffects.framework */; };
		OBJ_168 /* Sio.framework in Frameworks */ = {isa = PBXBuildFile; fileRef = "Sio::Sio::Product" /* Sio.framework */; };
		OBJ_176 /* Package.swift in Sources */ = {isa = PBXBuildFile; fileRef = OBJ_6 /* Package.swift */; };
		OBJ_190 /* Applicative.swift in Sources */ = {isa = PBXBuildFile; fileRef = OBJ_71 /* Applicative.swift */; };
		OBJ_191 /* Arrays.swift in Sources */ = {isa = PBXBuildFile; fileRef = OBJ_72 /* Arrays.swift */; };
		OBJ_192 /* CancellationTests.swift in Sources */ = {isa = PBXBuildFile; fileRef = OBJ_73 /* CancellationTests.swift */; };
		OBJ_193 /* Chunked.swift in Sources */ = {isa = PBXBuildFile; fileRef = OBJ_74 /* Chunked.swift */; };
		OBJ_194 /* ConcurrencyTests.swift in Sources */ = {isa = PBXBuildFile; fileRef = OBJ_75 /* ConcurrencyTests.swift */; };
		OBJ_195 /* Delay.swift in Sources */ = {isa = PBXBuildFile; fileRef = OBJ_76 /* Delay.swift */; };
		OBJ_196 /* Functor.swift in Sources */ = {isa = PBXBuildFile; fileRef = OBJ_77 /* Functor.swift */; };
		OBJ_197 /* Monad.swift in Sources */ = {isa = PBXBuildFile; fileRef = OBJ_78 /* Monad.swift */; };
		OBJ_198 /* Retry.swift in Sources */ = {isa = PBXBuildFile; fileRef = OBJ_79 /* Retry.swift */; };
		OBJ_199 /* SIOTests.swift in Sources */ = {isa = PBXBuildFile; fileRef = OBJ_80 /* SIOTests.swift */; };
		OBJ_200 /* TimeoutTests.swift in Sources */ = {isa = PBXBuildFile; fileRef = OBJ_81 /* TimeoutTests.swift */; };
		OBJ_202 /* SioValueStore.framework in Frameworks */ = {isa = PBXBuildFile; fileRef = "Sio::SioValueStore::Product" /* SioValueStore.framework */; };
		OBJ_203 /* Sio.framework in Frameworks */ = {isa = PBXBuildFile; fileRef = "Sio::Sio::Product" /* Sio.framework */; };
		OBJ_211 /* ValueStore+Creation.swift in Sources */ = {isa = PBXBuildFile; fileRef = OBJ_62 /* ValueStore+Creation.swift */; };
		OBJ_212 /* ValueStore+Optional.swift in Sources */ = {isa = PBXBuildFile; fileRef = OBJ_63 /* ValueStore+Optional.swift */; };
		OBJ_213 /* ValueStore+Profunctor.swift in Sources */ = {isa = PBXBuildFile; fileRef = OBJ_64 /* ValueStore+Profunctor.swift */; };
		OBJ_214 /* ValueStore+Utils.swift in Sources */ = {isa = PBXBuildFile; fileRef = OBJ_65 /* ValueStore+Utils.swift */; };
		OBJ_215 /* ValueStore.swift in Sources */ = {isa = PBXBuildFile; fileRef = OBJ_66 /* ValueStore.swift */; };
		OBJ_217 /* Sio.framework in Frameworks */ = {isa = PBXBuildFile; fileRef = "Sio::Sio::Product" /* Sio.framework */; };
		OBJ_223 /* SioValueStoreTests.swift in Sources */ = {isa = PBXBuildFile; fileRef = OBJ_83 /* SioValueStoreTests.swift */; };
		OBJ_225 /* SioValueStore.framework in Frameworks */ = {isa = PBXBuildFile; fileRef = "Sio::SioValueStore::Product" /* SioValueStore.framework */; };
		OBJ_226 /* Sio.framework in Frameworks */ = {isa = PBXBuildFile; fileRef = "Sio::Sio::Product" /* Sio.framework */; };
/* End PBXBuildFile section */

/* Begin PBXContainerItemProxy section */
		ACCB012522C2634F008FDA73 /* PBXContainerItemProxy */ = {
			isa = PBXContainerItemProxy;
			containerPortal = OBJ_1 /* Project object */;
			proxyType = 1;
			remoteGlobalIDString = "Sio::Sio";
			remoteInfo = Sio;
		};
		ACCB012622C2634F008FDA73 /* PBXContainerItemProxy */ = {
			isa = PBXContainerItemProxy;
			containerPortal = OBJ_1 /* Project object */;
			proxyType = 1;
			remoteGlobalIDString = "Sio::Sio";
			remoteInfo = Sio;
		};
		ACCB012722C2634F008FDA73 /* PBXContainerItemProxy */ = {
			isa = PBXContainerItemProxy;
			containerPortal = OBJ_1 /* Project object */;
			proxyType = 1;
			remoteGlobalIDString = "Sio::SioValueStore";
			remoteInfo = SioValueStore;
		};
		ACCB012822C2634F008FDA73 /* PBXContainerItemProxy */ = {
			isa = PBXContainerItemProxy;
			containerPortal = OBJ_1 /* Project object */;
			proxyType = 1;
			remoteGlobalIDString = "Sio::Sio";
			remoteInfo = Sio;
		};
		ACCB012922C2634F008FDA73 /* PBXContainerItemProxy */ = {
			isa = PBXContainerItemProxy;
			containerPortal = OBJ_1 /* Project object */;
			proxyType = 1;
			remoteGlobalIDString = "Sio::SioEffects";
			remoteInfo = SioEffects;
		};
		ACCB012A22C2634F008FDA73 /* PBXContainerItemProxy */ = {
			isa = PBXContainerItemProxy;
			containerPortal = OBJ_1 /* Project object */;
			proxyType = 1;
			remoteGlobalIDString = "Sio::Sio";
			remoteInfo = Sio;
		};
		ACCB012B22C2634F008FDA73 /* PBXContainerItemProxy */ = {
			isa = PBXContainerItemProxy;
			containerPortal = OBJ_1 /* Project object */;
			proxyType = 1;
			remoteGlobalIDString = "Sio::SioValueStore";
			remoteInfo = SioValueStore;
		};
		ACCB012C22C2634F008FDA73 /* PBXContainerItemProxy */ = {
			isa = PBXContainerItemProxy;
			containerPortal = OBJ_1 /* Project object */;
			proxyType = 1;
			remoteGlobalIDString = "Sio::Sio";
			remoteInfo = Sio;
		};
		ACCB012F22C264BF008FDA73 /* PBXContainerItemProxy */ = {
			isa = PBXContainerItemProxy;
			containerPortal = OBJ_1 /* Project object */;
			proxyType = 1;
			remoteGlobalIDString = "Sio::SioValueStoreTests";
			remoteInfo = SioValueStoreTests;
		};
		ACCB013022C264BF008FDA73 /* PBXContainerItemProxy */ = {
			isa = PBXContainerItemProxy;
			containerPortal = OBJ_1 /* Project object */;
			proxyType = 1;
			remoteGlobalIDString = "Sio::SioEffectsTests";
			remoteInfo = SioEffectsTests;
		};
		ACCB013122C264BF008FDA73 /* PBXContainerItemProxy */ = {
			isa = PBXContainerItemProxy;
			containerPortal = OBJ_1 /* Project object */;
			proxyType = 1;
			remoteGlobalIDString = "Sio::SioTests";
			remoteInfo = SioTests;
		};
/* End PBXContainerItemProxy section */

/* Begin PBXFileReference section */
		ACCB012D22C264BE008FDA73 /* ValueStore+Typealias.swift */ = {isa = PBXFileReference; lastKnownFileType = sourcecode.swift; path = "ValueStore+Typealias.swift"; sourceTree = "<group>"; };
		ACCB013222C26F99008FDA73 /* SIO+Tap.swift */ = {isa = PBXFileReference; lastKnownFileType = sourcecode.swift; path = "SIO+Tap.swift"; sourceTree = "<group>"; };
		OBJ_10 /* Collection+Chunks.swift */ = {isa = PBXFileReference; lastKnownFileType = sourcecode.swift; path = "Collection+Chunks.swift"; sourceTree = "<group>"; };
		OBJ_11 /* Compose.swift */ = {isa = PBXFileReference; lastKnownFileType = sourcecode.swift; path = Compose.swift; sourceTree = "<group>"; };
		OBJ_12 /* Curry.swift */ = {isa = PBXFileReference; lastKnownFileType = sourcecode.swift; path = Curry.swift; sourceTree = "<group>"; };
		OBJ_13 /* Either+Alt.swift */ = {isa = PBXFileReference; lastKnownFileType = sourcecode.swift; path = "Either+Alt.swift"; sourceTree = "<group>"; };
		OBJ_14 /* Either+Applicative.swift */ = {isa = PBXFileReference; lastKnownFileType = sourcecode.swift; path = "Either+Applicative.swift"; sourceTree = "<group>"; };
		OBJ_15 /* Either+Codable.swift */ = {isa = PBXFileReference; lastKnownFileType = sourcecode.swift; path = "Either+Codable.swift"; sourceTree = "<group>"; };
		OBJ_16 /* Either+Error.swift */ = {isa = PBXFileReference; lastKnownFileType = sourcecode.swift; path = "Either+Error.swift"; sourceTree = "<group>"; };
		OBJ_17 /* Either+Monad.swift */ = {isa = PBXFileReference; lastKnownFileType = sourcecode.swift; path = "Either+Monad.swift"; sourceTree = "<group>"; };
		OBJ_18 /* Either+Traversable.swift */ = {isa = PBXFileReference; lastKnownFileType = sourcecode.swift; path = "Either+Traversable.swift"; sourceTree = "<group>"; };
		OBJ_19 /* Either+Zip.swift */ = {isa = PBXFileReference; lastKnownFileType = sourcecode.swift; path = "Either+Zip.swift"; sourceTree = "<group>"; };
		OBJ_20 /* Either.swift */ = {isa = PBXFileReference; lastKnownFileType = sourcecode.swift; path = Either.swift; sourceTree = "<group>"; };
		OBJ_21 /* NoSyncValue.swift */ = {isa = PBXFileReference; lastKnownFileType = sourcecode.swift; path = NoSyncValue.swift; sourceTree = "<group>"; };
		OBJ_22 /* Operators.swift */ = {isa = PBXFileReference; lastKnownFileType = sourcecode.swift; path = Operators.swift; sourceTree = "<group>"; };
		OBJ_23 /* PrecedenceGroups.swift */ = {isa = PBXFileReference; lastKnownFileType = sourcecode.swift; path = PrecedenceGroups.swift; sourceTree = "<group>"; };
		OBJ_24 /* Prelude.swift */ = {isa = PBXFileReference; lastKnownFileType = sourcecode.swift; path = Prelude.swift; sourceTree = "<group>"; };
		OBJ_25 /* Remove.swift */ = {isa = PBXFileReference; lastKnownFileType = sourcecode.swift; path = Remove.swift; sourceTree = "<group>"; };
		OBJ_26 /* SIO+Adapt.swift */ = {isa = PBXFileReference; lastKnownFileType = sourcecode.swift; path = "SIO+Adapt.swift"; sourceTree = "<group>"; };
		OBJ_27 /* SIO+Alt.swift */ = {isa = PBXFileReference; lastKnownFileType = sourcecode.swift; path = "SIO+Alt.swift"; sourceTree = "<group>"; };
		OBJ_28 /* SIO+Applicative.swift */ = {isa = PBXFileReference; lastKnownFileType = sourcecode.swift; path = "SIO+Applicative.swift"; sourceTree = "<group>"; };
		OBJ_29 /* SIO+BiFunctor.swift */ = {isa = PBXFileReference; lastKnownFileType = sourcecode.swift; path = "SIO+BiFunctor.swift"; sourceTree = "<group>"; };
		OBJ_30 /* SIO+BiMonad.swift */ = {isa = PBXFileReference; lastKnownFileType = sourcecode.swift; path = "SIO+BiMonad.swift"; sourceTree = "<group>"; };
		OBJ_31 /* SIO+Bracket.swift */ = {isa = PBXFileReference; lastKnownFileType = sourcecode.swift; path = "SIO+Bracket.swift"; sourceTree = "<group>"; };
		OBJ_32 /* SIO+Contravariant.swift */ = {isa = PBXFileReference; lastKnownFileType = sourcecode.swift; path = "SIO+Contravariant.swift"; sourceTree = "<group>"; };
		OBJ_33 /* SIO+Creation.swift */ = {isa = PBXFileReference; lastKnownFileType = sourcecode.swift; path = "SIO+Creation.swift"; sourceTree = "<group>"; };
		OBJ_34 /* SIO+Delay.swift */ = {isa = PBXFileReference; lastKnownFileType = sourcecode.swift; path = "SIO+Delay.swift"; sourceTree = "<group>"; };
		OBJ_35 /* SIO+Effects.swift */ = {isa = PBXFileReference; lastKnownFileType = sourcecode.swift; path = "SIO+Effects.swift"; sourceTree = "<group>"; };
		OBJ_36 /* SIO+Either.swift */ = {isa = PBXFileReference; lastKnownFileType = sourcecode.swift; path = "SIO+Either.swift"; sourceTree = "<group>"; };
		OBJ_37 /* SIO+Error.swift */ = {isa = PBXFileReference; lastKnownFileType = sourcecode.swift; path = "SIO+Error.swift"; sourceTree = "<group>"; };
		OBJ_38 /* SIO+Flip.swift */ = {isa = PBXFileReference; lastKnownFileType = sourcecode.swift; path = "SIO+Flip.swift"; sourceTree = "<group>"; };
		OBJ_39 /* SIO+Fold.swift */ = {isa = PBXFileReference; lastKnownFileType = sourcecode.swift; path = "SIO+Fold.swift"; sourceTree = "<group>"; };
		OBJ_40 /* SIO+Functor.swift */ = {isa = PBXFileReference; lastKnownFileType = sourcecode.swift; path = "SIO+Functor.swift"; sourceTree = "<group>"; };
		OBJ_41 /* SIO+Monad.swift */ = {isa = PBXFileReference; lastKnownFileType = sourcecode.swift; path = "SIO+Monad.swift"; sourceTree = "<group>"; };
		OBJ_42 /* SIO+Optional.swift */ = {isa = PBXFileReference; lastKnownFileType = sourcecode.swift; path = "SIO+Optional.swift"; sourceTree = "<group>"; };
		OBJ_43 /* SIO+Profunctor.swift */ = {isa = PBXFileReference; lastKnownFileType = sourcecode.swift; path = "SIO+Profunctor.swift"; sourceTree = "<group>"; };
		OBJ_44 /* SIO+Race.swift */ = {isa = PBXFileReference; lastKnownFileType = sourcecode.swift; path = "SIO+Race.swift"; sourceTree = "<group>"; };
		OBJ_45 /* SIO+Requirements.swift */ = {isa = PBXFileReference; lastKnownFileType = sourcecode.swift; path = "SIO+Requirements.swift"; sourceTree = "<group>"; };
		OBJ_46 /* SIO+Result.swift */ = {isa = PBXFileReference; lastKnownFileType = sourcecode.swift; path = "SIO+Result.swift"; sourceTree = "<group>"; };
		OBJ_47 /* SIO+Retry.swift */ = {isa = PBXFileReference; lastKnownFileType = sourcecode.swift; path = "SIO+Retry.swift"; sourceTree = "<group>"; };
		OBJ_48 /* SIO+Run.swift */ = {isa = PBXFileReference; lastKnownFileType = sourcecode.swift; path = "SIO+Run.swift"; sourceTree = "<group>"; };
		OBJ_49 /* SIO+Schedule.swift */ = {isa = PBXFileReference; lastKnownFileType = sourcecode.swift; path = "SIO+Schedule.swift"; sourceTree = "<group>"; };
		OBJ_50 /* SIO+Timeout.swift */ = {isa = PBXFileReference; lastKnownFileType = sourcecode.swift; path = "SIO+Timeout.swift"; sourceTree = "<group>"; };
		OBJ_51 /* SIO+Typealias.swift */ = {isa = PBXFileReference; lastKnownFileType = sourcecode.swift; path = "SIO+Typealias.swift"; sourceTree = "<group>"; };
		OBJ_52 /* SIO+Zip.swift */ = {isa = PBXFileReference; lastKnownFileType = sourcecode.swift; path = "SIO+Zip.swift"; sourceTree = "<group>"; };
		OBJ_53 /* SIO.swift */ = {isa = PBXFileReference; lastKnownFileType = sourcecode.swift; path = SIO.swift; sourceTree = "<group>"; };
		OBJ_54 /* SIOError.swift */ = {isa = PBXFileReference; lastKnownFileType = sourcecode.swift; path = SIOError.swift; sourceTree = "<group>"; };
		OBJ_55 /* SyncValue.swift */ = {isa = PBXFileReference; lastKnownFileType = sourcecode.swift; path = SyncValue.swift; sourceTree = "<group>"; };
		OBJ_57 /* SIO+Console.swift */ = {isa = PBXFileReference; lastKnownFileType = sourcecode.swift; path = "SIO+Console.swift"; sourceTree = "<group>"; };
		OBJ_58 /* SIO+Date.swift */ = {isa = PBXFileReference; lastKnownFileType = sourcecode.swift; path = "SIO+Date.swift"; sourceTree = "<group>"; };
		OBJ_59 /* SIO+FS.swift */ = {isa = PBXFileReference; lastKnownFileType = sourcecode.swift; path = "SIO+FS.swift"; sourceTree = "<group>"; };
		OBJ_6 /* Package.swift */ = {isa = PBXFileReference; explicitFileType = sourcecode.swift; path = Package.swift; sourceTree = "<group>"; };
		OBJ_60 /* SIO+Random.swift */ = {isa = PBXFileReference; lastKnownFileType = sourcecode.swift; path = "SIO+Random.swift"; sourceTree = "<group>"; };
		OBJ_62 /* ValueStore+Creation.swift */ = {isa = PBXFileReference; lastKnownFileType = sourcecode.swift; path = "ValueStore+Creation.swift"; sourceTree = "<group>"; };
		OBJ_63 /* ValueStore+Optional.swift */ = {isa = PBXFileReference; lastKnownFileType = sourcecode.swift; path = "ValueStore+Optional.swift"; sourceTree = "<group>"; };
		OBJ_64 /* ValueStore+Profunctor.swift */ = {isa = PBXFileReference; lastKnownFileType = sourcecode.swift; path = "ValueStore+Profunctor.swift"; sourceTree = "<group>"; };
		OBJ_65 /* ValueStore+Utils.swift */ = {isa = PBXFileReference; lastKnownFileType = sourcecode.swift; path = "ValueStore+Utils.swift"; sourceTree = "<group>"; };
		OBJ_66 /* ValueStore.swift */ = {isa = PBXFileReference; lastKnownFileType = sourcecode.swift; path = ValueStore.swift; sourceTree = "<group>"; };
		OBJ_69 /* SioEffectsTests.swift */ = {isa = PBXFileReference; lastKnownFileType = sourcecode.swift; path = SioEffectsTests.swift; sourceTree = "<group>"; };
		OBJ_71 /* Applicative.swift */ = {isa = PBXFileReference; lastKnownFileType = sourcecode.swift; path = Applicative.swift; sourceTree = "<group>"; };
		OBJ_72 /* Arrays.swift */ = {isa = PBXFileReference; lastKnownFileType = sourcecode.swift; path = Arrays.swift; sourceTree = "<group>"; };
		OBJ_73 /* CancellationTests.swift */ = {isa = PBXFileReference; lastKnownFileType = sourcecode.swift; path = CancellationTests.swift; sourceTree = "<group>"; };
		OBJ_74 /* Chunked.swift */ = {isa = PBXFileReference; lastKnownFileType = sourcecode.swift; path = Chunked.swift; sourceTree = "<group>"; };
		OBJ_75 /* ConcurrencyTests.swift */ = {isa = PBXFileReference; lastKnownFileType = sourcecode.swift; path = ConcurrencyTests.swift; sourceTree = "<group>"; };
		OBJ_76 /* Delay.swift */ = {isa = PBXFileReference; lastKnownFileType = sourcecode.swift; path = Delay.swift; sourceTree = "<group>"; };
		OBJ_77 /* Functor.swift */ = {isa = PBXFileReference; lastKnownFileType = sourcecode.swift; path = Functor.swift; sourceTree = "<group>"; };
		OBJ_78 /* Monad.swift */ = {isa = PBXFileReference; lastKnownFileType = sourcecode.swift; path = Monad.swift; sourceTree = "<group>"; };
		OBJ_79 /* Retry.swift */ = {isa = PBXFileReference; lastKnownFileType = sourcecode.swift; path = Retry.swift; sourceTree = "<group>"; };
		OBJ_80 /* SIOTests.swift */ = {isa = PBXFileReference; lastKnownFileType = sourcecode.swift; path = SIOTests.swift; sourceTree = "<group>"; };
		OBJ_81 /* TimeoutTests.swift */ = {isa = PBXFileReference; lastKnownFileType = sourcecode.swift; path = TimeoutTests.swift; sourceTree = "<group>"; };
		OBJ_83 /* SioValueStoreTests.swift */ = {isa = PBXFileReference; lastKnownFileType = sourcecode.swift; path = SioValueStoreTests.swift; sourceTree = "<group>"; };
		OBJ_9 /* Array+SIO.swift */ = {isa = PBXFileReference; lastKnownFileType = sourcecode.swift; path = "Array+SIO.swift"; sourceTree = "<group>"; };
		OBJ_91 /* Configs */ = {isa = PBXFileReference; lastKnownFileType = folder; path = Configs; sourceTree = SOURCE_ROOT; };
		OBJ_92 /* LICENSE */ = {isa = PBXFileReference; lastKnownFileType = text; path = LICENSE; sourceTree = "<group>"; };
		OBJ_93 /* sio.podspec */ = {isa = PBXFileReference; lastKnownFileType = text; path = sio.podspec; sourceTree = "<group>"; };
		OBJ_94 /* README.md */ = {isa = PBXFileReference; lastKnownFileType = net.daringfireball.markdown; path = README.md; sourceTree = "<group>"; };
		"Sio::Sio::Product" /* Sio.framework */ = {isa = PBXFileReference; lastKnownFileType = wrapper.framework; path = Sio.framework; sourceTree = BUILT_PRODUCTS_DIR; };
		"Sio::SioEffects::Product" /* SioEffects.framework */ = {isa = PBXFileReference; lastKnownFileType = wrapper.framework; path = SioEffects.framework; sourceTree = BUILT_PRODUCTS_DIR; };
		"Sio::SioEffectsTests::Product" /* SioEffectsTests.xctest */ = {isa = PBXFileReference; lastKnownFileType = file; path = SioEffectsTests.xctest; sourceTree = BUILT_PRODUCTS_DIR; };
		"Sio::SioTests::Product" /* SioTests.xctest */ = {isa = PBXFileReference; lastKnownFileType = file; path = SioTests.xctest; sourceTree = BUILT_PRODUCTS_DIR; };
		"Sio::SioValueStore::Product" /* SioValueStore.framework */ = {isa = PBXFileReference; lastKnownFileType = wrapper.framework; path = SioValueStore.framework; sourceTree = BUILT_PRODUCTS_DIR; };
		"Sio::SioValueStoreTests::Product" /* SioValueStoreTests.xctest */ = {isa = PBXFileReference; lastKnownFileType = file; path = SioValueStoreTests.xctest; sourceTree = BUILT_PRODUCTS_DIR; };
/* End PBXFileReference section */

/* Begin PBXFrameworksBuildPhase section */
		OBJ_147 /* Frameworks */ = {
			isa = PBXFrameworksBuildPhase;
			buildActionMask = 0;
			files = (
			);
			runOnlyForDeploymentPostprocessing = 0;
		};
		OBJ_157 /* Frameworks */ = {
			isa = PBXFrameworksBuildPhase;
			buildActionMask = 0;
			files = (
				OBJ_158 /* Sio.framework in Frameworks */,
			);
			runOnlyForDeploymentPostprocessing = 0;
		};
		OBJ_166 /* Frameworks */ = {
			isa = PBXFrameworksBuildPhase;
			buildActionMask = 0;
			files = (
				OBJ_167 /* SioEffects.framework in Frameworks */,
				OBJ_168 /* Sio.framework in Frameworks */,
			);
			runOnlyForDeploymentPostprocessing = 0;
		};
		OBJ_201 /* Frameworks */ = {
			isa = PBXFrameworksBuildPhase;
			buildActionMask = 0;
			files = (
				OBJ_202 /* SioValueStore.framework in Frameworks */,
				OBJ_203 /* Sio.framework in Frameworks */,
			);
			runOnlyForDeploymentPostprocessing = 0;
		};
		OBJ_216 /* Frameworks */ = {
			isa = PBXFrameworksBuildPhase;
			buildActionMask = 0;
			files = (
				OBJ_217 /* Sio.framework in Frameworks */,
			);
			runOnlyForDeploymentPostprocessing = 0;
		};
		OBJ_224 /* Frameworks */ = {
			isa = PBXFrameworksBuildPhase;
			buildActionMask = 0;
			files = (
				OBJ_225 /* SioValueStore.framework in Frameworks */,
				OBJ_226 /* Sio.framework in Frameworks */,
			);
			runOnlyForDeploymentPostprocessing = 0;
		};
/* End PBXFrameworksBuildPhase section */

/* Begin PBXGroup section */
		OBJ_5 /*  */ = {
			isa = PBXGroup;
			children = (
				OBJ_6 /* Package.swift */,
				OBJ_7 /* Sources */,
				OBJ_67 /* Tests */,
				OBJ_84 /* Products */,
				OBJ_91 /* Configs */,
				OBJ_92 /* LICENSE */,
				OBJ_93 /* sio.podspec */,
				OBJ_94 /* README.md */,
			);
			name = "";
			sourceTree = "<group>";
		};
		OBJ_56 /* SioEffects */ = {
			isa = PBXGroup;
			children = (
				OBJ_57 /* SIO+Console.swift */,
				OBJ_58 /* SIO+Date.swift */,
				OBJ_59 /* SIO+FS.swift */,
				OBJ_60 /* SIO+Random.swift */,
			);
			name = SioEffects;
			path = Sources/SioEffects;
			sourceTree = SOURCE_ROOT;
		};
		OBJ_61 /* SioValueStore */ = {
			isa = PBXGroup;
			children = (
				OBJ_62 /* ValueStore+Creation.swift */,
				OBJ_63 /* ValueStore+Optional.swift */,
				OBJ_64 /* ValueStore+Profunctor.swift */,
				OBJ_65 /* ValueStore+Utils.swift */,
				OBJ_66 /* ValueStore.swift */,
				ACCB012D22C264BE008FDA73 /* ValueStore+Typealias.swift */,
			);
			name = SioValueStore;
			path = Sources/SioValueStore;
			sourceTree = SOURCE_ROOT;
		};
		OBJ_67 /* Tests */ = {
			isa = PBXGroup;
			children = (
				OBJ_68 /* SioEffectsTests */,
				OBJ_70 /* SioTests */,
				OBJ_82 /* SioValueStoreTests */,
			);
			name = Tests;
			sourceTree = SOURCE_ROOT;
		};
		OBJ_68 /* SioEffectsTests */ = {
			isa = PBXGroup;
			children = (
				OBJ_69 /* SioEffectsTests.swift */,
			);
			name = SioEffectsTests;
			path = Tests/SioEffectsTests;
			sourceTree = SOURCE_ROOT;
		};
		OBJ_7 /* Sources */ = {
			isa = PBXGroup;
			children = (
				OBJ_8 /* Sio */,
				OBJ_56 /* SioEffects */,
				OBJ_61 /* SioValueStore */,
			);
			name = Sources;
			sourceTree = SOURCE_ROOT;
		};
		OBJ_70 /* SioTests */ = {
			isa = PBXGroup;
			children = (
				OBJ_71 /* Applicative.swift */,
				OBJ_72 /* Arrays.swift */,
				OBJ_73 /* CancellationTests.swift */,
				OBJ_74 /* Chunked.swift */,
				OBJ_75 /* ConcurrencyTests.swift */,
				OBJ_76 /* Delay.swift */,
				OBJ_77 /* Functor.swift */,
				OBJ_78 /* Monad.swift */,
				OBJ_79 /* Retry.swift */,
				OBJ_80 /* SIOTests.swift */,
				OBJ_81 /* TimeoutTests.swift */,
			);
			name = SioTests;
			path = Tests/SioTests;
			sourceTree = SOURCE_ROOT;
		};
		OBJ_8 /* Sio */ = {
			isa = PBXGroup;
			children = (
				OBJ_9 /* Array+SIO.swift */,
				OBJ_10 /* Collection+Chunks.swift */,
				OBJ_11 /* Compose.swift */,
				OBJ_12 /* Curry.swift */,
				OBJ_13 /* Either+Alt.swift */,
				OBJ_14 /* Either+Applicative.swift */,
				OBJ_15 /* Either+Codable.swift */,
				OBJ_16 /* Either+Error.swift */,
				OBJ_17 /* Either+Monad.swift */,
				OBJ_18 /* Either+Traversable.swift */,
				OBJ_19 /* Either+Zip.swift */,
				OBJ_20 /* Either.swift */,
				OBJ_21 /* NoSyncValue.swift */,
				OBJ_22 /* Operators.swift */,
				OBJ_23 /* PrecedenceGroups.swift */,
				OBJ_24 /* Prelude.swift */,
				OBJ_25 /* Remove.swift */,
				OBJ_26 /* SIO+Adapt.swift */,
				OBJ_27 /* SIO+Alt.swift */,
				OBJ_28 /* SIO+Applicative.swift */,
				OBJ_29 /* SIO+BiFunctor.swift */,
				OBJ_30 /* SIO+BiMonad.swift */,
				OBJ_31 /* SIO+Bracket.swift */,
				OBJ_32 /* SIO+Contravariant.swift */,
				OBJ_33 /* SIO+Creation.swift */,
				OBJ_34 /* SIO+Delay.swift */,
				OBJ_35 /* SIO+Effects.swift */,
				OBJ_36 /* SIO+Either.swift */,
				OBJ_37 /* SIO+Error.swift */,
				OBJ_38 /* SIO+Flip.swift */,
				OBJ_39 /* SIO+Fold.swift */,
				OBJ_40 /* SIO+Functor.swift */,
				OBJ_41 /* SIO+Monad.swift */,
				OBJ_42 /* SIO+Optional.swift */,
				OBJ_43 /* SIO+Profunctor.swift */,
				OBJ_44 /* SIO+Race.swift */,
				OBJ_45 /* SIO+Requirements.swift */,
				OBJ_46 /* SIO+Result.swift */,
				OBJ_47 /* SIO+Retry.swift */,
				OBJ_48 /* SIO+Run.swift */,
				OBJ_49 /* SIO+Schedule.swift */,
				OBJ_50 /* SIO+Timeout.swift */,
				OBJ_51 /* SIO+Typealias.swift */,
				OBJ_52 /* SIO+Zip.swift */,
				ACCB013222C26F99008FDA73 /* SIO+Tap.swift */,
				OBJ_53 /* SIO.swift */,
				OBJ_54 /* SIOError.swift */,
				OBJ_55 /* SyncValue.swift */,
			);
			name = Sio;
			path = Sources/Sio;
			sourceTree = SOURCE_ROOT;
		};
		OBJ_82 /* SioValueStoreTests */ = {
			isa = PBXGroup;
			children = (
				OBJ_83 /* SioValueStoreTests.swift */,
			);
			name = SioValueStoreTests;
			path = Tests/SioValueStoreTests;
			sourceTree = SOURCE_ROOT;
		};
		OBJ_84 /* Products */ = {
			isa = PBXGroup;
			children = (
				"Sio::Sio::Product" /* Sio.framework */,
				"Sio::SioValueStore::Product" /* SioValueStore.framework */,
				"Sio::SioValueStoreTests::Product" /* SioValueStoreTests.xctest */,
				"Sio::SioEffectsTests::Product" /* SioEffectsTests.xctest */,
				"Sio::SioEffects::Product" /* SioEffects.framework */,
				"Sio::SioTests::Product" /* SioTests.xctest */,
			);
			name = Products;
			sourceTree = BUILT_PRODUCTS_DIR;
		};
/* End PBXGroup section */

/* Begin PBXNativeTarget section */
		"Sio::Sio" /* Sio */ = {
			isa = PBXNativeTarget;
			buildConfigurationList = OBJ_96 /* Build configuration list for PBXNativeTarget "Sio" */;
			buildPhases = (
				OBJ_99 /* Sources */,
				OBJ_147 /* Frameworks */,
			);
			buildRules = (
			);
			dependencies = (
			);
			name = Sio;
			productName = Sio;
			productReference = "Sio::Sio::Product" /* Sio.framework */;
			productType = "com.apple.product-type.framework";
		};
		"Sio::SioEffects" /* SioEffects */ = {
			isa = PBXNativeTarget;
			buildConfigurationList = OBJ_149 /* Build configuration list for PBXNativeTarget "SioEffects" */;
			buildPhases = (
				OBJ_152 /* Sources */,
				OBJ_157 /* Frameworks */,
			);
			buildRules = (
			);
			dependencies = (
				OBJ_159 /* PBXTargetDependency */,
			);
			name = SioEffects;
			productName = SioEffects;
			productReference = "Sio::SioEffects::Product" /* SioEffects.framework */;
			productType = "com.apple.product-type.framework";
		};
		"Sio::SioEffectsTests" /* SioEffectsTests */ = {
			isa = PBXNativeTarget;
			buildConfigurationList = OBJ_161 /* Build configuration list for PBXNativeTarget "SioEffectsTests" */;
			buildPhases = (
				OBJ_164 /* Sources */,
				OBJ_166 /* Frameworks */,
			);
			buildRules = (
			);
			dependencies = (
				OBJ_169 /* PBXTargetDependency */,
				OBJ_170 /* PBXTargetDependency */,
			);
			name = SioEffectsTests;
			productName = SioEffectsTests;
			productReference = "Sio::SioEffectsTests::Product" /* SioEffectsTests.xctest */;
			productType = "com.apple.product-type.bundle.unit-test";
		};
		"Sio::SioTests" /* SioTests */ = {
			isa = PBXNativeTarget;
			buildConfigurationList = OBJ_186 /* Build configuration list for PBXNativeTarget "SioTests" */;
			buildPhases = (
				OBJ_189 /* Sources */,
				OBJ_201 /* Frameworks */,
			);
			buildRules = (
			);
			dependencies = (
				OBJ_204 /* PBXTargetDependency */,
				OBJ_206 /* PBXTargetDependency */,
			);
			name = SioTests;
			productName = SioTests;
			productReference = "Sio::SioTests::Product" /* SioTests.xctest */;
			productType = "com.apple.product-type.bundle.unit-test";
		};
		"Sio::SioValueStore" /* SioValueStore */ = {
			isa = PBXNativeTarget;
			buildConfigurationList = OBJ_207 /* Build configuration list for PBXNativeTarget "SioValueStore" */;
			buildPhases = (
				OBJ_210 /* Sources */,
				OBJ_216 /* Frameworks */,
			);
			buildRules = (
			);
			dependencies = (
				OBJ_218 /* PBXTargetDependency */,
			);
			name = SioValueStore;
			productName = SioValueStore;
			productReference = "Sio::SioValueStore::Product" /* SioValueStore.framework */;
			productType = "com.apple.product-type.framework";
		};
		"Sio::SioValueStoreTests" /* SioValueStoreTests */ = {
			isa = PBXNativeTarget;
			buildConfigurationList = OBJ_219 /* Build configuration list for PBXNativeTarget "SioValueStoreTests" */;
			buildPhases = (
				OBJ_222 /* Sources */,
				OBJ_224 /* Frameworks */,
			);
			buildRules = (
			);
			dependencies = (
				OBJ_227 /* PBXTargetDependency */,
				OBJ_228 /* PBXTargetDependency */,
			);
			name = SioValueStoreTests;
			productName = SioValueStoreTests;
			productReference = "Sio::SioValueStoreTests::Product" /* SioValueStoreTests.xctest */;
			productType = "com.apple.product-type.bundle.unit-test";
		};
		"Sio::SwiftPMPackageDescription" /* SioPackageDescription */ = {
			isa = PBXNativeTarget;
			buildConfigurationList = OBJ_172 /* Build configuration list for PBXNativeTarget "SioPackageDescription" */;
			buildPhases = (
				OBJ_175 /* Sources */,
			);
			buildRules = (
			);
			dependencies = (
			);
			name = SioPackageDescription;
			productName = SioPackageDescription;
			productType = "com.apple.product-type.framework";
		};
/* End PBXNativeTarget section */

/* Begin PBXProject section */
		OBJ_1 /* Project object */ = {
			isa = PBXProject;
			attributes = {
				LastSwiftMigration = 9999;
				LastUpgradeCheck = 9999;
			};
			buildConfigurationList = OBJ_2 /* Build configuration list for PBXProject "Sio" */;
			compatibilityVersion = "Xcode 3.2";
			developmentRegion = English;
			hasScannedForEncodings = 0;
			knownRegions = (
				English,
				en,
			);
			mainGroup = OBJ_5 /*  */;
			productRefGroup = OBJ_84 /* Products */;
			projectDirPath = "";
			projectRoot = "";
			targets = (
				"Sio::Sio" /* Sio */,
				"Sio::SioEffects" /* SioEffects */,
				"Sio::SioEffectsTests" /* SioEffectsTests */,
				"Sio::SwiftPMPackageDescription" /* SioPackageDescription */,
				"Sio::SioPackageTests::ProductTarget" /* SioPackageTests */,
				"Sio::SioTests" /* SioTests */,
				"Sio::SioValueStore" /* SioValueStore */,
				"Sio::SioValueStoreTests" /* SioValueStoreTests */,
			);
		};
/* End PBXProject section */

/* Begin PBXSourcesBuildPhase section */
		OBJ_152 /* Sources */ = {
			isa = PBXSourcesBuildPhase;
			buildActionMask = 0;
			files = (
				OBJ_153 /* SIO+Console.swift in Sources */,
				OBJ_154 /* SIO+Date.swift in Sources */,
				OBJ_155 /* SIO+FS.swift in Sources */,
				OBJ_156 /* SIO+Random.swift in Sources */,
			);
			runOnlyForDeploymentPostprocessing = 0;
		};
		OBJ_164 /* Sources */ = {
			isa = PBXSourcesBuildPhase;
			buildActionMask = 0;
			files = (
				OBJ_165 /* SioEffectsTests.swift in Sources */,
			);
			runOnlyForDeploymentPostprocessing = 0;
		};
		OBJ_175 /* Sources */ = {
			isa = PBXSourcesBuildPhase;
			buildActionMask = 0;
			files = (
				OBJ_176 /* Package.swift in Sources */,
			);
			runOnlyForDeploymentPostprocessing = 0;
		};
		OBJ_189 /* Sources */ = {
			isa = PBXSourcesBuildPhase;
			buildActionMask = 0;
			files = (
				OBJ_190 /* Applicative.swift in Sources */,
				OBJ_191 /* Arrays.swift in Sources */,
				OBJ_192 /* CancellationTests.swift in Sources */,
				OBJ_193 /* Chunked.swift in Sources */,
				OBJ_194 /* ConcurrencyTests.swift in Sources */,
				OBJ_195 /* Delay.swift in Sources */,
				OBJ_196 /* Functor.swift in Sources */,
				OBJ_197 /* Monad.swift in Sources */,
				OBJ_198 /* Retry.swift in Sources */,
				OBJ_199 /* SIOTests.swift in Sources */,
				OBJ_200 /* TimeoutTests.swift in Sources */,
			);
			runOnlyForDeploymentPostprocessing = 0;
		};
		OBJ_210 /* Sources */ = {
			isa = PBXSourcesBuildPhase;
			buildActionMask = 0;
			files = (
				ACCB012E22C264BE008FDA73 /* ValueStore+Typealias.swift in Sources */,
				OBJ_211 /* ValueStore+Creation.swift in Sources */,
				OBJ_212 /* ValueStore+Optional.swift in Sources */,
				OBJ_213 /* ValueStore+Profunctor.swift in Sources */,
				OBJ_214 /* ValueStore+Utils.swift in Sources */,
				OBJ_215 /* ValueStore.swift in Sources */,
			);
			runOnlyForDeploymentPostprocessing = 0;
		};
		OBJ_222 /* Sources */ = {
			isa = PBXSourcesBuildPhase;
			buildActionMask = 0;
			files = (
				OBJ_223 /* SioValueStoreTests.swift in Sources */,
			);
			runOnlyForDeploymentPostprocessing = 0;
		};
		OBJ_99 /* Sources */ = {
			isa = PBXSourcesBuildPhase;
			buildActionMask = 0;
			files = (
				OBJ_100 /* Array+SIO.swift in Sources */,
				OBJ_101 /* Collection+Chunks.swift in Sources */,
				OBJ_102 /* Compose.swift in Sources */,
				OBJ_103 /* Curry.swift in Sources */,
				OBJ_104 /* Either+Alt.swift in Sources */,
				OBJ_105 /* Either+Applicative.swift in Sources */,
				OBJ_106 /* Either+Codable.swift in Sources */,
				OBJ_107 /* Either+Error.swift in Sources */,
				OBJ_108 /* Either+Monad.swift in Sources */,
				OBJ_109 /* Either+Traversable.swift in Sources */,
				OBJ_110 /* Either+Zip.swift in Sources */,
				OBJ_111 /* Either.swift in Sources */,
				OBJ_112 /* NoSyncValue.swift in Sources */,
				OBJ_113 /* Operators.swift in Sources */,
				OBJ_114 /* PrecedenceGroups.swift in Sources */,
				OBJ_115 /* Prelude.swift in Sources */,
				OBJ_116 /* Remove.swift in Sources */,
				OBJ_117 /* SIO+Adapt.swift in Sources */,
				OBJ_118 /* SIO+Alt.swift in Sources */,
				OBJ_119 /* SIO+Applicative.swift in Sources */,
				OBJ_120 /* SIO+BiFunctor.swift in Sources */,
				OBJ_121 /* SIO+BiMonad.swift in Sources */,
				OBJ_122 /* SIO+Bracket.swift in Sources */,
				OBJ_123 /* SIO+Contravariant.swift in Sources */,
				OBJ_124 /* SIO+Creation.swift in Sources */,
				OBJ_125 /* SIO+Delay.swift in Sources */,
				OBJ_126 /* SIO+Effects.swift in Sources */,
				OBJ_127 /* SIO+Either.swift in Sources */,
				OBJ_128 /* SIO+Error.swift in Sources */,
				OBJ_129 /* SIO+Flip.swift in Sources */,
				OBJ_130 /* SIO+Fold.swift in Sources */,
				OBJ_131 /* SIO+Functor.swift in Sources */,
				OBJ_132 /* SIO+Monad.swift in Sources */,
				OBJ_133 /* SIO+Optional.swift in Sources */,
				OBJ_134 /* SIO+Profunctor.swift in Sources */,
				ACCB013322C26F99008FDA73 /* SIO+Tap.swift in Sources */,
				OBJ_135 /* SIO+Race.swift in Sources */,
				OBJ_136 /* SIO+Requirements.swift in Sources */,
				OBJ_137 /* SIO+Result.swift in Sources */,
				OBJ_138 /* SIO+Retry.swift in Sources */,
				OBJ_139 /* SIO+Run.swift in Sources */,
				OBJ_140 /* SIO+Schedule.swift in Sources */,
				OBJ_141 /* SIO+Timeout.swift in Sources */,
				OBJ_142 /* SIO+Typealias.swift in Sources */,
				OBJ_143 /* SIO+Zip.swift in Sources */,
				OBJ_144 /* SIO.swift in Sources */,
				OBJ_145 /* SIOError.swift in Sources */,
				OBJ_146 /* SyncValue.swift in Sources */,
			);
			runOnlyForDeploymentPostprocessing = 0;
		};
/* End PBXSourcesBuildPhase section */

/* Begin PBXTargetDependency section */
		OBJ_159 /* PBXTargetDependency */ = {
			isa = PBXTargetDependency;
			target = "Sio::Sio" /* Sio */;
			targetProxy = ACCB012522C2634F008FDA73 /* PBXContainerItemProxy */;
		};
		OBJ_169 /* PBXTargetDependency */ = {
			isa = PBXTargetDependency;
			target = "Sio::SioEffects" /* SioEffects */;
			targetProxy = ACCB012922C2634F008FDA73 /* PBXContainerItemProxy */;
		};
		OBJ_170 /* PBXTargetDependency */ = {
			isa = PBXTargetDependency;
			target = "Sio::Sio" /* Sio */;
			targetProxy = ACCB012A22C2634F008FDA73 /* PBXContainerItemProxy */;
		};
		OBJ_181 /* PBXTargetDependency */ = {
			isa = PBXTargetDependency;
			target = "Sio::SioValueStoreTests" /* SioValueStoreTests */;
			targetProxy = ACCB012F22C264BF008FDA73 /* PBXContainerItemProxy */;
		};
		OBJ_183 /* PBXTargetDependency */ = {
			isa = PBXTargetDependency;
			target = "Sio::SioEffectsTests" /* SioEffectsTests */;
			targetProxy = ACCB013022C264BF008FDA73 /* PBXContainerItemProxy */;
		};
		OBJ_184 /* PBXTargetDependency */ = {
			isa = PBXTargetDependency;
			target = "Sio::SioTests" /* SioTests */;
			targetProxy = ACCB013122C264BF008FDA73 /* PBXContainerItemProxy */;
		};
		OBJ_204 /* PBXTargetDependency */ = {
			isa = PBXTargetDependency;
			target = "Sio::SioValueStore" /* SioValueStore */;
			targetProxy = ACCB012B22C2634F008FDA73 /* PBXContainerItemProxy */;
		};
		OBJ_206 /* PBXTargetDependency */ = {
			isa = PBXTargetDependency;
			target = "Sio::Sio" /* Sio */;
			targetProxy = ACCB012C22C2634F008FDA73 /* PBXContainerItemProxy */;
		};
		OBJ_218 /* PBXTargetDependency */ = {
			isa = PBXTargetDependency;
			target = "Sio::Sio" /* Sio */;
			targetProxy = ACCB012622C2634F008FDA73 /* PBXContainerItemProxy */;
		};
		OBJ_227 /* PBXTargetDependency */ = {
			isa = PBXTargetDependency;
			target = "Sio::SioValueStore" /* SioValueStore */;
			targetProxy = ACCB012722C2634F008FDA73 /* PBXContainerItemProxy */;
		};
		OBJ_228 /* PBXTargetDependency */ = {
			isa = PBXTargetDependency;
			target = "Sio::Sio" /* Sio */;
			targetProxy = ACCB012822C2634F008FDA73 /* PBXContainerItemProxy */;
		};
/* End PBXTargetDependency section */

/* Begin XCBuildConfiguration section */
		OBJ_150 /* Debug */ = {
			isa = XCBuildConfiguration;
			buildSettings = {
				ENABLE_TESTABILITY = YES;
				FRAMEWORK_SEARCH_PATHS = (
					"$(inherited)",
					"$(PLATFORM_DIR)/Developer/Library/Frameworks",
				);
				HEADER_SEARCH_PATHS = "$(inherited)";
				INFOPLIST_FILE = Sio.xcodeproj/SioEffects_Info.plist;
				LD_RUNPATH_SEARCH_PATHS = "$(inherited) $(TOOLCHAIN_DIR)/usr/lib/swift/macosx";
				OTHER_CFLAGS = "$(inherited)";
				OTHER_LDFLAGS = "$(inherited)";
				OTHER_SWIFT_FLAGS = "$(inherited)";
				PRODUCT_BUNDLE_IDENTIFIER = SioEffects;
				PRODUCT_MODULE_NAME = "$(TARGET_NAME:c99extidentifier)";
				PRODUCT_NAME = "$(TARGET_NAME:c99extidentifier)";
				SKIP_INSTALL = YES;
				SWIFT_ACTIVE_COMPILATION_CONDITIONS = "$(inherited)";
				SWIFT_VERSION = 4.0;
				TARGET_NAME = SioEffects;
			};
			name = Debug;
		};
		OBJ_151 /* Release */ = {
			isa = XCBuildConfiguration;
			buildSettings = {
				ENABLE_TESTABILITY = YES;
				FRAMEWORK_SEARCH_PATHS = (
					"$(inherited)",
					"$(PLATFORM_DIR)/Developer/Library/Frameworks",
				);
				HEADER_SEARCH_PATHS = "$(inherited)";
				INFOPLIST_FILE = Sio.xcodeproj/SioEffects_Info.plist;
				LD_RUNPATH_SEARCH_PATHS = "$(inherited) $(TOOLCHAIN_DIR)/usr/lib/swift/macosx";
				OTHER_CFLAGS = "$(inherited)";
				OTHER_LDFLAGS = "$(inherited)";
				OTHER_SWIFT_FLAGS = "$(inherited)";
				PRODUCT_BUNDLE_IDENTIFIER = SioEffects;
				PRODUCT_MODULE_NAME = "$(TARGET_NAME:c99extidentifier)";
				PRODUCT_NAME = "$(TARGET_NAME:c99extidentifier)";
				SKIP_INSTALL = YES;
				SWIFT_ACTIVE_COMPILATION_CONDITIONS = "$(inherited)";
				SWIFT_VERSION = 4.0;
				TARGET_NAME = SioEffects;
			};
			name = Release;
		};
		OBJ_162 /* Debug */ = {
			isa = XCBuildConfiguration;
			buildSettings = {
				CLANG_ENABLE_MODULES = YES;
				EMBEDDED_CONTENT_CONTAINS_SWIFT = YES;
				FRAMEWORK_SEARCH_PATHS = (
					"$(inherited)",
					"$(PLATFORM_DIR)/Developer/Library/Frameworks",
				);
				HEADER_SEARCH_PATHS = "$(inherited)";
				INFOPLIST_FILE = Sio.xcodeproj/SioEffectsTests_Info.plist;
				LD_RUNPATH_SEARCH_PATHS = "$(inherited) @loader_path/../Frameworks @loader_path/Frameworks";
				OTHER_CFLAGS = "$(inherited)";
				OTHER_LDFLAGS = "$(inherited)";
				OTHER_SWIFT_FLAGS = "$(inherited)";
				SWIFT_ACTIVE_COMPILATION_CONDITIONS = "$(inherited)";
				SWIFT_VERSION = 4.0;
				TARGET_NAME = SioEffectsTests;
			};
			name = Debug;
		};
		OBJ_163 /* Release */ = {
			isa = XCBuildConfiguration;
			buildSettings = {
				CLANG_ENABLE_MODULES = YES;
				EMBEDDED_CONTENT_CONTAINS_SWIFT = YES;
				FRAMEWORK_SEARCH_PATHS = (
					"$(inherited)",
					"$(PLATFORM_DIR)/Developer/Library/Frameworks",
				);
				HEADER_SEARCH_PATHS = "$(inherited)";
				INFOPLIST_FILE = Sio.xcodeproj/SioEffectsTests_Info.plist;
				LD_RUNPATH_SEARCH_PATHS = "$(inherited) @loader_path/../Frameworks @loader_path/Frameworks";
				OTHER_CFLAGS = "$(inherited)";
				OTHER_LDFLAGS = "$(inherited)";
				OTHER_SWIFT_FLAGS = "$(inherited)";
				SWIFT_ACTIVE_COMPILATION_CONDITIONS = "$(inherited)";
				SWIFT_VERSION = 4.0;
				TARGET_NAME = SioEffectsTests;
			};
			name = Release;
		};
		OBJ_173 /* Debug */ = {
			isa = XCBuildConfiguration;
			buildSettings = {
				LD = /usr/bin/true;
				OTHER_SWIFT_FLAGS = "-swift-version 4 -I $(TOOLCHAIN_DIR)/usr/lib/swift/pm/4 -target x86_64-apple-macosx10.10 -sdk /Applications/Xcode.app/Contents/Developer/Platforms/MacOSX.platform/Developer/SDKs/MacOSX10.14.sdk";
				SWIFT_VERSION = 4.0;
			};
			name = Debug;
		};
		OBJ_174 /* Release */ = {
			isa = XCBuildConfiguration;
			buildSettings = {
				LD = /usr/bin/true;
				OTHER_SWIFT_FLAGS = "-swift-version 4 -I $(TOOLCHAIN_DIR)/usr/lib/swift/pm/4 -target x86_64-apple-macosx10.10 -sdk /Applications/Xcode.app/Contents/Developer/Platforms/MacOSX.platform/Developer/SDKs/MacOSX10.14.sdk";
				SWIFT_VERSION = 4.0;
			};
			name = Release;
		};
		OBJ_179 /* Debug */ = {
			isa = XCBuildConfiguration;
			buildSettings = {
			};
			name = Debug;
		};
		OBJ_180 /* Release */ = {
			isa = XCBuildConfiguration;
			buildSettings = {
			};
			name = Release;
		};
		OBJ_187 /* Debug */ = {
			isa = XCBuildConfiguration;
			buildSettings = {
				CLANG_ENABLE_MODULES = YES;
				EMBEDDED_CONTENT_CONTAINS_SWIFT = YES;
				FRAMEWORK_SEARCH_PATHS = (
					"$(inherited)",
					"$(PLATFORM_DIR)/Developer/Library/Frameworks",
				);
				HEADER_SEARCH_PATHS = "$(inherited)";
				INFOPLIST_FILE = Sio.xcodeproj/SioTests_Info.plist;
				LD_RUNPATH_SEARCH_PATHS = "$(inherited) @loader_path/../Frameworks @loader_path/Frameworks";
				OTHER_CFLAGS = "$(inherited)";
				OTHER_LDFLAGS = "$(inherited)";
				OTHER_SWIFT_FLAGS = "$(inherited)";
				SWIFT_ACTIVE_COMPILATION_CONDITIONS = "$(inherited)";
				SWIFT_VERSION = 4.0;
				TARGET_NAME = SioTests;
			};
			name = Debug;
		};
		OBJ_188 /* Release */ = {
			isa = XCBuildConfiguration;
			buildSettings = {
				CLANG_ENABLE_MODULES = YES;
				EMBEDDED_CONTENT_CONTAINS_SWIFT = YES;
				FRAMEWORK_SEARCH_PATHS = (
					"$(inherited)",
					"$(PLATFORM_DIR)/Developer/Library/Frameworks",
				);
				HEADER_SEARCH_PATHS = "$(inherited)";
				INFOPLIST_FILE = Sio.xcodeproj/SioTests_Info.plist;
				LD_RUNPATH_SEARCH_PATHS = "$(inherited) @loader_path/../Frameworks @loader_path/Frameworks";
				OTHER_CFLAGS = "$(inherited)";
				OTHER_LDFLAGS = "$(inherited)";
				OTHER_SWIFT_FLAGS = "$(inherited)";
				SWIFT_ACTIVE_COMPILATION_CONDITIONS = "$(inherited)";
				SWIFT_VERSION = 4.0;
				TARGET_NAME = SioTests;
			};
			name = Release;
		};
		OBJ_208 /* Debug */ = {
			isa = XCBuildConfiguration;
			buildSettings = {
				ENABLE_TESTABILITY = YES;
				FRAMEWORK_SEARCH_PATHS = (
					"$(inherited)",
					"$(PLATFORM_DIR)/Developer/Library/Frameworks",
				);
				HEADER_SEARCH_PATHS = "$(inherited)";
				INFOPLIST_FILE = Sio.xcodeproj/SioValueStore_Info.plist;
				LD_RUNPATH_SEARCH_PATHS = "$(inherited) $(TOOLCHAIN_DIR)/usr/lib/swift/macosx";
				OTHER_CFLAGS = "$(inherited)";
				OTHER_LDFLAGS = "$(inherited)";
				OTHER_SWIFT_FLAGS = "$(inherited)";
				PRODUCT_BUNDLE_IDENTIFIER = SioValueStore;
				PRODUCT_MODULE_NAME = "$(TARGET_NAME:c99extidentifier)";
				PRODUCT_NAME = "$(TARGET_NAME:c99extidentifier)";
				SKIP_INSTALL = YES;
				SWIFT_ACTIVE_COMPILATION_CONDITIONS = "$(inherited)";
				SWIFT_VERSION = 4.0;
				TARGET_NAME = SioValueStore;
			};
			name = Debug;
		};
		OBJ_209 /* Release */ = {
			isa = XCBuildConfiguration;
			buildSettings = {
				ENABLE_TESTABILITY = YES;
				FRAMEWORK_SEARCH_PATHS = (
					"$(inherited)",
					"$(PLATFORM_DIR)/Developer/Library/Frameworks",
				);
				HEADER_SEARCH_PATHS = "$(inherited)";
				INFOPLIST_FILE = Sio.xcodeproj/SioValueStore_Info.plist;
				LD_RUNPATH_SEARCH_PATHS = "$(inherited) $(TOOLCHAIN_DIR)/usr/lib/swift/macosx";
				OTHER_CFLAGS = "$(inherited)";
				OTHER_LDFLAGS = "$(inherited)";
				OTHER_SWIFT_FLAGS = "$(inherited)";
				PRODUCT_BUNDLE_IDENTIFIER = SioValueStore;
				PRODUCT_MODULE_NAME = "$(TARGET_NAME:c99extidentifier)";
				PRODUCT_NAME = "$(TARGET_NAME:c99extidentifier)";
				SKIP_INSTALL = YES;
				SWIFT_ACTIVE_COMPILATION_CONDITIONS = "$(inherited)";
				SWIFT_VERSION = 4.0;
				TARGET_NAME = SioValueStore;
			};
			name = Release;
		};
		OBJ_220 /* Debug */ = {
			isa = XCBuildConfiguration;
			buildSettings = {
				CLANG_ENABLE_MODULES = YES;
				EMBEDDED_CONTENT_CONTAINS_SWIFT = YES;
				FRAMEWORK_SEARCH_PATHS = (
					"$(inherited)",
					"$(PLATFORM_DIR)/Developer/Library/Frameworks",
				);
				HEADER_SEARCH_PATHS = "$(inherited)";
				INFOPLIST_FILE = Sio.xcodeproj/SioValueStoreTests_Info.plist;
				LD_RUNPATH_SEARCH_PATHS = "$(inherited) @loader_path/../Frameworks @loader_path/Frameworks";
				OTHER_CFLAGS = "$(inherited)";
				OTHER_LDFLAGS = "$(inherited)";
				OTHER_SWIFT_FLAGS = "$(inherited)";
				SWIFT_ACTIVE_COMPILATION_CONDITIONS = "$(inherited)";
				SWIFT_VERSION = 4.0;
				TARGET_NAME = SioValueStoreTests;
			};
			name = Debug;
		};
		OBJ_221 /* Release */ = {
			isa = XCBuildConfiguration;
			buildSettings = {
				CLANG_ENABLE_MODULES = YES;
				EMBEDDED_CONTENT_CONTAINS_SWIFT = YES;
				FRAMEWORK_SEARCH_PATHS = (
					"$(inherited)",
					"$(PLATFORM_DIR)/Developer/Library/Frameworks",
				);
				HEADER_SEARCH_PATHS = "$(inherited)";
				INFOPLIST_FILE = Sio.xcodeproj/SioValueStoreTests_Info.plist;
				LD_RUNPATH_SEARCH_PATHS = "$(inherited) @loader_path/../Frameworks @loader_path/Frameworks";
				OTHER_CFLAGS = "$(inherited)";
				OTHER_LDFLAGS = "$(inherited)";
				OTHER_SWIFT_FLAGS = "$(inherited)";
				SWIFT_ACTIVE_COMPILATION_CONDITIONS = "$(inherited)";
				SWIFT_VERSION = 4.0;
				TARGET_NAME = SioValueStoreTests;
			};
			name = Release;
		};
		OBJ_3 /* Debug */ = {
			isa = XCBuildConfiguration;
			buildSettings = {
				CLANG_ENABLE_OBJC_ARC = YES;
				COMBINE_HIDPI_IMAGES = YES;
				COPY_PHASE_STRIP = NO;
				DEBUG_INFORMATION_FORMAT = dwarf;
				DYLIB_INSTALL_NAME_BASE = "@rpath";
				ENABLE_NS_ASSERTIONS = YES;
				GCC_OPTIMIZATION_LEVEL = 0;
				GCC_PREPROCESSOR_DEFINITIONS = (
					"$(inherited)",
					"SWIFT_PACKAGE=1",
					"DEBUG=1",
				);
				MACOSX_DEPLOYMENT_TARGET = 10.10;
				ONLY_ACTIVE_ARCH = YES;
				OTHER_SWIFT_FLAGS = "-DXcode";
				PRODUCT_NAME = "$(TARGET_NAME)";
				SDKROOT = macosx;
				SUPPORTED_PLATFORMS = "macosx iphoneos iphonesimulator appletvos appletvsimulator watchos watchsimulator";
				SWIFT_ACTIVE_COMPILATION_CONDITIONS = "$(inherited) SWIFT_PACKAGE DEBUG";
				SWIFT_OPTIMIZATION_LEVEL = "-Onone";
				USE_HEADERMAP = NO;
			};
			name = Debug;
		};
		OBJ_4 /* Release */ = {
			isa = XCBuildConfiguration;
			buildSettings = {
				CLANG_ENABLE_OBJC_ARC = YES;
				COMBINE_HIDPI_IMAGES = YES;
				COPY_PHASE_STRIP = YES;
				DEBUG_INFORMATION_FORMAT = "dwarf-with-dsym";
				DYLIB_INSTALL_NAME_BASE = "@rpath";
				GCC_OPTIMIZATION_LEVEL = s;
				GCC_PREPROCESSOR_DEFINITIONS = (
					"$(inherited)",
					"SWIFT_PACKAGE=1",
				);
				MACOSX_DEPLOYMENT_TARGET = 10.10;
				OTHER_SWIFT_FLAGS = "-DXcode";
				PRODUCT_NAME = "$(TARGET_NAME)";
				SDKROOT = macosx;
				SUPPORTED_PLATFORMS = "macosx iphoneos iphonesimulator appletvos appletvsimulator watchos watchsimulator";
				SWIFT_ACTIVE_COMPILATION_CONDITIONS = "$(inherited) SWIFT_PACKAGE";
				SWIFT_OPTIMIZATION_LEVEL = "-Owholemodule";
				USE_HEADERMAP = NO;
			};
			name = Release;
		};
		OBJ_97 /* Debug */ = {
			isa = XCBuildConfiguration;
			buildSettings = {
				ENABLE_TESTABILITY = YES;
				FRAMEWORK_SEARCH_PATHS = (
					"$(inherited)",
					"$(PLATFORM_DIR)/Developer/Library/Frameworks",
				);
				HEADER_SEARCH_PATHS = "$(inherited)";
				INFOPLIST_FILE = Sio.xcodeproj/Sio_Info.plist;
				LD_RUNPATH_SEARCH_PATHS = "$(inherited) $(TOOLCHAIN_DIR)/usr/lib/swift/macosx";
				OTHER_CFLAGS = "$(inherited)";
				OTHER_LDFLAGS = "$(inherited)";
				OTHER_SWIFT_FLAGS = "$(inherited)";
				PRODUCT_BUNDLE_IDENTIFIER = Sio;
				PRODUCT_MODULE_NAME = "$(TARGET_NAME:c99extidentifier)";
				PRODUCT_NAME = "$(TARGET_NAME:c99extidentifier)";
				SKIP_INSTALL = YES;
				SWIFT_ACTIVE_COMPILATION_CONDITIONS = "$(inherited)";
				SWIFT_VERSION = 4.0;
				TARGET_NAME = Sio;
			};
			name = Debug;
		};
		OBJ_98 /* Release */ = {
			isa = XCBuildConfiguration;
			buildSettings = {
				ENABLE_TESTABILITY = YES;
				FRAMEWORK_SEARCH_PATHS = (
					"$(inherited)",
					"$(PLATFORM_DIR)/Developer/Library/Frameworks",
				);
				HEADER_SEARCH_PATHS = "$(inherited)";
				INFOPLIST_FILE = Sio.xcodeproj/Sio_Info.plist;
				LD_RUNPATH_SEARCH_PATHS = "$(inherited) $(TOOLCHAIN_DIR)/usr/lib/swift/macosx";
				OTHER_CFLAGS = "$(inherited)";
				OTHER_LDFLAGS = "$(inherited)";
				OTHER_SWIFT_FLAGS = "$(inherited)";
				PRODUCT_BUNDLE_IDENTIFIER = Sio;
				PRODUCT_MODULE_NAME = "$(TARGET_NAME:c99extidentifier)";
				PRODUCT_NAME = "$(TARGET_NAME:c99extidentifier)";
				SKIP_INSTALL = YES;
				SWIFT_ACTIVE_COMPILATION_CONDITIONS = "$(inherited)";
				SWIFT_VERSION = 4.0;
				TARGET_NAME = Sio;
			};
			name = Release;
		};
/* End XCBuildConfiguration section */

/* Begin XCConfigurationList section */
		OBJ_149 /* Build configuration list for PBXNativeTarget "SioEffects" */ = {
			isa = XCConfigurationList;
			buildConfigurations = (
				OBJ_150 /* Debug */,
				OBJ_151 /* Release */,
			);
			defaultConfigurationIsVisible = 0;
			defaultConfigurationName = Release;
		};
		OBJ_161 /* Build configuration list for PBXNativeTarget "SioEffectsTests" */ = {
			isa = XCConfigurationList;
			buildConfigurations = (
				OBJ_162 /* Debug */,
				OBJ_163 /* Release */,
			);
			defaultConfigurationIsVisible = 0;
			defaultConfigurationName = Release;
		};
		OBJ_172 /* Build configuration list for PBXNativeTarget "SioPackageDescription" */ = {
			isa = XCConfigurationList;
			buildConfigurations = (
				OBJ_173 /* Debug */,
				OBJ_174 /* Release */,
			);
			defaultConfigurationIsVisible = 0;
			defaultConfigurationName = Release;
		};
		OBJ_178 /* Build configuration list for PBXAggregateTarget "SioPackageTests" */ = {
			isa = XCConfigurationList;
			buildConfigurations = (
				OBJ_179 /* Debug */,
				OBJ_180 /* Release */,
			);
			defaultConfigurationIsVisible = 0;
			defaultConfigurationName = Release;
		};
		OBJ_186 /* Build configuration list for PBXNativeTarget "SioTests" */ = {
			isa = XCConfigurationList;
			buildConfigurations = (
				OBJ_187 /* Debug */,
				OBJ_188 /* Release */,
			);
			defaultConfigurationIsVisible = 0;
			defaultConfigurationName = Release;
		};
		OBJ_2 /* Build configuration list for PBXProject "Sio" */ = {
			isa = XCConfigurationList;
			buildConfigurations = (
				OBJ_3 /* Debug */,
				OBJ_4 /* Release */,
			);
			defaultConfigurationIsVisible = 0;
			defaultConfigurationName = Release;
		};
		OBJ_207 /* Build configuration list for PBXNativeTarget "SioValueStore" */ = {
			isa = XCConfigurationList;
			buildConfigurations = (
				OBJ_208 /* Debug */,
				OBJ_209 /* Release */,
			);
			defaultConfigurationIsVisible = 0;
			defaultConfigurationName = Release;
		};
		OBJ_219 /* Build configuration list for PBXNativeTarget "SioValueStoreTests" */ = {
			isa = XCConfigurationList;
			buildConfigurations = (
				OBJ_220 /* Debug */,
				OBJ_221 /* Release */,
			);
			defaultConfigurationIsVisible = 0;
			defaultConfigurationName = Release;
		};
		OBJ_96 /* Build configuration list for PBXNativeTarget "Sio" */ = {
			isa = XCConfigurationList;
			buildConfigurations = (
				OBJ_97 /* Debug */,
				OBJ_98 /* Release */,
			);
			defaultConfigurationIsVisible = 0;
			defaultConfigurationName = Release;
		};
/* End XCConfigurationList section */
	};
	rootObject = OBJ_1 /* Project object */;
}
