// !$*UTF8*$!
{
   archiveVersion = "1";
   objectVersion = "46";
   objects = {
      "OBJ_1" = {
         isa = "PBXProject";
         attributes = {
            LastSwiftMigration = "9999";
            LastUpgradeCheck = "9999";
         };
         buildConfigurationList = "OBJ_2";
         compatibilityVersion = "Xcode 3.2";
         developmentRegion = "English";
         hasScannedForEncodings = "0";
         knownRegions = (
            "en"
         );
         mainGroup = "OBJ_5";
         productRefGroup = "OBJ_121";
         projectDirPath = ".";
         targets = (
            "Sio::Sio",
            "Sio::SioCodec",
            "Sio::SioCodecTests",
            "Sio::SioEffects",
            "Sio::SioEffectsTests",
            "Sio::SwiftPMPackageDescription",
            "Sio::SioPackageTests::ProductTarget",
            "Sio::SioTests",
            "Sio::SioValueStore",
            "Sio::SioValueStoreTests"
         );
      };
      "OBJ_10" = {
         isa = "PBXFileReference";
         path = "Collection+Chunks.swift";
         sourceTree = "<group>";
      };
      "OBJ_100" = {
         isa = "PBXGroup";
         children = (
            "OBJ_101",
            "OBJ_102"
         );
         name = "SioEffectsTests";
         path = "Tests/SioEffectsTests";
         sourceTree = "SOURCE_ROOT";
      };
      "OBJ_101" = {
         isa = "PBXFileReference";
         path = "SioEffectsTests.swift";
         sourceTree = "<group>";
      };
      "OBJ_102" = {
         isa = "PBXFileReference";
         path = "SioRandomTests.swift";
         sourceTree = "<group>";
      };
      "OBJ_103" = {
         isa = "PBXGroup";
         children = (
            "OBJ_104",
            "OBJ_105",
            "OBJ_106",
            "OBJ_107",
            "OBJ_108",
            "OBJ_109",
            "OBJ_110",
            "OBJ_111",
            "OBJ_112",
            "OBJ_113",
            "OBJ_114",
            "OBJ_115",
            "OBJ_116",
            "OBJ_117"
         );
         name = "SioTests";
         path = "Tests/SioTests";
         sourceTree = "SOURCE_ROOT";
      };
      "OBJ_104" = {
         isa = "PBXFileReference";
         path = "Applicative.swift";
         sourceTree = "<group>";
      };
      "OBJ_105" = {
         isa = "PBXFileReference";
         path = "Arrays.swift";
         sourceTree = "<group>";
      };
      "OBJ_106" = {
         isa = "PBXFileReference";
         path = "BracketTests.swift";
         sourceTree = "<group>";
      };
      "OBJ_107" = {
         isa = "PBXFileReference";
         path = "CancellationTests.swift";
         sourceTree = "<group>";
      };
      "OBJ_108" = {
         isa = "PBXFileReference";
         path = "Chunked.swift";
         sourceTree = "<group>";
      };
      "OBJ_109" = {
         isa = "PBXFileReference";
         path = "ConcurrencyTests.swift";
         sourceTree = "<group>";
      };
      "OBJ_11" = {
         isa = "PBXFileReference";
         path = "Compose.swift";
         sourceTree = "<group>";
      };
      "OBJ_110" = {
         isa = "PBXFileReference";
         path = "Delay.swift";
         sourceTree = "<group>";
      };
      "OBJ_111" = {
         isa = "PBXFileReference";
         path = "Functor.swift";
         sourceTree = "<group>";
      };
      "OBJ_112" = {
         isa = "PBXFileReference";
         path = "LocalURLTests.swift";
         sourceTree = "<group>";
      };
      "OBJ_113" = {
         isa = "PBXFileReference";
         path = "Monad.swift";
         sourceTree = "<group>";
      };
      "OBJ_114" = {
         isa = "PBXFileReference";
         path = "RaceTests.swift";
         sourceTree = "<group>";
      };
      "OBJ_115" = {
         isa = "PBXFileReference";
         path = "Retry.swift";
         sourceTree = "<group>";
      };
      "OBJ_116" = {
         isa = "PBXFileReference";
         path = "SIOTests.swift";
         sourceTree = "<group>";
      };
      "OBJ_117" = {
         isa = "PBXFileReference";
         path = "TimeoutTests.swift";
         sourceTree = "<group>";
      };
      "OBJ_118" = {
         isa = "PBXGroup";
         children = (
            "OBJ_119",
            "OBJ_120"
         );
         name = "SioValueStoreTests";
         path = "Tests/SioValueStoreTests";
         sourceTree = "SOURCE_ROOT";
      };
      "OBJ_119" = {
         isa = "PBXFileReference";
         path = "SioValueStoreJSONTests.swift";
         sourceTree = "<group>";
      };
      "OBJ_12" = {
         isa = "PBXFileReference";
         path = "Curry.swift";
         sourceTree = "<group>";
      };
      "OBJ_120" = {
         isa = "PBXFileReference";
         path = "SioValueStoreTests.swift";
         sourceTree = "<group>";
      };
      "OBJ_121" = {
         isa = "PBXGroup";
         children = (
            "Sio::SioCodecTests::Product",
            "Sio::SioCodec::Product",
            "Sio::SioValueStoreTests::Product",
            "Sio::Sio::Product",
            "Sio::SioEffects::Product",
            "Sio::SioTests::Product",
            "Sio::SioValueStore::Product",
            "Sio::SioEffectsTests::Product"
         );
         name = "Products";
         path = "";
         sourceTree = "BUILT_PRODUCTS_DIR";
      };
      "OBJ_13" = {
         isa = "PBXFileReference";
         path = "Either+Alt.swift";
         sourceTree = "<group>";
      };
      "OBJ_130" = {
         isa = "PBXFileReference";
         path = "Sio.xcworkspace";
         sourceTree = "SOURCE_ROOT";
      };
      "OBJ_131" = {
         isa = "PBXFileReference";
         path = "Configs";
         sourceTree = "SOURCE_ROOT";
      };
      "OBJ_132" = {
         isa = "PBXFileReference";
         path = "LICENSE";
         sourceTree = "<group>";
      };
      "OBJ_133" = {
         isa = "PBXFileReference";
         path = "sio.podspec";
         sourceTree = "<group>";
      };
      "OBJ_134" = {
         isa = "PBXFileReference";
         path = "README.md";
         sourceTree = "<group>";
      };
      "OBJ_136" = {
         isa = "XCConfigurationList";
         buildConfigurations = (
            "OBJ_137",
            "OBJ_138"
         );
         defaultConfigurationIsVisible = "0";
         defaultConfigurationName = "Release";
      };
      "OBJ_137" = {
         isa = "XCBuildConfiguration";
         buildSettings = {
            ENABLE_TESTABILITY = "YES";
            FRAMEWORK_SEARCH_PATHS = (
               "$(inherited)",
               "$(PLATFORM_DIR)/Developer/Library/Frameworks"
            );
            HEADER_SEARCH_PATHS = (
               "$(inherited)"
            );
            INFOPLIST_FILE = "Sio.xcodeproj/Sio_Info.plist";
            IPHONEOS_DEPLOYMENT_TARGET = "10.0";
            LD_RUNPATH_SEARCH_PATHS = (
               "$(inherited)",
               "$(TOOLCHAIN_DIR)/usr/lib/swift/macosx"
            );
            MACOSX_DEPLOYMENT_TARGET = "10.11";
            OTHER_CFLAGS = (
               "$(inherited)"
            );
            OTHER_LDFLAGS = (
               "$(inherited)"
            );
            OTHER_SWIFT_FLAGS = (
               "$(inherited)"
            );
            PRODUCT_BUNDLE_IDENTIFIER = "Sio";
            PRODUCT_MODULE_NAME = "$(TARGET_NAME:c99extidentifier)";
            PRODUCT_NAME = "$(TARGET_NAME:c99extidentifier)";
            SKIP_INSTALL = "YES";
            SWIFT_ACTIVE_COMPILATION_CONDITIONS = (
               "$(inherited)"
            );
            SWIFT_VERSION = "5.0";
            TARGET_NAME = "Sio";
            TVOS_DEPLOYMENT_TARGET = "9.0";
            WATCHOS_DEPLOYMENT_TARGET = "2.0";
         };
         name = "Debug";
      };
      "OBJ_138" = {
         isa = "XCBuildConfiguration";
         buildSettings = {
            ENABLE_TESTABILITY = "YES";
            FRAMEWORK_SEARCH_PATHS = (
               "$(inherited)",
               "$(PLATFORM_DIR)/Developer/Library/Frameworks"
            );
            HEADER_SEARCH_PATHS = (
               "$(inherited)"
            );
            INFOPLIST_FILE = "Sio.xcodeproj/Sio_Info.plist";
            IPHONEOS_DEPLOYMENT_TARGET = "10.0";
            LD_RUNPATH_SEARCH_PATHS = (
               "$(inherited)",
               "$(TOOLCHAIN_DIR)/usr/lib/swift/macosx"
            );
            MACOSX_DEPLOYMENT_TARGET = "10.11";
            OTHER_CFLAGS = (
               "$(inherited)"
            );
            OTHER_LDFLAGS = (
               "$(inherited)"
            );
            OTHER_SWIFT_FLAGS = (
               "$(inherited)"
            );
            PRODUCT_BUNDLE_IDENTIFIER = "Sio";
            PRODUCT_MODULE_NAME = "$(TARGET_NAME:c99extidentifier)";
            PRODUCT_NAME = "$(TARGET_NAME:c99extidentifier)";
            SKIP_INSTALL = "YES";
            SWIFT_ACTIVE_COMPILATION_CONDITIONS = (
               "$(inherited)"
            );
            SWIFT_VERSION = "5.0";
            TARGET_NAME = "Sio";
            TVOS_DEPLOYMENT_TARGET = "9.0";
            WATCHOS_DEPLOYMENT_TARGET = "2.0";
         };
         name = "Release";
      };
      "OBJ_139" = {
         isa = "PBXSourcesBuildPhase";
         files = (
            "OBJ_140",
            "OBJ_141",
            "OBJ_142",
            "OBJ_143",
            "OBJ_144",
            "OBJ_145",
            "OBJ_146",
            "OBJ_147",
            "OBJ_148",
            "OBJ_149",
            "OBJ_150",
            "OBJ_151",
            "OBJ_152",
            "OBJ_153",
            "OBJ_154",
            "OBJ_155",
            "OBJ_156",
            "OBJ_157",
            "OBJ_158",
            "OBJ_159",
            "OBJ_160",
            "OBJ_161",
            "OBJ_162",
            "OBJ_163",
            "OBJ_164",
            "OBJ_165",
            "OBJ_166",
            "OBJ_167",
            "OBJ_168",
            "OBJ_169",
            "OBJ_170",
            "OBJ_171",
            "OBJ_172",
            "OBJ_173",
            "OBJ_174",
            "OBJ_175",
            "OBJ_176",
            "OBJ_177",
            "OBJ_178",
            "OBJ_179",
            "OBJ_180",
            "OBJ_181",
            "OBJ_182",
            "OBJ_183",
            "OBJ_184",
            "OBJ_185",
            "OBJ_186",
            "OBJ_187",
            "OBJ_188",
            "OBJ_189",
            "OBJ_190",
            "OBJ_191",
            "OBJ_192",
            "OBJ_193"
         );
      };
      "OBJ_14" = {
         isa = "PBXFileReference";
         path = "Either+Applicative.swift";
         sourceTree = "<group>";
      };
      "OBJ_140" = {
         isa = "PBXBuildFile";
         fileRef = "OBJ_9";
      };
      "OBJ_141" = {
         isa = "PBXBuildFile";
         fileRef = "OBJ_10";
      };
      "OBJ_142" = {
         isa = "PBXBuildFile";
         fileRef = "OBJ_11";
      };
      "OBJ_143" = {
         isa = "PBXBuildFile";
         fileRef = "OBJ_12";
      };
      "OBJ_144" = {
         isa = "PBXBuildFile";
         fileRef = "OBJ_13";
      };
      "OBJ_145" = {
         isa = "PBXBuildFile";
         fileRef = "OBJ_14";
      };
      "OBJ_146" = {
         isa = "PBXBuildFile";
         fileRef = "OBJ_15";
      };
      "OBJ_147" = {
         isa = "PBXBuildFile";
         fileRef = "OBJ_16";
      };
      "OBJ_148" = {
         isa = "PBXBuildFile";
         fileRef = "OBJ_17";
      };
      "OBJ_149" = {
         isa = "PBXBuildFile";
         fileRef = "OBJ_18";
      };
      "OBJ_15" = {
         isa = "PBXFileReference";
         path = "Either+Codable.swift";
         sourceTree = "<group>";
      };
      "OBJ_150" = {
         isa = "PBXBuildFile";
         fileRef = "OBJ_19";
      };
      "OBJ_151" = {
         isa = "PBXBuildFile";
         fileRef = "OBJ_20";
      };
      "OBJ_152" = {
         isa = "PBXBuildFile";
         fileRef = "OBJ_21";
      };
      "OBJ_153" = {
         isa = "PBXBuildFile";
         fileRef = "OBJ_22";
      };
      "OBJ_154" = {
         isa = "PBXBuildFile";
         fileRef = "OBJ_23";
      };
      "OBJ_155" = {
         isa = "PBXBuildFile";
         fileRef = "OBJ_24";
      };
      "OBJ_156" = {
         isa = "PBXBuildFile";
         fileRef = "OBJ_25";
      };
      "OBJ_157" = {
         isa = "PBXBuildFile";
         fileRef = "OBJ_26";
      };
      "OBJ_158" = {
         isa = "PBXBuildFile";
         fileRef = "OBJ_27";
      };
      "OBJ_159" = {
         isa = "PBXBuildFile";
         fileRef = "OBJ_28";
      };
      "OBJ_16" = {
         isa = "PBXFileReference";
         path = "Either+Error.swift";
         sourceTree = "<group>";
      };
      "OBJ_160" = {
         isa = "PBXBuildFile";
         fileRef = "OBJ_29";
      };
      "OBJ_161" = {
         isa = "PBXBuildFile";
         fileRef = "OBJ_30";
      };
      "OBJ_162" = {
         isa = "PBXBuildFile";
         fileRef = "OBJ_31";
      };
      "OBJ_163" = {
         isa = "PBXBuildFile";
         fileRef = "OBJ_32";
      };
      "OBJ_164" = {
         isa = "PBXBuildFile";
         fileRef = "OBJ_33";
      };
      "OBJ_165" = {
         isa = "PBXBuildFile";
         fileRef = "OBJ_34";
      };
      "OBJ_166" = {
         isa = "PBXBuildFile";
         fileRef = "OBJ_35";
      };
      "OBJ_167" = {
         isa = "PBXBuildFile";
         fileRef = "OBJ_36";
      };
      "OBJ_168" = {
         isa = "PBXBuildFile";
         fileRef = "OBJ_37";
      };
      "OBJ_169" = {
         isa = "PBXBuildFile";
         fileRef = "OBJ_38";
      };
      "OBJ_17" = {
         isa = "PBXFileReference";
         path = "Either+Monad.swift";
         sourceTree = "<group>";
      };
      "OBJ_170" = {
         isa = "PBXBuildFile";
         fileRef = "OBJ_39";
      };
      "OBJ_171" = {
         isa = "PBXBuildFile";
         fileRef = "OBJ_40";
      };
      "OBJ_172" = {
         isa = "PBXBuildFile";
         fileRef = "OBJ_41";
      };
      "OBJ_173" = {
         isa = "PBXBuildFile";
         fileRef = "OBJ_42";
      };
      "OBJ_174" = {
         isa = "PBXBuildFile";
         fileRef = "OBJ_43";
      };
      "OBJ_175" = {
         isa = "PBXBuildFile";
         fileRef = "OBJ_44";
      };
      "OBJ_176" = {
         isa = "PBXBuildFile";
         fileRef = "OBJ_45";
      };
      "OBJ_177" = {
         isa = "PBXBuildFile";
         fileRef = "OBJ_46";
      };
      "OBJ_178" = {
         isa = "PBXBuildFile";
         fileRef = "OBJ_47";
      };
      "OBJ_179" = {
         isa = "PBXBuildFile";
         fileRef = "OBJ_48";
      };
      "OBJ_18" = {
         isa = "PBXFileReference";
         path = "Either+Optional.swift";
         sourceTree = "<group>";
      };
      "OBJ_180" = {
         isa = "PBXBuildFile";
         fileRef = "OBJ_49";
      };
      "OBJ_181" = {
         isa = "PBXBuildFile";
         fileRef = "OBJ_50";
      };
      "OBJ_182" = {
         isa = "PBXBuildFile";
         fileRef = "OBJ_51";
      };
      "OBJ_183" = {
         isa = "PBXBuildFile";
         fileRef = "OBJ_52";
      };
      "OBJ_184" = {
         isa = "PBXBuildFile";
         fileRef = "OBJ_53";
      };
      "OBJ_185" = {
         isa = "PBXBuildFile";
         fileRef = "OBJ_54";
      };
      "OBJ_186" = {
         isa = "PBXBuildFile";
         fileRef = "OBJ_55";
      };
      "OBJ_187" = {
         isa = "PBXBuildFile";
         fileRef = "OBJ_56";
      };
      "OBJ_188" = {
         isa = "PBXBuildFile";
         fileRef = "OBJ_57";
      };
      "OBJ_189" = {
         isa = "PBXBuildFile";
         fileRef = "OBJ_58";
      };
      "OBJ_19" = {
         isa = "PBXFileReference";
         path = "Either+Traversable.swift";
         sourceTree = "<group>";
      };
      "OBJ_190" = {
         isa = "PBXBuildFile";
         fileRef = "OBJ_59";
      };
      "OBJ_191" = {
         isa = "PBXBuildFile";
         fileRef = "OBJ_60";
      };
      "OBJ_192" = {
         isa = "PBXBuildFile";
         fileRef = "OBJ_61";
      };
      "OBJ_193" = {
         isa = "PBXBuildFile";
         fileRef = "OBJ_62";
      };
      "OBJ_194" = {
         isa = "PBXFrameworksBuildPhase";
         files = (
         );
      };
      "OBJ_196" = {
         isa = "XCConfigurationList";
         buildConfigurations = (
            "OBJ_197",
            "OBJ_198"
         );
         defaultConfigurationIsVisible = "0";
         defaultConfigurationName = "Release";
      };
      "OBJ_197" = {
         isa = "XCBuildConfiguration";
         buildSettings = {
            ENABLE_TESTABILITY = "YES";
            FRAMEWORK_SEARCH_PATHS = (
               "$(inherited)",
               "$(PLATFORM_DIR)/Developer/Library/Frameworks"
            );
            HEADER_SEARCH_PATHS = (
               "$(inherited)"
            );
            INFOPLIST_FILE = "Sio.xcodeproj/SioCodec_Info.plist";
            IPHONEOS_DEPLOYMENT_TARGET = "10.0";
            LD_RUNPATH_SEARCH_PATHS = (
               "$(inherited)",
               "$(TOOLCHAIN_DIR)/usr/lib/swift/macosx"
            );
            MACOSX_DEPLOYMENT_TARGET = "10.11";
            OTHER_CFLAGS = (
               "$(inherited)"
            );
            OTHER_LDFLAGS = (
               "$(inherited)"
            );
            OTHER_SWIFT_FLAGS = (
               "$(inherited)"
            );
            PRODUCT_BUNDLE_IDENTIFIER = "SioCodec";
            PRODUCT_MODULE_NAME = "$(TARGET_NAME:c99extidentifier)";
            PRODUCT_NAME = "$(TARGET_NAME:c99extidentifier)";
            SKIP_INSTALL = "YES";
            SWIFT_ACTIVE_COMPILATION_CONDITIONS = (
               "$(inherited)"
            );
            SWIFT_VERSION = "5.0";
            TARGET_NAME = "SioCodec";
            TVOS_DEPLOYMENT_TARGET = "9.0";
            WATCHOS_DEPLOYMENT_TARGET = "2.0";
         };
         name = "Debug";
      };
      "OBJ_198" = {
         isa = "XCBuildConfiguration";
         buildSettings = {
            ENABLE_TESTABILITY = "YES";
            FRAMEWORK_SEARCH_PATHS = (
               "$(inherited)",
               "$(PLATFORM_DIR)/Developer/Library/Frameworks"
            );
            HEADER_SEARCH_PATHS = (
               "$(inherited)"
            );
            INFOPLIST_FILE = "Sio.xcodeproj/SioCodec_Info.plist";
            IPHONEOS_DEPLOYMENT_TARGET = "10.0";
            LD_RUNPATH_SEARCH_PATHS = (
               "$(inherited)",
               "$(TOOLCHAIN_DIR)/usr/lib/swift/macosx"
            );
            MACOSX_DEPLOYMENT_TARGET = "10.11";
            OTHER_CFLAGS = (
               "$(inherited)"
            );
            OTHER_LDFLAGS = (
               "$(inherited)"
            );
            OTHER_SWIFT_FLAGS = (
               "$(inherited)"
            );
            PRODUCT_BUNDLE_IDENTIFIER = "SioCodec";
            PRODUCT_MODULE_NAME = "$(TARGET_NAME:c99extidentifier)";
            PRODUCT_NAME = "$(TARGET_NAME:c99extidentifier)";
            SKIP_INSTALL = "YES";
            SWIFT_ACTIVE_COMPILATION_CONDITIONS = (
               "$(inherited)"
            );
            SWIFT_VERSION = "5.0";
            TARGET_NAME = "SioCodec";
            TVOS_DEPLOYMENT_TARGET = "9.0";
            WATCHOS_DEPLOYMENT_TARGET = "2.0";
         };
         name = "Release";
      };
      "OBJ_199" = {
         isa = "PBXSourcesBuildPhase";
         files = (
            "OBJ_200",
            "OBJ_201",
            "OBJ_202",
            "OBJ_203",
            "OBJ_204",
            "OBJ_205",
            "OBJ_206"
         );
      };
      "OBJ_2" = {
         isa = "XCConfigurationList";
         buildConfigurations = (
            "OBJ_3",
            "OBJ_4"
         );
         defaultConfigurationIsVisible = "0";
         defaultConfigurationName = "Release";
      };
      "OBJ_20" = {
         isa = "PBXFileReference";
         path = "Either+Zip.swift";
         sourceTree = "<group>";
      };
      "OBJ_200" = {
         isa = "PBXBuildFile";
         fileRef = "OBJ_64";
      };
      "OBJ_201" = {
         isa = "PBXBuildFile";
         fileRef = "OBJ_65";
      };
      "OBJ_202" = {
         isa = "PBXBuildFile";
         fileRef = "OBJ_66";
      };
      "OBJ_203" = {
         isa = "PBXBuildFile";
         fileRef = "OBJ_67";
      };
      "OBJ_204" = {
         isa = "PBXBuildFile";
         fileRef = "OBJ_68";
      };
      "OBJ_205" = {
         isa = "PBXBuildFile";
         fileRef = "OBJ_69";
      };
      "OBJ_206" = {
         isa = "PBXBuildFile";
         fileRef = "OBJ_70";
      };
      "OBJ_207" = {
         isa = "PBXFrameworksBuildPhase";
         files = (
            "OBJ_208"
         );
      };
      "OBJ_208" = {
         isa = "PBXBuildFile";
         fileRef = "Sio::Sio::Product";
      };
      "OBJ_209" = {
         isa = "PBXTargetDependency";
         target = "Sio::Sio";
      };
      "OBJ_21" = {
         isa = "PBXFileReference";
         path = "Either.swift";
         sourceTree = "<group>";
      };
      "OBJ_211" = {
         isa = "XCConfigurationList";
         buildConfigurations = (
            "OBJ_212",
            "OBJ_213"
         );
         defaultConfigurationIsVisible = "0";
         defaultConfigurationName = "Release";
      };
      "OBJ_212" = {
         isa = "XCBuildConfiguration";
         buildSettings = {
            CLANG_ENABLE_MODULES = "YES";
            EMBEDDED_CONTENT_CONTAINS_SWIFT = "YES";
            FRAMEWORK_SEARCH_PATHS = (
               "$(inherited)",
               "$(PLATFORM_DIR)/Developer/Library/Frameworks"
            );
            HEADER_SEARCH_PATHS = (
               "$(inherited)"
            );
            INFOPLIST_FILE = "Sio.xcodeproj/SioCodecTests_Info.plist";
            IPHONEOS_DEPLOYMENT_TARGET = "10.0";
            LD_RUNPATH_SEARCH_PATHS = (
               "$(inherited)",
               "@loader_path/../Frameworks",
               "@loader_path/Frameworks"
            );
            MACOSX_DEPLOYMENT_TARGET = "10.11";
            OTHER_CFLAGS = (
               "$(inherited)"
            );
            OTHER_LDFLAGS = (
               "$(inherited)"
            );
            OTHER_SWIFT_FLAGS = (
               "$(inherited)"
            );
            SWIFT_ACTIVE_COMPILATION_CONDITIONS = (
               "$(inherited)"
            );
            SWIFT_VERSION = "5.0";
            TARGET_NAME = "SioCodecTests";
            TVOS_DEPLOYMENT_TARGET = "9.0";
            WATCHOS_DEPLOYMENT_TARGET = "2.0";
         };
         name = "Debug";
      };
      "OBJ_213" = {
         isa = "XCBuildConfiguration";
         buildSettings = {
            CLANG_ENABLE_MODULES = "YES";
            EMBEDDED_CONTENT_CONTAINS_SWIFT = "YES";
            FRAMEWORK_SEARCH_PATHS = (
               "$(inherited)",
               "$(PLATFORM_DIR)/Developer/Library/Frameworks"
            );
            HEADER_SEARCH_PATHS = (
               "$(inherited)"
            );
            INFOPLIST_FILE = "Sio.xcodeproj/SioCodecTests_Info.plist";
            IPHONEOS_DEPLOYMENT_TARGET = "10.0";
            LD_RUNPATH_SEARCH_PATHS = (
               "$(inherited)",
               "@loader_path/../Frameworks",
               "@loader_path/Frameworks"
            );
            MACOSX_DEPLOYMENT_TARGET = "10.11";
            OTHER_CFLAGS = (
               "$(inherited)"
            );
            OTHER_LDFLAGS = (
               "$(inherited)"
            );
            OTHER_SWIFT_FLAGS = (
               "$(inherited)"
            );
            SWIFT_ACTIVE_COMPILATION_CONDITIONS = (
               "$(inherited)"
            );
            SWIFT_VERSION = "5.0";
            TARGET_NAME = "SioCodecTests";
            TVOS_DEPLOYMENT_TARGET = "9.0";
            WATCHOS_DEPLOYMENT_TARGET = "2.0";
         };
         name = "Release";
      };
      "OBJ_214" = {
         isa = "PBXSourcesBuildPhase";
         files = (
            "OBJ_215",
            "OBJ_216",
            "OBJ_217",
            "OBJ_218",
            "OBJ_219",
            "OBJ_220"
         );
      };
      "OBJ_215" = {
         isa = "PBXBuildFile";
         fileRef = "OBJ_94";
      };
      "OBJ_216" = {
         isa = "PBXBuildFile";
         fileRef = "OBJ_95";
      };
      "OBJ_217" = {
         isa = "PBXBuildFile";
         fileRef = "OBJ_96";
      };
      "OBJ_218" = {
         isa = "PBXBuildFile";
         fileRef = "OBJ_97";
      };
      "OBJ_219" = {
         isa = "PBXBuildFile";
         fileRef = "OBJ_98";
      };
      "OBJ_22" = {
         isa = "PBXFileReference";
         path = "Iso.swift";
         sourceTree = "<group>";
      };
      "OBJ_220" = {
         isa = "PBXBuildFile";
         fileRef = "OBJ_99";
      };
      "OBJ_221" = {
         isa = "PBXFrameworksBuildPhase";
         files = (
            "OBJ_222",
            "OBJ_223"
         );
      };
      "OBJ_222" = {
         isa = "PBXBuildFile";
         fileRef = "Sio::SioCodec::Product";
      };
      "OBJ_223" = {
         isa = "PBXBuildFile";
         fileRef = "Sio::Sio::Product";
      };
      "OBJ_224" = {
         isa = "PBXTargetDependency";
         target = "Sio::SioCodec";
      };
      "OBJ_225" = {
         isa = "PBXTargetDependency";
         target = "Sio::Sio";
      };
      "OBJ_227" = {
         isa = "XCConfigurationList";
         buildConfigurations = (
            "OBJ_228",
            "OBJ_229"
         );
         defaultConfigurationIsVisible = "0";
         defaultConfigurationName = "Release";
      };
      "OBJ_228" = {
         isa = "XCBuildConfiguration";
         buildSettings = {
            ENABLE_TESTABILITY = "YES";
            FRAMEWORK_SEARCH_PATHS = (
               "$(inherited)",
               "$(PLATFORM_DIR)/Developer/Library/Frameworks"
            );
            HEADER_SEARCH_PATHS = (
               "$(inherited)"
            );
            INFOPLIST_FILE = "Sio.xcodeproj/SioEffects_Info.plist";
            IPHONEOS_DEPLOYMENT_TARGET = "10.0";
            LD_RUNPATH_SEARCH_PATHS = (
               "$(inherited)",
               "$(TOOLCHAIN_DIR)/usr/lib/swift/macosx"
            );
            MACOSX_DEPLOYMENT_TARGET = "10.11";
            OTHER_CFLAGS = (
               "$(inherited)"
            );
            OTHER_LDFLAGS = (
               "$(inherited)"
            );
            OTHER_SWIFT_FLAGS = (
               "$(inherited)"
            );
            PRODUCT_BUNDLE_IDENTIFIER = "SioEffects";
            PRODUCT_MODULE_NAME = "$(TARGET_NAME:c99extidentifier)";
            PRODUCT_NAME = "$(TARGET_NAME:c99extidentifier)";
            SKIP_INSTALL = "YES";
            SWIFT_ACTIVE_COMPILATION_CONDITIONS = (
               "$(inherited)"
            );
            SWIFT_VERSION = "5.0";
            TARGET_NAME = "SioEffects";
            TVOS_DEPLOYMENT_TARGET = "9.0";
            WATCHOS_DEPLOYMENT_TARGET = "2.0";
         };
         name = "Debug";
      };
      "OBJ_229" = {
         isa = "XCBuildConfiguration";
         buildSettings = {
            ENABLE_TESTABILITY = "YES";
            FRAMEWORK_SEARCH_PATHS = (
               "$(inherited)",
               "$(PLATFORM_DIR)/Developer/Library/Frameworks"
            );
            HEADER_SEARCH_PATHS = (
               "$(inherited)"
            );
            INFOPLIST_FILE = "Sio.xcodeproj/SioEffects_Info.plist";
            IPHONEOS_DEPLOYMENT_TARGET = "10.0";
            LD_RUNPATH_SEARCH_PATHS = (
               "$(inherited)",
               "$(TOOLCHAIN_DIR)/usr/lib/swift/macosx"
            );
            MACOSX_DEPLOYMENT_TARGET = "10.11";
            OTHER_CFLAGS = (
               "$(inherited)"
            );
            OTHER_LDFLAGS = (
               "$(inherited)"
            );
            OTHER_SWIFT_FLAGS = (
               "$(inherited)"
            );
            PRODUCT_BUNDLE_IDENTIFIER = "SioEffects";
            PRODUCT_MODULE_NAME = "$(TARGET_NAME:c99extidentifier)";
            PRODUCT_NAME = "$(TARGET_NAME:c99extidentifier)";
            SKIP_INSTALL = "YES";
            SWIFT_ACTIVE_COMPILATION_CONDITIONS = (
               "$(inherited)"
            );
            SWIFT_VERSION = "5.0";
            TARGET_NAME = "SioEffects";
            TVOS_DEPLOYMENT_TARGET = "9.0";
            WATCHOS_DEPLOYMENT_TARGET = "2.0";
         };
         name = "Release";
      };
      "OBJ_23" = {
         isa = "PBXFileReference";
         path = "LocalURL.swift";
         sourceTree = "<group>";
      };
      "OBJ_230" = {
         isa = "PBXSourcesBuildPhase";
         files = (
            "OBJ_231",
            "OBJ_232",
            "OBJ_233",
            "OBJ_234",
            "OBJ_235",
            "OBJ_236"
         );
      };
      "OBJ_231" = {
         isa = "PBXBuildFile";
         fileRef = "OBJ_72";
      };
      "OBJ_232" = {
         isa = "PBXBuildFile";
         fileRef = "OBJ_73";
      };
      "OBJ_233" = {
         isa = "PBXBuildFile";
         fileRef = "OBJ_74";
      };
      "OBJ_234" = {
         isa = "PBXBuildFile";
         fileRef = "OBJ_75";
      };
      "OBJ_235" = {
         isa = "PBXBuildFile";
         fileRef = "OBJ_76";
      };
      "OBJ_236" = {
         isa = "PBXBuildFile";
         fileRef = "OBJ_77";
      };
      "OBJ_237" = {
         isa = "PBXFrameworksBuildPhase";
         files = (
            "OBJ_238"
         );
      };
      "OBJ_238" = {
         isa = "PBXBuildFile";
         fileRef = "Sio::Sio::Product";
      };
      "OBJ_239" = {
         isa = "PBXTargetDependency";
         target = "Sio::Sio";
      };
      "OBJ_24" = {
         isa = "PBXFileReference";
         path = "NoSyncValue.swift";
         sourceTree = "<group>";
      };
      "OBJ_241" = {
         isa = "XCConfigurationList";
         buildConfigurations = (
            "OBJ_242",
            "OBJ_243"
         );
         defaultConfigurationIsVisible = "0";
         defaultConfigurationName = "Release";
      };
      "OBJ_242" = {
         isa = "XCBuildConfiguration";
         buildSettings = {
            CLANG_ENABLE_MODULES = "YES";
            EMBEDDED_CONTENT_CONTAINS_SWIFT = "YES";
            FRAMEWORK_SEARCH_PATHS = (
               "$(inherited)",
               "$(PLATFORM_DIR)/Developer/Library/Frameworks"
            );
            HEADER_SEARCH_PATHS = (
               "$(inherited)"
            );
            INFOPLIST_FILE = "Sio.xcodeproj/SioEffectsTests_Info.plist";
            IPHONEOS_DEPLOYMENT_TARGET = "10.0";
            LD_RUNPATH_SEARCH_PATHS = (
               "$(inherited)",
               "@loader_path/../Frameworks",
               "@loader_path/Frameworks"
            );
            MACOSX_DEPLOYMENT_TARGET = "10.11";
            OTHER_CFLAGS = (
               "$(inherited)"
            );
            OTHER_LDFLAGS = (
               "$(inherited)"
            );
            OTHER_SWIFT_FLAGS = (
               "$(inherited)"
            );
            SWIFT_ACTIVE_COMPILATION_CONDITIONS = (
               "$(inherited)"
            );
            SWIFT_VERSION = "5.0";
            TARGET_NAME = "SioEffectsTests";
            TVOS_DEPLOYMENT_TARGET = "9.0";
            WATCHOS_DEPLOYMENT_TARGET = "2.0";
         };
         name = "Debug";
      };
      "OBJ_243" = {
         isa = "XCBuildConfiguration";
         buildSettings = {
            CLANG_ENABLE_MODULES = "YES";
            EMBEDDED_CONTENT_CONTAINS_SWIFT = "YES";
            FRAMEWORK_SEARCH_PATHS = (
               "$(inherited)",
               "$(PLATFORM_DIR)/Developer/Library/Frameworks"
            );
            HEADER_SEARCH_PATHS = (
               "$(inherited)"
            );
            INFOPLIST_FILE = "Sio.xcodeproj/SioEffectsTests_Info.plist";
            IPHONEOS_DEPLOYMENT_TARGET = "10.0";
            LD_RUNPATH_SEARCH_PATHS = (
               "$(inherited)",
               "@loader_path/../Frameworks",
               "@loader_path/Frameworks"
            );
            MACOSX_DEPLOYMENT_TARGET = "10.11";
            OTHER_CFLAGS = (
               "$(inherited)"
            );
            OTHER_LDFLAGS = (
               "$(inherited)"
            );
            OTHER_SWIFT_FLAGS = (
               "$(inherited)"
            );
            SWIFT_ACTIVE_COMPILATION_CONDITIONS = (
               "$(inherited)"
            );
            SWIFT_VERSION = "5.0";
            TARGET_NAME = "SioEffectsTests";
            TVOS_DEPLOYMENT_TARGET = "9.0";
            WATCHOS_DEPLOYMENT_TARGET = "2.0";
         };
         name = "Release";
      };
      "OBJ_244" = {
         isa = "PBXSourcesBuildPhase";
         files = (
            "OBJ_245",
            "OBJ_246"
         );
      };
      "OBJ_245" = {
         isa = "PBXBuildFile";
         fileRef = "OBJ_101";
      };
      "OBJ_246" = {
         isa = "PBXBuildFile";
         fileRef = "OBJ_102";
      };
      "OBJ_247" = {
         isa = "PBXFrameworksBuildPhase";
         files = (
            "OBJ_248",
            "OBJ_249"
         );
      };
      "OBJ_248" = {
         isa = "PBXBuildFile";
         fileRef = "Sio::SioEffects::Product";
      };
      "OBJ_249" = {
         isa = "PBXBuildFile";
         fileRef = "Sio::Sio::Product";
      };
      "OBJ_25" = {
         isa = "PBXFileReference";
         path = "Operators.swift";
         sourceTree = "<group>";
      };
      "OBJ_250" = {
         isa = "PBXTargetDependency";
         target = "Sio::SioEffects";
      };
      "OBJ_251" = {
         isa = "PBXTargetDependency";
         target = "Sio::Sio";
      };
      "OBJ_253" = {
         isa = "XCConfigurationList";
         buildConfigurations = (
            "OBJ_254",
            "OBJ_255"
         );
         defaultConfigurationIsVisible = "0";
         defaultConfigurationName = "Release";
      };
      "OBJ_254" = {
         isa = "XCBuildConfiguration";
         buildSettings = {
            LD = "/usr/bin/true";
            OTHER_SWIFT_FLAGS = (
               "-swift-version",
               "5",
               "-I",
               "$(TOOLCHAIN_DIR)/usr/lib/swift/pm/4_2",
               "-target",
               "x86_64-apple-macosx10.10",
               "-sdk",
               "/Applications/Xcode.app/Contents/Developer/Platforms/MacOSX.platform/Developer/SDKs/MacOSX10.14.sdk"
            );
            SWIFT_VERSION = "5.0";
         };
         name = "Debug";
      };
      "OBJ_255" = {
         isa = "XCBuildConfiguration";
         buildSettings = {
            LD = "/usr/bin/true";
            OTHER_SWIFT_FLAGS = (
               "-swift-version",
               "5",
               "-I",
               "$(TOOLCHAIN_DIR)/usr/lib/swift/pm/4_2",
               "-target",
               "x86_64-apple-macosx10.10",
               "-sdk",
               "/Applications/Xcode.app/Contents/Developer/Platforms/MacOSX.platform/Developer/SDKs/MacOSX10.14.sdk"
            );
            SWIFT_VERSION = "5.0";
         };
         name = "Release";
      };
      "OBJ_256" = {
         isa = "PBXSourcesBuildPhase";
         files = (
            "OBJ_257"
         );
      };
      "OBJ_257" = {
         isa = "PBXBuildFile";
         fileRef = "OBJ_6";
      };
      "OBJ_259" = {
         isa = "XCConfigurationList";
         buildConfigurations = (
            "OBJ_260",
            "OBJ_261"
         );
         defaultConfigurationIsVisible = "0";
         defaultConfigurationName = "Release";
      };
      "OBJ_26" = {
         isa = "PBXFileReference";
         path = "PrecedenceGroups.swift";
         sourceTree = "<group>";
      };
      "OBJ_260" = {
         isa = "XCBuildConfiguration";
         buildSettings = {
         };
         name = "Debug";
      };
      "OBJ_261" = {
         isa = "XCBuildConfiguration";
         buildSettings = {
         };
         name = "Release";
      };
      "OBJ_262" = {
         isa = "PBXTargetDependency";
         target = "Sio::SioEffectsTests";
      };
      "OBJ_263" = {
         isa = "PBXTargetDependency";
         target = "Sio::SioTests";
      };
      "OBJ_265" = {
         isa = "PBXTargetDependency";
         target = "Sio::SioValueStoreTests";
      };
      "OBJ_267" = {
         isa = "PBXTargetDependency";
         target = "Sio::SioCodecTests";
      };
      "OBJ_268" = {
         isa = "XCConfigurationList";
         buildConfigurations = (
            "OBJ_269",
            "OBJ_270"
         );
         defaultConfigurationIsVisible = "0";
         defaultConfigurationName = "Release";
      };
      "OBJ_269" = {
         isa = "XCBuildConfiguration";
         buildSettings = {
            CLANG_ENABLE_MODULES = "YES";
            EMBEDDED_CONTENT_CONTAINS_SWIFT = "YES";
            FRAMEWORK_SEARCH_PATHS = (
               "$(inherited)",
               "$(PLATFORM_DIR)/Developer/Library/Frameworks"
            );
            HEADER_SEARCH_PATHS = (
               "$(inherited)"
            );
            INFOPLIST_FILE = "Sio.xcodeproj/SioTests_Info.plist";
            IPHONEOS_DEPLOYMENT_TARGET = "10.0";
            LD_RUNPATH_SEARCH_PATHS = (
               "$(inherited)",
               "@loader_path/../Frameworks",
               "@loader_path/Frameworks"
            );
            MACOSX_DEPLOYMENT_TARGET = "10.11";
            OTHER_CFLAGS = (
               "$(inherited)"
            );
            OTHER_LDFLAGS = (
               "$(inherited)"
            );
            OTHER_SWIFT_FLAGS = (
               "$(inherited)"
            );
            SWIFT_ACTIVE_COMPILATION_CONDITIONS = (
               "$(inherited)"
            );
            SWIFT_VERSION = "5.0";
            TARGET_NAME = "SioTests";
            TVOS_DEPLOYMENT_TARGET = "9.0";
            WATCHOS_DEPLOYMENT_TARGET = "2.0";
         };
         name = "Debug";
      };
      "OBJ_27" = {
         isa = "PBXFileReference";
         path = "Prelude.swift";
         sourceTree = "<group>";
      };
      "OBJ_270" = {
         isa = "XCBuildConfiguration";
         buildSettings = {
            CLANG_ENABLE_MODULES = "YES";
            EMBEDDED_CONTENT_CONTAINS_SWIFT = "YES";
            FRAMEWORK_SEARCH_PATHS = (
               "$(inherited)",
               "$(PLATFORM_DIR)/Developer/Library/Frameworks"
            );
            HEADER_SEARCH_PATHS = (
               "$(inherited)"
            );
            INFOPLIST_FILE = "Sio.xcodeproj/SioTests_Info.plist";
            IPHONEOS_DEPLOYMENT_TARGET = "10.0";
            LD_RUNPATH_SEARCH_PATHS = (
               "$(inherited)",
               "@loader_path/../Frameworks",
               "@loader_path/Frameworks"
            );
            MACOSX_DEPLOYMENT_TARGET = "10.11";
            OTHER_CFLAGS = (
               "$(inherited)"
            );
            OTHER_LDFLAGS = (
               "$(inherited)"
            );
            OTHER_SWIFT_FLAGS = (
               "$(inherited)"
            );
            SWIFT_ACTIVE_COMPILATION_CONDITIONS = (
               "$(inherited)"
            );
            SWIFT_VERSION = "5.0";
            TARGET_NAME = "SioTests";
            TVOS_DEPLOYMENT_TARGET = "9.0";
            WATCHOS_DEPLOYMENT_TARGET = "2.0";
         };
         name = "Release";
      };
      "OBJ_271" = {
         isa = "PBXSourcesBuildPhase";
         files = (
            "OBJ_272",
            "OBJ_273",
            "OBJ_274",
            "OBJ_275",
            "OBJ_276",
            "OBJ_277",
            "OBJ_278",
            "OBJ_279",
            "OBJ_280",
            "OBJ_281",
            "OBJ_282",
            "OBJ_283",
            "OBJ_284",
            "OBJ_285"
         );
      };
      "OBJ_272" = {
         isa = "PBXBuildFile";
         fileRef = "OBJ_104";
      };
      "OBJ_273" = {
         isa = "PBXBuildFile";
         fileRef = "OBJ_105";
      };
      "OBJ_274" = {
         isa = "PBXBuildFile";
         fileRef = "OBJ_106";
      };
      "OBJ_275" = {
         isa = "PBXBuildFile";
         fileRef = "OBJ_107";
      };
      "OBJ_276" = {
         isa = "PBXBuildFile";
         fileRef = "OBJ_108";
      };
      "OBJ_277" = {
         isa = "PBXBuildFile";
         fileRef = "OBJ_109";
      };
      "OBJ_278" = {
         isa = "PBXBuildFile";
         fileRef = "OBJ_110";
      };
      "OBJ_279" = {
         isa = "PBXBuildFile";
         fileRef = "OBJ_111";
      };
      "OBJ_28" = {
         isa = "PBXFileReference";
         path = "Ref.swift";
         sourceTree = "<group>";
      };
      "OBJ_280" = {
         isa = "PBXBuildFile";
         fileRef = "OBJ_112";
      };
      "OBJ_281" = {
         isa = "PBXBuildFile";
         fileRef = "OBJ_113";
      };
      "OBJ_282" = {
         isa = "PBXBuildFile";
         fileRef = "OBJ_114";
      };
      "OBJ_283" = {
         isa = "PBXBuildFile";
         fileRef = "OBJ_115";
      };
      "OBJ_284" = {
         isa = "PBXBuildFile";
         fileRef = "OBJ_116";
      };
      "OBJ_285" = {
         isa = "PBXBuildFile";
         fileRef = "OBJ_117";
      };
      "OBJ_286" = {
         isa = "PBXFrameworksBuildPhase";
         files = (
            "OBJ_287",
            "OBJ_288",
            "OBJ_289"
         );
      };
      "OBJ_287" = {
         isa = "PBXBuildFile";
         fileRef = "Sio::SioValueStore::Product";
      };
      "OBJ_288" = {
         isa = "PBXBuildFile";
         fileRef = "Sio::SioCodec::Product";
      };
      "OBJ_289" = {
         isa = "PBXBuildFile";
         fileRef = "Sio::Sio::Product";
      };
      "OBJ_29" = {
         isa = "PBXFileReference";
         path = "Remove.swift";
         sourceTree = "<group>";
      };
      "OBJ_290" = {
         isa = "PBXTargetDependency";
         target = "Sio::SioValueStore";
      };
      "OBJ_292" = {
         isa = "PBXTargetDependency";
         target = "Sio::SioCodec";
      };
      "OBJ_293" = {
         isa = "PBXTargetDependency";
         target = "Sio::Sio";
      };
      "OBJ_294" = {
         isa = "XCConfigurationList";
         buildConfigurations = (
            "OBJ_295",
            "OBJ_296"
         );
         defaultConfigurationIsVisible = "0";
         defaultConfigurationName = "Release";
      };
      "OBJ_295" = {
         isa = "XCBuildConfiguration";
         buildSettings = {
            ENABLE_TESTABILITY = "YES";
            FRAMEWORK_SEARCH_PATHS = (
               "$(inherited)",
               "$(PLATFORM_DIR)/Developer/Library/Frameworks"
            );
            HEADER_SEARCH_PATHS = (
               "$(inherited)"
            );
            INFOPLIST_FILE = "Sio.xcodeproj/SioValueStore_Info.plist";
            IPHONEOS_DEPLOYMENT_TARGET = "10.0";
            LD_RUNPATH_SEARCH_PATHS = (
               "$(inherited)",
               "$(TOOLCHAIN_DIR)/usr/lib/swift/macosx"
            );
            MACOSX_DEPLOYMENT_TARGET = "10.11";
            OTHER_CFLAGS = (
               "$(inherited)"
            );
            OTHER_LDFLAGS = (
               "$(inherited)"
            );
            OTHER_SWIFT_FLAGS = (
               "$(inherited)"
            );
            PRODUCT_BUNDLE_IDENTIFIER = "SioValueStore";
            PRODUCT_MODULE_NAME = "$(TARGET_NAME:c99extidentifier)";
            PRODUCT_NAME = "$(TARGET_NAME:c99extidentifier)";
            SKIP_INSTALL = "YES";
            SWIFT_ACTIVE_COMPILATION_CONDITIONS = (
               "$(inherited)"
            );
            SWIFT_VERSION = "5.0";
            TARGET_NAME = "SioValueStore";
            TVOS_DEPLOYMENT_TARGET = "9.0";
            WATCHOS_DEPLOYMENT_TARGET = "2.0";
         };
         name = "Debug";
      };
      "OBJ_296" = {
         isa = "XCBuildConfiguration";
         buildSettings = {
            ENABLE_TESTABILITY = "YES";
            FRAMEWORK_SEARCH_PATHS = (
               "$(inherited)",
               "$(PLATFORM_DIR)/Developer/Library/Frameworks"
            );
            HEADER_SEARCH_PATHS = (
               "$(inherited)"
            );
            INFOPLIST_FILE = "Sio.xcodeproj/SioValueStore_Info.plist";
            IPHONEOS_DEPLOYMENT_TARGET = "10.0";
            LD_RUNPATH_SEARCH_PATHS = (
               "$(inherited)",
               "$(TOOLCHAIN_DIR)/usr/lib/swift/macosx"
            );
            MACOSX_DEPLOYMENT_TARGET = "10.11";
            OTHER_CFLAGS = (
               "$(inherited)"
            );
            OTHER_LDFLAGS = (
               "$(inherited)"
            );
            OTHER_SWIFT_FLAGS = (
               "$(inherited)"
            );
            PRODUCT_BUNDLE_IDENTIFIER = "SioValueStore";
            PRODUCT_MODULE_NAME = "$(TARGET_NAME:c99extidentifier)";
            PRODUCT_NAME = "$(TARGET_NAME:c99extidentifier)";
            SKIP_INSTALL = "YES";
            SWIFT_ACTIVE_COMPILATION_CONDITIONS = (
               "$(inherited)"
            );
            SWIFT_VERSION = "5.0";
            TARGET_NAME = "SioValueStore";
            TVOS_DEPLOYMENT_TARGET = "9.0";
            WATCHOS_DEPLOYMENT_TARGET = "2.0";
         };
         name = "Release";
      };
      "OBJ_297" = {
         isa = "PBXSourcesBuildPhase";
         files = (
            "OBJ_298",
            "OBJ_299",
            "OBJ_300",
            "OBJ_301",
            "OBJ_302",
            "OBJ_303",
            "OBJ_304",
            "OBJ_305",
            "OBJ_306",
            "OBJ_307",
            "OBJ_308",
            "OBJ_309",
            "OBJ_310"
         );
      };
      "OBJ_298" = {
         isa = "PBXBuildFile";
         fileRef = "OBJ_79";
      };
      "OBJ_299" = {
         isa = "PBXBuildFile";
         fileRef = "OBJ_80";
      };
      "OBJ_3" = {
         isa = "XCBuildConfiguration";
         buildSettings = {
            CLANG_ENABLE_OBJC_ARC = "YES";
            COMBINE_HIDPI_IMAGES = "YES";
            COPY_PHASE_STRIP = "NO";
            DEBUG_INFORMATION_FORMAT = "dwarf";
            DYLIB_INSTALL_NAME_BASE = "@rpath";
            ENABLE_NS_ASSERTIONS = "YES";
            GCC_OPTIMIZATION_LEVEL = "0";
            GCC_PREPROCESSOR_DEFINITIONS = (
               "$(inherited)",
               "SWIFT_PACKAGE=1",
               "DEBUG=1"
            );
            MACOSX_DEPLOYMENT_TARGET = "10.10";
            ONLY_ACTIVE_ARCH = "YES";
            OTHER_SWIFT_FLAGS = (
               "-DXcode"
            );
            PRODUCT_NAME = "$(TARGET_NAME)";
            SDKROOT = "macosx";
            SUPPORTED_PLATFORMS = (
               "macosx",
               "iphoneos",
               "iphonesimulator",
               "appletvos",
               "appletvsimulator",
               "watchos",
               "watchsimulator"
            );
            SWIFT_ACTIVE_COMPILATION_CONDITIONS = (
               "$(inherited)",
               "SWIFT_PACKAGE",
               "DEBUG"
            );
            SWIFT_OPTIMIZATION_LEVEL = "-Onone";
            USE_HEADERMAP = "NO";
         };
         name = "Debug";
      };
      "OBJ_30" = {
         isa = "PBXFileReference";
         path = "SIO+Adapt.swift";
         sourceTree = "<group>";
      };
      "OBJ_300" = {
         isa = "PBXBuildFile";
         fileRef = "OBJ_81";
      };
      "OBJ_301" = {
         isa = "PBXBuildFile";
         fileRef = "OBJ_82";
      };
      "OBJ_302" = {
         isa = "PBXBuildFile";
         fileRef = "OBJ_83";
      };
      "OBJ_303" = {
         isa = "PBXBuildFile";
         fileRef = "OBJ_84";
      };
      "OBJ_304" = {
         isa = "PBXBuildFile";
         fileRef = "OBJ_85";
      };
      "OBJ_305" = {
         isa = "PBXBuildFile";
         fileRef = "OBJ_86";
      };
      "OBJ_306" = {
         isa = "PBXBuildFile";
         fileRef = "OBJ_87";
      };
      "OBJ_307" = {
         isa = "PBXBuildFile";
         fileRef = "OBJ_88";
      };
      "OBJ_308" = {
         isa = "PBXBuildFile";
         fileRef = "OBJ_89";
      };
      "OBJ_309" = {
         isa = "PBXBuildFile";
         fileRef = "OBJ_90";
      };
      "OBJ_31" = {
         isa = "PBXFileReference";
         path = "SIO+Alt.swift";
         sourceTree = "<group>";
      };
      "OBJ_310" = {
         isa = "PBXBuildFile";
         fileRef = "OBJ_91";
      };
      "OBJ_311" = {
         isa = "PBXFrameworksBuildPhase";
         files = (
            "OBJ_312",
            "OBJ_313"
         );
      };
      "OBJ_312" = {
         isa = "PBXBuildFile";
         fileRef = "Sio::SioCodec::Product";
      };
      "OBJ_313" = {
         isa = "PBXBuildFile";
         fileRef = "Sio::Sio::Product";
      };
      "OBJ_314" = {
         isa = "PBXTargetDependency";
         target = "Sio::SioCodec";
      };
      "OBJ_315" = {
         isa = "PBXTargetDependency";
         target = "Sio::Sio";
      };
      "OBJ_316" = {
         isa = "XCConfigurationList";
         buildConfigurations = (
            "OBJ_317",
            "OBJ_318"
         );
         defaultConfigurationIsVisible = "0";
         defaultConfigurationName = "Release";
      };
      "OBJ_317" = {
         isa = "XCBuildConfiguration";
         buildSettings = {
            CLANG_ENABLE_MODULES = "YES";
            EMBEDDED_CONTENT_CONTAINS_SWIFT = "YES";
            FRAMEWORK_SEARCH_PATHS = (
               "$(inherited)",
               "$(PLATFORM_DIR)/Developer/Library/Frameworks"
            );
            HEADER_SEARCH_PATHS = (
               "$(inherited)"
            );
            INFOPLIST_FILE = "Sio.xcodeproj/SioValueStoreTests_Info.plist";
            IPHONEOS_DEPLOYMENT_TARGET = "10.0";
            LD_RUNPATH_SEARCH_PATHS = (
               "$(inherited)",
               "@loader_path/../Frameworks",
               "@loader_path/Frameworks"
            );
            MACOSX_DEPLOYMENT_TARGET = "10.11";
            OTHER_CFLAGS = (
               "$(inherited)"
            );
            OTHER_LDFLAGS = (
               "$(inherited)"
            );
            OTHER_SWIFT_FLAGS = (
               "$(inherited)"
            );
            SWIFT_ACTIVE_COMPILATION_CONDITIONS = (
               "$(inherited)"
            );
            SWIFT_VERSION = "5.0";
            TARGET_NAME = "SioValueStoreTests";
            TVOS_DEPLOYMENT_TARGET = "9.0";
            WATCHOS_DEPLOYMENT_TARGET = "2.0";
         };
         name = "Debug";
      };
      "OBJ_318" = {
         isa = "XCBuildConfiguration";
         buildSettings = {
            CLANG_ENABLE_MODULES = "YES";
            EMBEDDED_CONTENT_CONTAINS_SWIFT = "YES";
            FRAMEWORK_SEARCH_PATHS = (
               "$(inherited)",
               "$(PLATFORM_DIR)/Developer/Library/Frameworks"
            );
            HEADER_SEARCH_PATHS = (
               "$(inherited)"
            );
            INFOPLIST_FILE = "Sio.xcodeproj/SioValueStoreTests_Info.plist";
            IPHONEOS_DEPLOYMENT_TARGET = "10.0";
            LD_RUNPATH_SEARCH_PATHS = (
               "$(inherited)",
               "@loader_path/../Frameworks",
               "@loader_path/Frameworks"
            );
            MACOSX_DEPLOYMENT_TARGET = "10.11";
            OTHER_CFLAGS = (
               "$(inherited)"
            );
            OTHER_LDFLAGS = (
               "$(inherited)"
            );
            OTHER_SWIFT_FLAGS = (
               "$(inherited)"
            );
            SWIFT_ACTIVE_COMPILATION_CONDITIONS = (
               "$(inherited)"
            );
            SWIFT_VERSION = "5.0";
            TARGET_NAME = "SioValueStoreTests";
            TVOS_DEPLOYMENT_TARGET = "9.0";
            WATCHOS_DEPLOYMENT_TARGET = "2.0";
         };
         name = "Release";
      };
      "OBJ_319" = {
         isa = "PBXSourcesBuildPhase";
         files = (
            "OBJ_320",
            "OBJ_321"
         );
      };
      "OBJ_32" = {
         isa = "PBXFileReference";
         path = "SIO+Applicative.swift";
         sourceTree = "<group>";
      };
      "OBJ_320" = {
         isa = "PBXBuildFile";
         fileRef = "OBJ_119";
      };
      "OBJ_321" = {
         isa = "PBXBuildFile";
         fileRef = "OBJ_120";
      };
      "OBJ_322" = {
         isa = "PBXFrameworksBuildPhase";
         files = (
            "OBJ_323",
            "OBJ_324",
            "OBJ_325"
         );
      };
      "OBJ_323" = {
         isa = "PBXBuildFile";
         fileRef = "Sio::SioValueStore::Product";
      };
      "OBJ_324" = {
         isa = "PBXBuildFile";
         fileRef = "Sio::SioCodec::Product";
      };
      "OBJ_325" = {
         isa = "PBXBuildFile";
         fileRef = "Sio::Sio::Product";
      };
      "OBJ_326" = {
         isa = "PBXTargetDependency";
         target = "Sio::SioValueStore";
      };
      "OBJ_327" = {
         isa = "PBXTargetDependency";
         target = "Sio::SioCodec";
      };
      "OBJ_328" = {
         isa = "PBXTargetDependency";
         target = "Sio::Sio";
      };
      "OBJ_33" = {
         isa = "PBXFileReference";
         path = "SIO+BiFunctor.swift";
         sourceTree = "<group>";
      };
      "OBJ_34" = {
         isa = "PBXFileReference";
         path = "SIO+BiMonad.swift";
         sourceTree = "<group>";
      };
      "OBJ_35" = {
         isa = "PBXFileReference";
         path = "SIO+Bracket.swift";
         sourceTree = "<group>";
      };
      "OBJ_36" = {
         isa = "PBXFileReference";
         path = "SIO+Contravariant.swift";
         sourceTree = "<group>";
      };
      "OBJ_37" = {
         isa = "PBXFileReference";
         path = "SIO+Creation.swift";
         sourceTree = "<group>";
      };
      "OBJ_38" = {
         isa = "PBXFileReference";
         path = "SIO+Delay.swift";
         sourceTree = "<group>";
      };
      "OBJ_39" = {
         isa = "PBXFileReference";
         path = "SIO+Effects.swift";
         sourceTree = "<group>";
      };
      "OBJ_4" = {
         isa = "XCBuildConfiguration";
         buildSettings = {
            CLANG_ENABLE_OBJC_ARC = "YES";
            COMBINE_HIDPI_IMAGES = "YES";
            COPY_PHASE_STRIP = "YES";
            DEBUG_INFORMATION_FORMAT = "dwarf-with-dsym";
            DYLIB_INSTALL_NAME_BASE = "@rpath";
            GCC_OPTIMIZATION_LEVEL = "s";
            GCC_PREPROCESSOR_DEFINITIONS = (
               "$(inherited)",
               "SWIFT_PACKAGE=1"
            );
            MACOSX_DEPLOYMENT_TARGET = "10.10";
            OTHER_SWIFT_FLAGS = (
               "-DXcode"
            );
            PRODUCT_NAME = "$(TARGET_NAME)";
            SDKROOT = "macosx";
            SUPPORTED_PLATFORMS = (
               "macosx",
               "iphoneos",
               "iphonesimulator",
               "appletvos",
               "appletvsimulator",
               "watchos",
               "watchsimulator"
            );
            SWIFT_ACTIVE_COMPILATION_CONDITIONS = (
               "$(inherited)",
               "SWIFT_PACKAGE"
            );
            SWIFT_OPTIMIZATION_LEVEL = "-Owholemodule";
            USE_HEADERMAP = "NO";
         };
         name = "Release";
      };
      "OBJ_40" = {
         isa = "PBXFileReference";
         path = "SIO+Either.swift";
         sourceTree = "<group>";
      };
      "OBJ_41" = {
         isa = "PBXFileReference";
         path = "SIO+Error.swift";
         sourceTree = "<group>";
      };
      "OBJ_42" = {
         isa = "PBXFileReference";
         path = "SIO+Events.swift";
         sourceTree = "<group>";
      };
      "OBJ_43" = {
         isa = "PBXFileReference";
         path = "SIO+Flip.swift";
         sourceTree = "<group>";
      };
      "OBJ_44" = {
         isa = "PBXFileReference";
         path = "SIO+Fold.swift";
         sourceTree = "<group>";
      };
      "OBJ_45" = {
         isa = "PBXFileReference";
         path = "SIO+Functor.swift";
         sourceTree = "<group>";
      };
      "OBJ_46" = {
         isa = "PBXFileReference";
         path = "SIO+Monad.swift";
         sourceTree = "<group>";
      };
      "OBJ_47" = {
         isa = "PBXFileReference";
         path = "SIO+Optional.swift";
         sourceTree = "<group>";
      };
      "OBJ_48" = {
         isa = "PBXFileReference";
         path = "SIO+Profunctor.swift";
         sourceTree = "<group>";
      };
      "OBJ_49" = {
         isa = "PBXFileReference";
         path = "SIO+Race.swift";
         sourceTree = "<group>";
      };
      "OBJ_5" = {
         isa = "PBXGroup";
         children = (
            "OBJ_6",
            "OBJ_7",
            "OBJ_92",
            "OBJ_121",
            "OBJ_130",
            "OBJ_131",
            "OBJ_132",
            "OBJ_133",
            "OBJ_134"
         );
         path = "";
         sourceTree = "<group>";
      };
      "OBJ_50" = {
         isa = "PBXFileReference";
         path = "SIO+Ref.swift";
         sourceTree = "<group>";
      };
      "OBJ_51" = {
         isa = "PBXFileReference";
         path = "SIO+Requirements.swift";
         sourceTree = "<group>";
      };
      "OBJ_52" = {
         isa = "PBXFileReference";
         path = "SIO+Result.swift";
         sourceTree = "<group>";
      };
      "OBJ_53" = {
         isa = "PBXFileReference";
         path = "SIO+Retry.swift";
         sourceTree = "<group>";
      };
      "OBJ_54" = {
         isa = "PBXFileReference";
         path = "SIO+Run.swift";
         sourceTree = "<group>";
      };
      "OBJ_55" = {
         isa = "PBXFileReference";
         path = "SIO+Schedule.swift";
         sourceTree = "<group>";
      };
      "OBJ_56" = {
         isa = "PBXFileReference";
         path = "SIO+Tap.swift";
         sourceTree = "<group>";
      };
      "OBJ_57" = {
         isa = "PBXFileReference";
         path = "SIO+Timeout.swift";
         sourceTree = "<group>";
      };
      "OBJ_58" = {
         isa = "PBXFileReference";
         path = "SIO+Typealias.swift";
         sourceTree = "<group>";
      };
      "OBJ_59" = {
         isa = "PBXFileReference";
         path = "SIO+Zip.swift";
         sourceTree = "<group>";
      };
      "OBJ_6" = {
         isa = "PBXFileReference";
         explicitFileType = "sourcecode.swift";
         path = "Package.swift";
         sourceTree = "<group>";
      };
      "OBJ_60" = {
         isa = "PBXFileReference";
         path = "SIO.swift";
         sourceTree = "<group>";
      };
      "OBJ_61" = {
         isa = "PBXFileReference";
         path = "SIOError.swift";
         sourceTree = "<group>";
      };
      "OBJ_62" = {
         isa = "PBXFileReference";
         path = "SyncValue.swift";
         sourceTree = "<group>";
      };
      "OBJ_63" = {
         isa = "PBXGroup";
         children = (
            "OBJ_64",
            "OBJ_65",
            "OBJ_66",
            "OBJ_67",
            "OBJ_68",
            "OBJ_69",
            "OBJ_70"
         );
         name = "SioCodec";
         path = "Sources/SioCodec";
         sourceTree = "SOURCE_ROOT";
      };
      "OBJ_64" = {
         isa = "PBXFileReference";
         path = "Codec+Base64.swift";
         sourceTree = "<group>";
      };
      "OBJ_65" = {
         isa = "PBXFileReference";
         path = "Codec+Data.swift";
         sourceTree = "<group>";
      };
      "OBJ_66" = {
         isa = "PBXFileReference";
         path = "Codec+Int.swift";
         sourceTree = "<group>";
      };
      "OBJ_67" = {
         isa = "PBXFileReference";
         path = "Codec+Iso.swift";
         sourceTree = "<group>";
      };
      "OBJ_68" = {
         isa = "PBXFileReference";
         path = "Codec+JSON.swift";
         sourceTree = "<group>";
      };
      "OBJ_69" = {
         isa = "PBXFileReference";
         path = "Codec.swift";
         sourceTree = "<group>";
      };
      "OBJ_7" = {
         isa = "PBXGroup";
         children = (
            "OBJ_8",
            "OBJ_63",
            "OBJ_71",
            "OBJ_78"
         );
         name = "Sources";
         path = "";
         sourceTree = "SOURCE_ROOT";
      };
      "OBJ_70" = {
         isa = "PBXFileReference";
         path = "SIO+Codec.swift";
         sourceTree = "<group>";
      };
      "OBJ_71" = {
         isa = "PBXGroup";
         children = (
            "OBJ_72",
            "OBJ_73",
            "OBJ_74",
            "OBJ_75",
            "OBJ_76",
            "OBJ_77"
         );
         name = "SioEffects";
         path = "Sources/SioEffects";
         sourceTree = "SOURCE_ROOT";
      };
      "OBJ_72" = {
         isa = "PBXFileReference";
         path = "AnyRandomNumberGenerator.swift";
         sourceTree = "<group>";
      };
      "OBJ_73" = {
         isa = "PBXFileReference";
         path = "LCRNG.swift";
         sourceTree = "<group>";
      };
      "OBJ_74" = {
         isa = "PBXFileReference";
         path = "SIO+Console.swift";
         sourceTree = "<group>";
      };
      "OBJ_75" = {
         isa = "PBXFileReference";
         path = "SIO+Date.swift";
         sourceTree = "<group>";
      };
      "OBJ_76" = {
         isa = "PBXFileReference";
         path = "SIO+FS.swift";
         sourceTree = "<group>";
      };
      "OBJ_77" = {
         isa = "PBXFileReference";
         path = "SIO+Random.swift";
         sourceTree = "<group>";
      };
      "OBJ_78" = {
         isa = "PBXGroup";
         children = (
            "OBJ_79",
            "OBJ_80",
            "OBJ_81",
            "OBJ_82",
            "OBJ_83",
            "OBJ_84",
            "OBJ_85",
            "OBJ_86",
            "OBJ_87",
            "OBJ_88",
            "OBJ_89",
            "OBJ_90",
            "OBJ_91"
         );
         name = "SioValueStore";
         path = "Sources/SioValueStore";
         sourceTree = "SOURCE_ROOT";
      };
      "OBJ_79" = {
         isa = "PBXFileReference";
         path = "ValueStore+Array.swift";
         sourceTree = "<group>";
      };
      "OBJ_8" = {
         isa = "PBXGroup";
         children = (
            "OBJ_9",
            "OBJ_10",
            "OBJ_11",
            "OBJ_12",
            "OBJ_13",
            "OBJ_14",
            "OBJ_15",
            "OBJ_16",
            "OBJ_17",
            "OBJ_18",
            "OBJ_19",
            "OBJ_20",
            "OBJ_21",
            "OBJ_22",
            "OBJ_23",
            "OBJ_24",
            "OBJ_25",
            "OBJ_26",
            "OBJ_27",
            "OBJ_28",
            "OBJ_29",
            "OBJ_30",
            "OBJ_31",
            "OBJ_32",
            "OBJ_33",
            "OBJ_34",
            "OBJ_35",
            "OBJ_36",
            "OBJ_37",
            "OBJ_38",
            "OBJ_39",
            "OBJ_40",
            "OBJ_41",
            "OBJ_42",
            "OBJ_43",
            "OBJ_44",
            "OBJ_45",
            "OBJ_46",
            "OBJ_47",
            "OBJ_48",
            "OBJ_49",
            "OBJ_50",
            "OBJ_51",
            "OBJ_52",
            "OBJ_53",
            "OBJ_54",
            "OBJ_55",
            "OBJ_56",
            "OBJ_57",
            "OBJ_58",
            "OBJ_59",
            "OBJ_60",
            "OBJ_61",
            "OBJ_62"
         );
         name = "Sio";
         path = "Sources/Sio";
         sourceTree = "SOURCE_ROOT";
      };
      "OBJ_80" = {
         isa = "PBXFileReference";
         path = "ValueStore+Codec.swift";
         sourceTree = "<group>";
      };
      "OBJ_81" = {
         isa = "PBXFileReference";
         path = "ValueStore+Creation.swift";
         sourceTree = "<group>";
      };
      "OBJ_82" = {
         isa = "PBXFileReference";
         path = "ValueStore+Error.swift";
         sourceTree = "<group>";
      };
      "OBJ_83" = {
         isa = "PBXFileReference";
         path = "ValueStore+Iso.swift";
         sourceTree = "<group>";
      };
      "OBJ_84" = {
         isa = "PBXFileReference";
         path = "ValueStore+Optional.swift";
         sourceTree = "<group>";
      };
      "OBJ_85" = {
         isa = "PBXFileReference";
         path = "ValueStore+Profunctor.swift";
         sourceTree = "<group>";
      };
      "OBJ_86" = {
         isa = "PBXFileReference";
         path = "ValueStore+Typealias.swift";
         sourceTree = "<group>";
      };
      "OBJ_87" = {
         isa = "PBXFileReference";
         path = "ValueStore+UserDefaults.swift";
         sourceTree = "<group>";
      };
      "OBJ_88" = {
         isa = "PBXFileReference";
         path = "ValueStore+Utils.swift";
         sourceTree = "<group>";
      };
      "OBJ_89" = {
         isa = "PBXFileReference";
         path = "ValueStore+Zip.swift";
         sourceTree = "<group>";
      };
      "OBJ_9" = {
         isa = "PBXFileReference";
         path = "Array+SIO.swift";
         sourceTree = "<group>";
      };
      "OBJ_90" = {
         isa = "PBXFileReference";
         path = "ValueStore.swift";
         sourceTree = "<group>";
      };
      "OBJ_91" = {
         isa = "PBXFileReference";
         path = "ValueStoreError.swift";
         sourceTree = "<group>";
      };
      "OBJ_92" = {
         isa = "PBXGroup";
         children = (
            "OBJ_93",
            "OBJ_100",
            "OBJ_103",
            "OBJ_118"
         );
         name = "Tests";
         path = "";
         sourceTree = "SOURCE_ROOT";
      };
      "OBJ_93" = {
         isa = "PBXGroup";
         children = (
            "OBJ_94",
            "OBJ_95",
            "OBJ_96",
            "OBJ_97",
            "OBJ_98",
            "OBJ_99"
         );
         name = "SioCodecTests";
         path = "Tests/SioCodecTests";
         sourceTree = "SOURCE_ROOT";
      };
      "OBJ_94" = {
         isa = "PBXFileReference";
         path = "SIOCodecBase64Tests.swift";
         sourceTree = "<group>";
      };
      "OBJ_95" = {
         isa = "PBXFileReference";
         path = "SIOCodecUTF8Tests.swift";
         sourceTree = "<group>";
      };
      "OBJ_96" = {
         isa = "PBXFileReference";
         path = "SioCodecIntTests.swift";
         sourceTree = "<group>";
      };
      "OBJ_97" = {
         isa = "PBXFileReference";
         path = "SioCodecJSONTests.swift";
         sourceTree = "<group>";
      };
      "OBJ_98" = {
         isa = "PBXFileReference";
         path = "SioCodecSIOTests.swift";
         sourceTree = "<group>";
      };
      "OBJ_99" = {
         isa = "PBXFileReference";
         path = "SioCodecTests.swift";
         sourceTree = "<group>";
      };
      "Sio::Sio" = {
         isa = "PBXNativeTarget";
         buildConfigurationList = "OBJ_136";
         buildPhases = (
            "OBJ_139",
            "OBJ_194"
         );
         dependencies = (
         );
         name = "Sio";
         productName = "Sio";
         productReference = "Sio::Sio::Product";
         productType = "com.apple.product-type.framework";
      };
      "Sio::Sio::Product" = {
         isa = "PBXFileReference";
         path = "Sio.framework";
         sourceTree = "BUILT_PRODUCTS_DIR";
      };
      "Sio::SioCodec" = {
         isa = "PBXNativeTarget";
         buildConfigurationList = "OBJ_196";
         buildPhases = (
            "OBJ_199",
            "OBJ_207"
         );
         dependencies = (
            "OBJ_209"
         );
         name = "SioCodec";
         productName = "SioCodec";
         productReference = "Sio::SioCodec::Product";
         productType = "com.apple.product-type.framework";
      };
      "Sio::SioCodec::Product" = {
         isa = "PBXFileReference";
         path = "SioCodec.framework";
         sourceTree = "BUILT_PRODUCTS_DIR";
      };
      "Sio::SioCodecTests" = {
         isa = "PBXNativeTarget";
         buildConfigurationList = "OBJ_211";
         buildPhases = (
            "OBJ_214",
            "OBJ_221"
         );
         dependencies = (
            "OBJ_224",
            "OBJ_225"
         );
         name = "SioCodecTests";
         productName = "SioCodecTests";
         productReference = "Sio::SioCodecTests::Product";
         productType = "com.apple.product-type.bundle.unit-test";
      };
      "Sio::SioCodecTests::Product" = {
         isa = "PBXFileReference";
         path = "SioCodecTests.xctest";
         sourceTree = "BUILT_PRODUCTS_DIR";
      };
      "Sio::SioEffects" = {
         isa = "PBXNativeTarget";
         buildConfigurationList = "OBJ_227";
         buildPhases = (
            "OBJ_230",
            "OBJ_237"
         );
         dependencies = (
            "OBJ_239"
         );
         name = "SioEffects";
         productName = "SioEffects";
         productReference = "Sio::SioEffects::Product";
         productType = "com.apple.product-type.framework";
      };
      "Sio::SioEffects::Product" = {
         isa = "PBXFileReference";
         path = "SioEffects.framework";
         sourceTree = "BUILT_PRODUCTS_DIR";
      };
      "Sio::SioEffectsTests" = {
         isa = "PBXNativeTarget";
         buildConfigurationList = "OBJ_241";
         buildPhases = (
            "OBJ_244",
            "OBJ_247"
         );
         dependencies = (
            "OBJ_250",
            "OBJ_251"
         );
         name = "SioEffectsTests";
         productName = "SioEffectsTests";
         productReference = "Sio::SioEffectsTests::Product";
         productType = "com.apple.product-type.bundle.unit-test";
      };
      "Sio::SioEffectsTests::Product" = {
         isa = "PBXFileReference";
         path = "SioEffectsTests.xctest";
         sourceTree = "BUILT_PRODUCTS_DIR";
      };
      "Sio::SioPackageTests::ProductTarget" = {
         isa = "PBXAggregateTarget";
         buildConfigurationList = "OBJ_259";
         buildPhases = (
         );
         dependencies = (
            "OBJ_262",
            "OBJ_263",
            "OBJ_265",
            "OBJ_267"
         );
         name = "SioPackageTests";
         productName = "SioPackageTests";
      };
      "Sio::SioTests" = {
         isa = "PBXNativeTarget";
         buildConfigurationList = "OBJ_268";
         buildPhases = (
            "OBJ_271",
            "OBJ_286"
         );
         dependencies = (
            "OBJ_290",
            "OBJ_292",
            "OBJ_293"
         );
         name = "SioTests";
         productName = "SioTests";
         productReference = "Sio::SioTests::Product";
         productType = "com.apple.product-type.bundle.unit-test";
      };
      "Sio::SioTests::Product" = {
         isa = "PBXFileReference";
         path = "SioTests.xctest";
         sourceTree = "BUILT_PRODUCTS_DIR";
      };
      "Sio::SioValueStore" = {
         isa = "PBXNativeTarget";
         buildConfigurationList = "OBJ_294";
         buildPhases = (
            "OBJ_297",
            "OBJ_311"
         );
         dependencies = (
            "OBJ_314",
            "OBJ_315"
         );
         name = "SioValueStore";
         productName = "SioValueStore";
         productReference = "Sio::SioValueStore::Product";
         productType = "com.apple.product-type.framework";
      };
      "Sio::SioValueStore::Product" = {
         isa = "PBXFileReference";
         path = "SioValueStore.framework";
         sourceTree = "BUILT_PRODUCTS_DIR";
      };
      "Sio::SioValueStoreTests" = {
         isa = "PBXNativeTarget";
         buildConfigurationList = "OBJ_316";
         buildPhases = (
            "OBJ_319",
            "OBJ_322"
         );
         dependencies = (
            "OBJ_326",
            "OBJ_327",
            "OBJ_328"
         );
         name = "SioValueStoreTests";
         productName = "SioValueStoreTests";
         productReference = "Sio::SioValueStoreTests::Product";
         productType = "com.apple.product-type.bundle.unit-test";
      };
      "Sio::SioValueStoreTests::Product" = {
         isa = "PBXFileReference";
         path = "SioValueStoreTests.xctest";
         sourceTree = "BUILT_PRODUCTS_DIR";
      };
      "Sio::SwiftPMPackageDescription" = {
         isa = "PBXNativeTarget";
         buildConfigurationList = "OBJ_253";
         buildPhases = (
            "OBJ_256"
         );
         dependencies = (
         );
         name = "SioPackageDescription";
         productName = "SioPackageDescription";
         productType = "com.apple.product-type.framework";
      };
   };
   rootObject = "OBJ_1";
}
